
Microsoft Visual Studio Solution File, Format Version 12.00
# Visual Studio Version 16
VisualStudioVersion = 16.0.31424.327
MinimumVisualStudioVersion = 10.0.40219.1
Project("{FAE04EC0-301F-11D3-BF4B-00C04F79EFBC}") = "lesson2_2", "lesson2_2\lesson2_2.csproj", "{62703013-01F8-473E-8CFF-7634AB885B9F}"
EndProject
Global
	GlobalSection(SolutionConfigurationPlatforms) = preSolution
		Debug|Any CPU = Debug|Any CPU
		Release|Any CPU = Release|Any CPU
	EndGlobalSection
	GlobalSection(ProjectConfigurationPlatforms) = postSolution
		{62703013-01F8-473E-8CFF-7634AB885B9F}.Debug|Any CPU.ActiveCfg = Debug|Any CPU
		{62703013-01F8-473E-8CFF-7634AB885B9F}.Debug|Any CPU.Build.0 = Debug|Any CPU
		{62703013-01F8-473E-8CFF-7634AB885B9F}.Release|Any CPU.ActiveCfg = Release|Any CPU
		{62703013-01F8-473E-8CFF-7634AB885B9F}.Release|Any CPU.Build.0 = Release|Any CPU
	EndGlobalSection
	GlobalSection(SolutionProperties) = preSolution
		HideSolutionNode = FALSE
	EndGlobalSection
	GlobalSection(ExtensibilityGlobals) = postSolution
		SolutionGuid = {5C3C7CA6-66E7-4B7D-AE95-DF3BA97B9942}
	EndGlobalSection
EndGlobal
