
Microsoft Visual Studio Solution File, Format Version 12.00
# Visual Studio Version 16
VisualStudioVersion = 16.0.32901.84
MinimumVisualStudioVersion = 10.0.40219.1
Project("{FAE04EC0-301F-11D3-BF4B-00C04F79EFBC}") = "Lesson_1", "Lesson_1\Lesson_1.csproj", "{55803B96-51C6-4EE3-B965-BEEF0C789516}"
EndProject
Project("{FAE04EC0-301F-11D3-BF4B-00C04F79EFBC}") = "Lesson_2", "Lesson_2\Lesson_2.csproj", "{C98711AB-3BA1-4909-A70F-ECE185570FD4}"
EndProject
Global
	GlobalSection(SolutionConfigurationPlatforms) = preSolution
		Debug|Any CPU = Debug|Any CPU
		Release|Any CPU = Release|Any CPU
	EndGlobalSection
	GlobalSection(ProjectConfigurationPlatforms) = postSolution
		{55803B96-51C6-4EE3-B965-BEEF0C789516}.Debug|Any CPU.ActiveCfg = Debug|Any CPU
		{55803B96-51C6-4EE3-B965-BEEF0C789516}.Debug|Any CPU.Build.0 = Debug|Any CPU
		{55803B96-51C6-4EE3-B965-BEEF0C789516}.Release|Any CPU.ActiveCfg = Release|Any CPU
		{55803B96-51C6-4EE3-B965-BEEF0C789516}.Release|Any CPU.Build.0 = Release|Any CPU
		{C98711AB-3BA1-4909-A70F-ECE185570FD4}.Debug|Any CPU.ActiveCfg = Debug|Any CPU
		{C98711AB-3BA1-4909-A70F-ECE185570FD4}.Debug|Any CPU.Build.0 = Debug|Any CPU
		{C98711AB-3BA1-4909-A70F-ECE185570FD4}.Release|Any CPU.ActiveCfg = Release|Any CPU
		{C98711AB-3BA1-4909-A70F-ECE185570FD4}.Release|Any CPU.Build.0 = Release|Any CPU
	EndGlobalSection
	GlobalSection(SolutionProperties) = preSolution
		HideSolutionNode = FALSE
	EndGlobalSection
	GlobalSection(ExtensibilityGlobals) = postSolution
		SolutionGuid = {DD6A680D-B5CF-4C68-A529-271368242F7C}
	EndGlobalSection
EndGlobal
