
Microsoft Visual Studio Solution File, Format Version 12.00
# Visual Studio Version 17
VisualStudioVersion = 17.3.32901.215
MinimumVisualStudioVersion = 10.0.40219.1
Project("{9A19103F-16F7-4668-BE54-9A1E7A4F7556}") = "001_Lesson", "Lesson_1\001_Lesson.csproj", "{C7E56110-03B5-48CA-8055-EA54EAE7CC45}"
EndProject
Project("{9A19103F-16F7-4668-BE54-9A1E7A4F7556}") = "002_Lesson", "Lesson_2\002_Lesson.csproj", "{16FE6AB8-8677-492D-B5B3-A93204E26287}"
EndProject
Project("{9A19103F-16F7-4668-BE54-9A1E7A4F7556}") = "003_Lesson", "Lesson_3\003_Lesson.csproj", "{74F6F536-3E1E-4682-AC96-B4BC4A593558}"
EndProject
Project("{9A19103F-16F7-4668-BE54-9A1E7A4F7556}") = "004_Lesson", "Lesson_4\004_Lesson.csproj", "{EB8D7A34-A8FC-48CB-B772-7428469F1955}"
EndProject
Project("{9A19103F-16F7-4668-BE54-9A1E7A4F7556}") = "005_Lesson", "Lesson_5\005_Lesson.csproj", "{1185B672-31FA-4671-8DCB-EBE0FE6C8B15}"
EndProject
Project("{9A19103F-16F7-4668-BE54-9A1E7A4F7556}") = "006_Lesson", "Lesson_6\006_Lesson.csproj", "{21879D8A-BAE4-4F69-ACAA-AA875BE09EAD}"
EndProject
Project("{FAE04EC0-301F-11D3-BF4B-00C04F79EFBC}") = "007_Lesson", "Lesson_7\007_Lesson.csproj", "{AC85779D-0F83-4C33-91FD-17DF2A87887E}"
EndProject
Project("{FAE04EC0-301F-11D3-BF4B-00C04F79EFBC}") = "008_Lesson", "Lesson_8\008_Lesson.csproj", "{1E10EAB1-4543-46A7-B18B-BBE04E8ADAF2}"
EndProject
Project("{FAE04EC0-301F-11D3-BF4B-00C04F79EFBC}") = "009_Lesson", "Lesson_9\009_Lesson.csproj", "{721DDD7B-D220-4684-B407-D68FC0656D23}"
EndProject
Project("{FAE04EC0-301F-11D3-BF4B-00C04F79EFBC}") = "010_Lesson", "Lesson_10\010_Lesson.csproj", "{80E34265-CB23-4664-8153-DBF053EDB8B6}"
EndProject
Project("{FAE04EC0-301F-11D3-BF4B-00C04F79EFBC}") = "011_Lesson", "Lesson_11\011_Lesson.csproj", "{35457C5C-D4E4-4DFF-948E-CC2AECA0E29A}"
EndProject
Project("{FAE04EC0-301F-11D3-BF4B-00C04F79EFBC}") = "012_LogicalOperations", "012_LogicalOperations\012_LogicalOperations.csproj", "{A7623D50-7F4E-4DAA-B70D-8B0E0C48B485}"
EndProject
Project("{FAE04EC0-301F-11D3-BF4B-00C04F79EFBC}") = "013_LogicalOperations", "013_LogicalOperations\013_LogicalOperations.csproj", "{F7125608-EE13-4159-89AB-A3EB3F2C221B}"
EndProject
Project("{FAE04EC0-301F-11D3-BF4B-00C04F79EFBC}") = "014_Bit", "014_Bit\014_Bit.csproj", "{2974B976-11FD-4FC3-A227-4E9214071082}"
EndProject
Project("{FAE04EC0-301F-11D3-BF4B-00C04F79EFBC}") = "015_Variable", "015_Variable\015_Variable.csproj", "{66D90771-3171-455A-90F1-F6CDEEF00907}"
EndProject
Project("{FAE04EC0-301F-11D3-BF4B-00C04F79EFBC}") = "MyCTest", "MyCTest\MyCTest.csproj", "{F9711338-FC4C-404B-8989-72EF74CB284A}"
EndProject
Project("{FAE04EC0-301F-11D3-BF4B-00C04F79EFBC}") = "016_Scope", "016_Scope\016_Scope.csproj", "{7C4BC318-9F08-42E2-8FF7-F0A66694BE67}"
EndProject
Project("{FAE04EC0-301F-11D3-BF4B-00C04F79EFBC}") = "015_VariableTests1", "015_VariableTests1\015_VariableTests1.csproj", "{98A91D04-A650-49E0-A1A0-0F7F5D407D40}"
EndProject
Project("{FAE04EC0-301F-11D3-BF4B-00C04F79EFBC}") = "017_WinOpportunity", "017_WinOpportunity\017_WinOpportunity.csproj", "{81F091A1-8001-4E0C-9403-13C85A42A77E}"
EndProject
Project("{FAE04EC0-301F-11D3-BF4B-00C04F79EFBC}") = "018_Checked", "017_Checked\018_Checked.csproj", "{07E41EB9-9486-41A2-A036-B6BF0DE103EF}"
EndProject
Project("{FAE04EC0-301F-11D3-BF4B-00C04F79EFBC}") = "019_Unchecked", "019_Unchecked\019_Unchecked.csproj", "{79EC7A1E-F1C7-41FD-ACF3-EE5F45EC6E55}"
EndProject
Project("{FAE04EC0-301F-11D3-BF4B-00C04F79EFBC}") = "020_Constant", "020_Constant\020_Constant.csproj", "{40272481-C71D-4F87-A955-C262174FEBD3}"
EndProject
Project("{FAE04EC0-301F-11D3-BF4B-00C04F79EFBC}") = "013_LogicalOperationsTests", "013_LogicalOperationsTests\013_LogicalOperationsTests.csproj", "{210A37A7-C142-4080-BEF7-70E1DAFC22AB}"
EndProject
Project("{FAE04EC0-301F-11D3-BF4B-00C04F79EFBC}") = "021_If", "021_If\021_If.csproj", "{C85C65B9-007D-4081-9D6B-FADC5D77CAEE}"
EndProject
Project("{FAE04EC0-301F-11D3-BF4B-00C04F79EFBC}") = "022_ImageAndDifficult", "022_ImageAndDifficult\022_ImageAndDifficult.csproj", "{A2A046E3-0055-4A8A-891F-191B0E1B05E6}"
EndProject
Project("{FAE04EC0-301F-11D3-BF4B-00C04F79EFBC}") = "022_TernaryOperator", "022_TernaryOperator\022_TernaryOperator.csproj", "{C50FD563-141B-401B-BFEE-95FCE9959D55}"
EndProject
Project("{FAE04EC0-301F-11D3-BF4B-00C04F79EFBC}") = "023_While", "023_While\023_While.csproj", "{FB073E18-58AA-43E0-BE13-056BD7E71FB2}"
EndProject
Project("{FAE04EC0-301F-11D3-BF4B-00C04F79EFBC}") = "024_Arrays", "024_Arrays\024_Arrays.csproj", "{479BAF4D-3E3D-41EB-9D05-73F32F56B292}"
EndProject
Project("{FAE04EC0-301F-11D3-BF4B-00C04F79EFBC}") = "025_RawMaterialPlanning", "025_RawMaterialPlanning\025_RawMaterialPlanning.csproj", "{B22FF3B3-8354-4F8A-9966-F523CDE50734}"
EndProject
Project("{FAE04EC0-301F-11D3-BF4B-00C04F79EFBC}") = "026_RawMaterialPlanning", "026_RawMaterialPlanning\026_RawMaterialPlanning.csproj", "{54D10AFF-0EAC-465B-9800-F20EACA80649}"
EndProject
Project("{FAE04EC0-301F-11D3-BF4B-00C04F79EFBC}") = "027_Distribution", "027_Distribution\027_Distribution.csproj", "{DCB4611E-6280-47A9-B14E-403775062588}"
EndProject
Global
	GlobalSection(SolutionConfigurationPlatforms) = preSolution
		Debug|Any CPU = Debug|Any CPU
		Release|Any CPU = Release|Any CPU
	EndGlobalSection
	GlobalSection(ProjectConfigurationPlatforms) = postSolution
		{C7E56110-03B5-48CA-8055-EA54EAE7CC45}.Debug|Any CPU.ActiveCfg = Debug|Any CPU
		{C7E56110-03B5-48CA-8055-EA54EAE7CC45}.Debug|Any CPU.Build.0 = Debug|Any CPU
		{C7E56110-03B5-48CA-8055-EA54EAE7CC45}.Release|Any CPU.ActiveCfg = Release|Any CPU
		{C7E56110-03B5-48CA-8055-EA54EAE7CC45}.Release|Any CPU.Build.0 = Release|Any CPU
		{16FE6AB8-8677-492D-B5B3-A93204E26287}.Debug|Any CPU.ActiveCfg = Debug|Any CPU
		{16FE6AB8-8677-492D-B5B3-A93204E26287}.Debug|Any CPU.Build.0 = Debug|Any CPU
		{16FE6AB8-8677-492D-B5B3-A93204E26287}.Release|Any CPU.ActiveCfg = Release|Any CPU
		{16FE6AB8-8677-492D-B5B3-A93204E26287}.Release|Any CPU.Build.0 = Release|Any CPU
		{74F6F536-3E1E-4682-AC96-B4BC4A593558}.Debug|Any CPU.ActiveCfg = Debug|Any CPU
		{74F6F536-3E1E-4682-AC96-B4BC4A593558}.Debug|Any CPU.Build.0 = Debug|Any CPU
		{74F6F536-3E1E-4682-AC96-B4BC4A593558}.Release|Any CPU.ActiveCfg = Release|Any CPU
		{74F6F536-3E1E-4682-AC96-B4BC4A593558}.Release|Any CPU.Build.0 = Release|Any CPU
		{EB8D7A34-A8FC-48CB-B772-7428469F1955}.Debug|Any CPU.ActiveCfg = Debug|Any CPU
		{EB8D7A34-A8FC-48CB-B772-7428469F1955}.Debug|Any CPU.Build.0 = Debug|Any CPU
		{EB8D7A34-A8FC-48CB-B772-7428469F1955}.Release|Any CPU.ActiveCfg = Release|Any CPU
		{EB8D7A34-A8FC-48CB-B772-7428469F1955}.Release|Any CPU.Build.0 = Release|Any CPU
		{1185B672-31FA-4671-8DCB-EBE0FE6C8B15}.Debug|Any CPU.ActiveCfg = Debug|Any CPU
		{1185B672-31FA-4671-8DCB-EBE0FE6C8B15}.Debug|Any CPU.Build.0 = Debug|Any CPU
		{1185B672-31FA-4671-8DCB-EBE0FE6C8B15}.Release|Any CPU.ActiveCfg = Release|Any CPU
		{1185B672-31FA-4671-8DCB-EBE0FE6C8B15}.Release|Any CPU.Build.0 = Release|Any CPU
		{21879D8A-BAE4-4F69-ACAA-AA875BE09EAD}.Debug|Any CPU.ActiveCfg = Debug|Any CPU
		{21879D8A-BAE4-4F69-ACAA-AA875BE09EAD}.Debug|Any CPU.Build.0 = Debug|Any CPU
		{21879D8A-BAE4-4F69-ACAA-AA875BE09EAD}.Release|Any CPU.ActiveCfg = Release|Any CPU
		{21879D8A-BAE4-4F69-ACAA-AA875BE09EAD}.Release|Any CPU.Build.0 = Release|Any CPU
		{AC85779D-0F83-4C33-91FD-17DF2A87887E}.Debug|Any CPU.ActiveCfg = Debug|Any CPU
		{AC85779D-0F83-4C33-91FD-17DF2A87887E}.Debug|Any CPU.Build.0 = Debug|Any CPU
		{AC85779D-0F83-4C33-91FD-17DF2A87887E}.Release|Any CPU.ActiveCfg = Release|Any CPU
		{AC85779D-0F83-4C33-91FD-17DF2A87887E}.Release|Any CPU.Build.0 = Release|Any CPU
		{1E10EAB1-4543-46A7-B18B-BBE04E8ADAF2}.Debug|Any CPU.ActiveCfg = Debug|Any CPU
		{1E10EAB1-4543-46A7-B18B-BBE04E8ADAF2}.Debug|Any CPU.Build.0 = Debug|Any CPU
		{1E10EAB1-4543-46A7-B18B-BBE04E8ADAF2}.Release|Any CPU.ActiveCfg = Release|Any CPU
		{1E10EAB1-4543-46A7-B18B-BBE04E8ADAF2}.Release|Any CPU.Build.0 = Release|Any CPU
		{721DDD7B-D220-4684-B407-D68FC0656D23}.Debug|Any CPU.ActiveCfg = Debug|Any CPU
		{721DDD7B-D220-4684-B407-D68FC0656D23}.Debug|Any CPU.Build.0 = Debug|Any CPU
		{721DDD7B-D220-4684-B407-D68FC0656D23}.Release|Any CPU.ActiveCfg = Release|Any CPU
		{721DDD7B-D220-4684-B407-D68FC0656D23}.Release|Any CPU.Build.0 = Release|Any CPU
		{80E34265-CB23-4664-8153-DBF053EDB8B6}.Debug|Any CPU.ActiveCfg = Debug|Any CPU
		{80E34265-CB23-4664-8153-DBF053EDB8B6}.Debug|Any CPU.Build.0 = Debug|Any CPU
		{80E34265-CB23-4664-8153-DBF053EDB8B6}.Release|Any CPU.ActiveCfg = Release|Any CPU
		{80E34265-CB23-4664-8153-DBF053EDB8B6}.Release|Any CPU.Build.0 = Release|Any CPU
		{35457C5C-D4E4-4DFF-948E-CC2AECA0E29A}.Debug|Any CPU.ActiveCfg = Debug|Any CPU
		{35457C5C-D4E4-4DFF-948E-CC2AECA0E29A}.Debug|Any CPU.Build.0 = Debug|Any CPU
		{35457C5C-D4E4-4DFF-948E-CC2AECA0E29A}.Release|Any CPU.ActiveCfg = Release|Any CPU
		{35457C5C-D4E4-4DFF-948E-CC2AECA0E29A}.Release|Any CPU.Build.0 = Release|Any CPU
		{A7623D50-7F4E-4DAA-B70D-8B0E0C48B485}.Debug|Any CPU.ActiveCfg = Debug|Any CPU
		{A7623D50-7F4E-4DAA-B70D-8B0E0C48B485}.Debug|Any CPU.Build.0 = Debug|Any CPU
		{A7623D50-7F4E-4DAA-B70D-8B0E0C48B485}.Release|Any CPU.ActiveCfg = Release|Any CPU
		{A7623D50-7F4E-4DAA-B70D-8B0E0C48B485}.Release|Any CPU.Build.0 = Release|Any CPU
		{F7125608-EE13-4159-89AB-A3EB3F2C221B}.Debug|Any CPU.ActiveCfg = Debug|Any CPU
		{F7125608-EE13-4159-89AB-A3EB3F2C221B}.Debug|Any CPU.Build.0 = Debug|Any CPU
		{F7125608-EE13-4159-89AB-A3EB3F2C221B}.Release|Any CPU.ActiveCfg = Release|Any CPU
		{F7125608-EE13-4159-89AB-A3EB3F2C221B}.Release|Any CPU.Build.0 = Release|Any CPU
		{2974B976-11FD-4FC3-A227-4E9214071082}.Debug|Any CPU.ActiveCfg = Debug|Any CPU
		{2974B976-11FD-4FC3-A227-4E9214071082}.Debug|Any CPU.Build.0 = Debug|Any CPU
		{2974B976-11FD-4FC3-A227-4E9214071082}.Release|Any CPU.ActiveCfg = Release|Any CPU
		{2974B976-11FD-4FC3-A227-4E9214071082}.Release|Any CPU.Build.0 = Release|Any CPU
		{66D90771-3171-455A-90F1-F6CDEEF00907}.Debug|Any CPU.ActiveCfg = Debug|Any CPU
		{66D90771-3171-455A-90F1-F6CDEEF00907}.Debug|Any CPU.Build.0 = Debug|Any CPU
		{66D90771-3171-455A-90F1-F6CDEEF00907}.Release|Any CPU.ActiveCfg = Release|Any CPU
		{66D90771-3171-455A-90F1-F6CDEEF00907}.Release|Any CPU.Build.0 = Release|Any CPU
		{F9711338-FC4C-404B-8989-72EF74CB284A}.Debug|Any CPU.ActiveCfg = Debug|Any CPU
		{F9711338-FC4C-404B-8989-72EF74CB284A}.Debug|Any CPU.Build.0 = Debug|Any CPU
		{F9711338-FC4C-404B-8989-72EF74CB284A}.Release|Any CPU.ActiveCfg = Release|Any CPU
		{F9711338-FC4C-404B-8989-72EF74CB284A}.Release|Any CPU.Build.0 = Release|Any CPU
		{7C4BC318-9F08-42E2-8FF7-F0A66694BE67}.Debug|Any CPU.ActiveCfg = Debug|Any CPU
		{7C4BC318-9F08-42E2-8FF7-F0A66694BE67}.Debug|Any CPU.Build.0 = Debug|Any CPU
		{7C4BC318-9F08-42E2-8FF7-F0A66694BE67}.Release|Any CPU.ActiveCfg = Release|Any CPU
		{7C4BC318-9F08-42E2-8FF7-F0A66694BE67}.Release|Any CPU.Build.0 = Release|Any CPU
		{98A91D04-A650-49E0-A1A0-0F7F5D407D40}.Debug|Any CPU.ActiveCfg = Debug|Any CPU
		{98A91D04-A650-49E0-A1A0-0F7F5D407D40}.Debug|Any CPU.Build.0 = Debug|Any CPU
		{98A91D04-A650-49E0-A1A0-0F7F5D407D40}.Release|Any CPU.ActiveCfg = Release|Any CPU
		{98A91D04-A650-49E0-A1A0-0F7F5D407D40}.Release|Any CPU.Build.0 = Release|Any CPU
		{81F091A1-8001-4E0C-9403-13C85A42A77E}.Debug|Any CPU.ActiveCfg = Debug|Any CPU
		{81F091A1-8001-4E0C-9403-13C85A42A77E}.Debug|Any CPU.Build.0 = Debug|Any CPU
		{81F091A1-8001-4E0C-9403-13C85A42A77E}.Release|Any CPU.ActiveCfg = Release|Any CPU
		{81F091A1-8001-4E0C-9403-13C85A42A77E}.Release|Any CPU.Build.0 = Release|Any CPU
		{07E41EB9-9486-41A2-A036-B6BF0DE103EF}.Debug|Any CPU.ActiveCfg = Debug|Any CPU
		{07E41EB9-9486-41A2-A036-B6BF0DE103EF}.Debug|Any CPU.Build.0 = Debug|Any CPU
		{07E41EB9-9486-41A2-A036-B6BF0DE103EF}.Release|Any CPU.ActiveCfg = Release|Any CPU
		{07E41EB9-9486-41A2-A036-B6BF0DE103EF}.Release|Any CPU.Build.0 = Release|Any CPU
		{79EC7A1E-F1C7-41FD-ACF3-EE5F45EC6E55}.Debug|Any CPU.ActiveCfg = Debug|Any CPU
		{79EC7A1E-F1C7-41FD-ACF3-EE5F45EC6E55}.Debug|Any CPU.Build.0 = Debug|Any CPU
		{79EC7A1E-F1C7-41FD-ACF3-EE5F45EC6E55}.Release|Any CPU.ActiveCfg = Release|Any CPU
		{79EC7A1E-F1C7-41FD-ACF3-EE5F45EC6E55}.Release|Any CPU.Build.0 = Release|Any CPU
		{40272481-C71D-4F87-A955-C262174FEBD3}.Debug|Any CPU.ActiveCfg = Debug|Any CPU
		{40272481-C71D-4F87-A955-C262174FEBD3}.Debug|Any CPU.Build.0 = Debug|Any CPU
		{40272481-C71D-4F87-A955-C262174FEBD3}.Release|Any CPU.ActiveCfg = Release|Any CPU
		{40272481-C71D-4F87-A955-C262174FEBD3}.Release|Any CPU.Build.0 = Release|Any CPU
		{210A37A7-C142-4080-BEF7-70E1DAFC22AB}.Debug|Any CPU.ActiveCfg = Debug|Any CPU
		{210A37A7-C142-4080-BEF7-70E1DAFC22AB}.Debug|Any CPU.Build.0 = Debug|Any CPU
		{210A37A7-C142-4080-BEF7-70E1DAFC22AB}.Release|Any CPU.ActiveCfg = Release|Any CPU
		{210A37A7-C142-4080-BEF7-70E1DAFC22AB}.Release|Any CPU.Build.0 = Release|Any CPU
		{C85C65B9-007D-4081-9D6B-FADC5D77CAEE}.Debug|Any CPU.ActiveCfg = Debug|Any CPU
		{C85C65B9-007D-4081-9D6B-FADC5D77CAEE}.Debug|Any CPU.Build.0 = Debug|Any CPU
		{C85C65B9-007D-4081-9D6B-FADC5D77CAEE}.Release|Any CPU.ActiveCfg = Release|Any CPU
		{C85C65B9-007D-4081-9D6B-FADC5D77CAEE}.Release|Any CPU.Build.0 = Release|Any CPU
		{A2A046E3-0055-4A8A-891F-191B0E1B05E6}.Debug|Any CPU.ActiveCfg = Debug|Any CPU
		{A2A046E3-0055-4A8A-891F-191B0E1B05E6}.Debug|Any CPU.Build.0 = Debug|Any CPU
		{A2A046E3-0055-4A8A-891F-191B0E1B05E6}.Release|Any CPU.ActiveCfg = Release|Any CPU
		{A2A046E3-0055-4A8A-891F-191B0E1B05E6}.Release|Any CPU.Build.0 = Release|Any CPU
		{C50FD563-141B-401B-BFEE-95FCE9959D55}.Debug|Any CPU.ActiveCfg = Debug|Any CPU
		{C50FD563-141B-401B-BFEE-95FCE9959D55}.Debug|Any CPU.Build.0 = Debug|Any CPU
		{C50FD563-141B-401B-BFEE-95FCE9959D55}.Release|Any CPU.ActiveCfg = Release|Any CPU
		{C50FD563-141B-401B-BFEE-95FCE9959D55}.Release|Any CPU.Build.0 = Release|Any CPU
		{FB073E18-58AA-43E0-BE13-056BD7E71FB2}.Debug|Any CPU.ActiveCfg = Debug|Any CPU
		{FB073E18-58AA-43E0-BE13-056BD7E71FB2}.Debug|Any CPU.Build.0 = Debug|Any CPU
		{FB073E18-58AA-43E0-BE13-056BD7E71FB2}.Release|Any CPU.ActiveCfg = Release|Any CPU
		{FB073E18-58AA-43E0-BE13-056BD7E71FB2}.Release|Any CPU.Build.0 = Release|Any CPU
		{479BAF4D-3E3D-41EB-9D05-73F32F56B292}.Debug|Any CPU.ActiveCfg = Debug|Any CPU
		{479BAF4D-3E3D-41EB-9D05-73F32F56B292}.Debug|Any CPU.Build.0 = Debug|Any CPU
		{479BAF4D-3E3D-41EB-9D05-73F32F56B292}.Release|Any CPU.ActiveCfg = Release|Any CPU
		{479BAF4D-3E3D-41EB-9D05-73F32F56B292}.Release|Any CPU.Build.0 = Release|Any CPU
		{B22FF3B3-8354-4F8A-9966-F523CDE50734}.Debug|Any CPU.ActiveCfg = Debug|Any CPU
		{B22FF3B3-8354-4F8A-9966-F523CDE50734}.Debug|Any CPU.Build.0 = Debug|Any CPU
		{B22FF3B3-8354-4F8A-9966-F523CDE50734}.Release|Any CPU.ActiveCfg = Release|Any CPU
		{B22FF3B3-8354-4F8A-9966-F523CDE50734}.Release|Any CPU.Build.0 = Release|Any CPU
		{54D10AFF-0EAC-465B-9800-F20EACA80649}.Debug|Any CPU.ActiveCfg = Debug|Any CPU
		{54D10AFF-0EAC-465B-9800-F20EACA80649}.Debug|Any CPU.Build.0 = Debug|Any CPU
		{54D10AFF-0EAC-465B-9800-F20EACA80649}.Release|Any CPU.ActiveCfg = Release|Any CPU
		{54D10AFF-0EAC-465B-9800-F20EACA80649}.Release|Any CPU.Build.0 = Release|Any CPU
		{DCB4611E-6280-47A9-B14E-403775062588}.Debug|Any CPU.ActiveCfg = Debug|Any CPU
		{DCB4611E-6280-47A9-B14E-403775062588}.Debug|Any CPU.Build.0 = Debug|Any CPU
		{DCB4611E-6280-47A9-B14E-403775062588}.Release|Any CPU.ActiveCfg = Release|Any CPU
		{DCB4611E-6280-47A9-B14E-403775062588}.Release|Any CPU.Build.0 = Release|Any CPU
	EndGlobalSection
	GlobalSection(SolutionProperties) = preSolution
		HideSolutionNode = FALSE
	EndGlobalSection
	GlobalSection(ExtensibilityGlobals) = postSolution
		SolutionGuid = {1F5D3C5F-48B5-4B60-B18F-74549F72FDEA}
	EndGlobalSection
EndGlobal
