
Microsoft Visual Studio Solution File, Format Version 12.00
# Visual Studio Version 17
VisualStudioVersion = 17.5.33627.172
MinimumVisualStudioVersion = 10.0.40219.1
Project("{FAE04EC0-301F-11D3-BF4B-00C04F79EFBC}") = "P_00_Collection", "Professional\P_00_Collection.csproj", "{88C3626B-F381-4037-8635-8D44686809CD}"
EndProject
Project("{2150E333-8FDC-42A3-9474-1A3956D46DE8}") = "P_00_Collection", "P_00_Collection", "{53ED6536-F8D8-4A3F-86C3-539E100E492B}"
EndProject
Project("{FAE04EC0-301F-11D3-BF4B-00C04F79EFBC}") = "CollectionGener", "CollectionGener\CollectionGener.csproj", "{34DA76F1-E21C-4B18-BC36-1B3A5D701E6A}"
EndProject
Project("{FAE04EC0-301F-11D3-BF4B-00C04F79EFBC}") = "CollectionGener2", "CollectionGener2\CollectionGener2.csproj", "{F293F1C7-572F-4FEA-81E0-6E5D5E674D45}"
EndProject
Project("{FAE04EC0-301F-11D3-BF4B-00C04F79EFBC}") = "CollectionGener3", "CollectionGener3\CollectionGener3.csproj", "{66FD2137-14B8-4691-BDA8-599FF2BA662A}"
EndProject
Project("{FAE04EC0-301F-11D3-BF4B-00C04F79EFBC}") = "CollectionUser", "CollectionUser\CollectionUser.csproj", "{333F7C58-AC0A-4C8D-916C-30674C9BC13D}"
EndProject
Project("{FAE04EC0-301F-11D3-BF4B-00C04F79EFBC}") = "CollecttionUserGener", "CollecttionUserGener\CollecttionUserGener.csproj", "{676D9FF3-F2CE-4A66-967E-22A7570D8118}"
EndProject
Project("{FAE04EC0-301F-11D3-BF4B-00C04F79EFBC}") = "ListCollection", "List\ListCollection.csproj", "{E949BE79-D4EC-4DB4-BAA8-6FA13D634846}"
EndProject
Project("{2150E333-8FDC-42A3-9474-1A3956D46DE8}") = "P_01_Sys_Collect", "P_01_Sys_Collect", "{3BC0966B-083B-4263-9E04-C0845A4F02AF}"
EndProject
Project("{FAE04EC0-301F-11D3-BF4B-00C04F79EFBC}") = "SystemCollection_0", "SystemCollection_0\SystemCollection_0.csproj", "{899B982B-E62B-4E7D-9B5B-EAD627F7B823}"
EndProject
Project("{FAE04EC0-301F-11D3-BF4B-00C04F79EFBC}") = "SystemCollection_1", "SystemCollection_1\SystemCollection_1.csproj", "{34AE5544-5C28-4771-AF04-09CD055F7CE9}"
EndProject
Project("{FAE04EC0-301F-11D3-BF4B-00C04F79EFBC}") = "QueueDemo", "QueueDemo\QueueDemo.csproj", "{089A918F-3C40-4770-B8AA-21A5D369B26E}"
EndProject
Project("{FAE04EC0-301F-11D3-BF4B-00C04F79EFBC}") = "StackDemo", "StackDemo\StackDemo.csproj", "{6632968C-ADBC-4910-89DE-633BB9DBB7A7}"
EndProject
Project("{FAE04EC0-301F-11D3-BF4B-00C04F79EFBC}") = "HashtableDemo_01", "HashtableDemo_01\HashtableDemo_01.csproj", "{8C84CFC4-70F7-4A74-A178-6DE2FF45CACD}"
EndProject
Project("{FAE04EC0-301F-11D3-BF4B-00C04F79EFBC}") = "HashtableDemo_02", "HashtableDemo_02\HashtableDemo_02.csproj", "{67FBB7AB-EBE8-4A68-82D7-95E3B9862669}"
EndProject
Project("{FAE04EC0-301F-11D3-BF4B-00C04F79EFBC}") = "IEqualityComparerDemo_0", "IEqualityComparerDemo_0\IEqualityComparerDemo_0.csproj", "{93B76F98-65B8-48D2-90C5-9F7C2AFDE87A}"
EndProject
Project("{FAE04EC0-301F-11D3-BF4B-00C04F79EFBC}") = "SortedListDemo", "SortedListDemo\SortedListDemo.csproj", "{F640DC3F-8BB6-44B0-B37D-980A33295C41}"
EndProject
Project("{FAE04EC0-301F-11D3-BF4B-00C04F79EFBC}") = "ListDictionaryDemo", "ListDictionaryDemo\ListDictionaryDemo.csproj", "{662E0D58-3A73-44BB-A2F3-6ECF0696CCF8}"
EndProject
Project("{FAE04EC0-301F-11D3-BF4B-00C04F79EFBC}") = "BitArrayDemo", "BitArrayDemo\BitArrayDemo.csproj", "{7D42CCC0-A66F-43D0-B346-1D281B1C454F}"
EndProject
Project("{FAE04EC0-301F-11D3-BF4B-00C04F79EFBC}") = "BitVector32Dimo3", "ИшеМусещк32Вшьщ2\BitVector32Dimo3.csproj", "{47995A75-333B-43B9-BCD6-68DD86AA42B4}"
EndProject
Project("{FAE04EC0-301F-11D3-BF4B-00C04F79EFBC}") = "BitVector32Demo4", "BitVector32Demo4\BitVector32Demo4.csproj", "{9FAD3E55-3140-4BA8-BCC5-526606F8E202}"
EndProject
Project("{FAE04EC0-301F-11D3-BF4B-00C04F79EFBC}") = "ListGen", "ListGen\ListGen.csproj", "{77D46696-EDF3-4B49-A2C2-55587772ACF3}"
EndProject
Project("{2150E333-8FDC-42A3-9474-1A3956D46DE8}") = "P_02_Input_Outpu", "P_02_Input_Outpu", "{6E9E670A-8D41-4E88-BD4B-299443FD7E70}"
EndProject
Project("{FAE04EC0-301F-11D3-BF4B-00C04F79EFBC}") = "InputOutput", "InputOutput\InputOutput.csproj", "{7B4B6CA6-03F1-4C7E-B70A-410C00E433E1}"
EndProject
Project("{2150E333-8FDC-42A3-9474-1A3956D46DE8}") = "P_03_Text", "P_03_Text", "{9B522BF7-D9C3-47DB-8D09-E6BC29782736}"
EndProject
Project("{FAE04EC0-301F-11D3-BF4B-00C04F79EFBC}") = "TextWork", "TextWork\TextWork.csproj", "{07AC8012-CC56-43BD-AABE-901D166F8C15}"
EndProject
Project("{FAE04EC0-301F-11D3-BF4B-00C04F79EFBC}") = "Format", "Format\Format.csproj", "{EA08D98E-9530-41DD-BF8E-44F85E3202B6}"
EndProject
Project("{2150E333-8FDC-42A3-9474-1A3956D46DE8}") = "P_Pattern", "P_Pattern", "{9F75D988-9E6F-489E-9858-CA2BCAE319E0}"
EndProject
Project("{FAE04EC0-301F-11D3-BF4B-00C04F79EFBC}") = "Pattern_Factory", "Factory\Pattern_Factory.csproj", "{176427FD-B6A5-4DB2-AD66-9E4C79920E39}"
EndProject
Project("{FAE04EC0-301F-11D3-BF4B-00C04F79EFBC}") = "Pattern_Facade", "Pattern_Facade\Pattern_Facade.csproj", "{8CF98D7E-7E88-45BA-A68D-3BC0DA63140E}"
EndProject
Project("{FAE04EC0-301F-11D3-BF4B-00C04F79EFBC}") = "Pattern_Chain", "Pattern_Link\Pattern_Chain.csproj", "{77615DF3-4A63-4451-BBC1-00947F4855DC}"
EndProject
Project("{FAE04EC0-301F-11D3-BF4B-00C04F79EFBC}") = "Pattern_Publisher_Subscriber", "Pattern_Publisher_Subscriber\Pattern_Publisher_Subscriber.csproj", "{1D6B9905-7AD5-49AB-A52B-2681ADBE8034}"
EndProject
Project("{FAE04EC0-301F-11D3-BF4B-00C04F79EFBC}") = "Pattern_Abstract_Factory", "Pattern_Abstract_Factory\Pattern_Abstract_Factory.csproj", "{5D3BFDCF-2255-47C2-B6C0-CA2F6CC87613}"
EndProject
Project("{FAE04EC0-301F-11D3-BF4B-00C04F79EFBC}") = "Labirint", "Labirint\Labirint.csproj", "{5462A12A-1BB7-4D1C-A89A-E67A32EF30CA}"
EndProject
Project("{FAE04EC0-301F-11D3-BF4B-00C04F79EFBC}") = "CulturInfoForm", "CulturInfoForm\CulturInfoForm.csproj", "{CAAFC8A0-BE6B-4A35-B963-127731BAC42A}"
EndProject
Project("{FAE04EC0-301F-11D3-BF4B-00C04F79EFBC}") = "StringBasics", "StringBasics\StringBasics.csproj", "{DE79CE19-280E-4A48-B3C0-997D07ACE7DB}"
EndProject
Project("{FAE04EC0-301F-11D3-BF4B-00C04F79EFBC}") = "Pattern_Abstract_Factory_2", "Pattern_Abstract_Factory_2\Pattern_Abstract_Factory_2.csproj", "{8978D130-C79C-476C-A14F-6EADF0BD9EF0}"
EndProject
Global
	GlobalSection(SolutionConfigurationPlatforms) = preSolution
		Debug|Any CPU = Debug|Any CPU
		Release|Any CPU = Release|Any CPU
	EndGlobalSection
	GlobalSection(ProjectConfigurationPlatforms) = postSolution
		{88C3626B-F381-4037-8635-8D44686809CD}.Debug|Any CPU.ActiveCfg = Debug|Any CPU
		{88C3626B-F381-4037-8635-8D44686809CD}.Debug|Any CPU.Build.0 = Debug|Any CPU
		{88C3626B-F381-4037-8635-8D44686809CD}.Release|Any CPU.ActiveCfg = Release|Any CPU
		{88C3626B-F381-4037-8635-8D44686809CD}.Release|Any CPU.Build.0 = Release|Any CPU
		{34DA76F1-E21C-4B18-BC36-1B3A5D701E6A}.Debug|Any CPU.ActiveCfg = Debug|Any CPU
		{34DA76F1-E21C-4B18-BC36-1B3A5D701E6A}.Debug|Any CPU.Build.0 = Debug|Any CPU
		{34DA76F1-E21C-4B18-BC36-1B3A5D701E6A}.Release|Any CPU.ActiveCfg = Release|Any CPU
		{34DA76F1-E21C-4B18-BC36-1B3A5D701E6A}.Release|Any CPU.Build.0 = Release|Any CPU
		{F293F1C7-572F-4FEA-81E0-6E5D5E674D45}.Debug|Any CPU.ActiveCfg = Debug|Any CPU
		{F293F1C7-572F-4FEA-81E0-6E5D5E674D45}.Debug|Any CPU.Build.0 = Debug|Any CPU
		{F293F1C7-572F-4FEA-81E0-6E5D5E674D45}.Release|Any CPU.ActiveCfg = Release|Any CPU
		{F293F1C7-572F-4FEA-81E0-6E5D5E674D45}.Release|Any CPU.Build.0 = Release|Any CPU
		{66FD2137-14B8-4691-BDA8-599FF2BA662A}.Debug|Any CPU.ActiveCfg = Debug|Any CPU
		{66FD2137-14B8-4691-BDA8-599FF2BA662A}.Debug|Any CPU.Build.0 = Debug|Any CPU
		{66FD2137-14B8-4691-BDA8-599FF2BA662A}.Release|Any CPU.ActiveCfg = Release|Any CPU
		{66FD2137-14B8-4691-BDA8-599FF2BA662A}.Release|Any CPU.Build.0 = Release|Any CPU
		{333F7C58-AC0A-4C8D-916C-30674C9BC13D}.Debug|Any CPU.ActiveCfg = Debug|Any CPU
		{333F7C58-AC0A-4C8D-916C-30674C9BC13D}.Debug|Any CPU.Build.0 = Debug|Any CPU
		{333F7C58-AC0A-4C8D-916C-30674C9BC13D}.Release|Any CPU.ActiveCfg = Release|Any CPU
		{333F7C58-AC0A-4C8D-916C-30674C9BC13D}.Release|Any CPU.Build.0 = Release|Any CPU
		{676D9FF3-F2CE-4A66-967E-22A7570D8118}.Debug|Any CPU.ActiveCfg = Debug|Any CPU
		{676D9FF3-F2CE-4A66-967E-22A7570D8118}.Debug|Any CPU.Build.0 = Debug|Any CPU
		{676D9FF3-F2CE-4A66-967E-22A7570D8118}.Release|Any CPU.ActiveCfg = Release|Any CPU
		{676D9FF3-F2CE-4A66-967E-22A7570D8118}.Release|Any CPU.Build.0 = Release|Any CPU
		{E949BE79-D4EC-4DB4-BAA8-6FA13D634846}.Debug|Any CPU.ActiveCfg = Debug|Any CPU
		{E949BE79-D4EC-4DB4-BAA8-6FA13D634846}.Debug|Any CPU.Build.0 = Debug|Any CPU
		{E949BE79-D4EC-4DB4-BAA8-6FA13D634846}.Release|Any CPU.ActiveCfg = Release|Any CPU
		{E949BE79-D4EC-4DB4-BAA8-6FA13D634846}.Release|Any CPU.Build.0 = Release|Any CPU
		{899B982B-E62B-4E7D-9B5B-EAD627F7B823}.Debug|Any CPU.ActiveCfg = Debug|Any CPU
		{899B982B-E62B-4E7D-9B5B-EAD627F7B823}.Debug|Any CPU.Build.0 = Debug|Any CPU
		{899B982B-E62B-4E7D-9B5B-EAD627F7B823}.Release|Any CPU.ActiveCfg = Release|Any CPU
		{899B982B-E62B-4E7D-9B5B-EAD627F7B823}.Release|Any CPU.Build.0 = Release|Any CPU
		{34AE5544-5C28-4771-AF04-09CD055F7CE9}.Debug|Any CPU.ActiveCfg = Debug|Any CPU
		{34AE5544-5C28-4771-AF04-09CD055F7CE9}.Debug|Any CPU.Build.0 = Debug|Any CPU
		{34AE5544-5C28-4771-AF04-09CD055F7CE9}.Release|Any CPU.ActiveCfg = Release|Any CPU
		{34AE5544-5C28-4771-AF04-09CD055F7CE9}.Release|Any CPU.Build.0 = Release|Any CPU
		{089A918F-3C40-4770-B8AA-21A5D369B26E}.Debug|Any CPU.ActiveCfg = Debug|Any CPU
		{089A918F-3C40-4770-B8AA-21A5D369B26E}.Debug|Any CPU.Build.0 = Debug|Any CPU
		{089A918F-3C40-4770-B8AA-21A5D369B26E}.Release|Any CPU.ActiveCfg = Release|Any CPU
		{089A918F-3C40-4770-B8AA-21A5D369B26E}.Release|Any CPU.Build.0 = Release|Any CPU
		{6632968C-ADBC-4910-89DE-633BB9DBB7A7}.Debug|Any CPU.ActiveCfg = Debug|Any CPU
		{6632968C-ADBC-4910-89DE-633BB9DBB7A7}.Debug|Any CPU.Build.0 = Debug|Any CPU
		{6632968C-ADBC-4910-89DE-633BB9DBB7A7}.Release|Any CPU.ActiveCfg = Release|Any CPU
		{6632968C-ADBC-4910-89DE-633BB9DBB7A7}.Release|Any CPU.Build.0 = Release|Any CPU
		{8C84CFC4-70F7-4A74-A178-6DE2FF45CACD}.Debug|Any CPU.ActiveCfg = Debug|Any CPU
		{8C84CFC4-70F7-4A74-A178-6DE2FF45CACD}.Debug|Any CPU.Build.0 = Debug|Any CPU
		{8C84CFC4-70F7-4A74-A178-6DE2FF45CACD}.Release|Any CPU.ActiveCfg = Release|Any CPU
		{8C84CFC4-70F7-4A74-A178-6DE2FF45CACD}.Release|Any CPU.Build.0 = Release|Any CPU
		{67FBB7AB-EBE8-4A68-82D7-95E3B9862669}.Debug|Any CPU.ActiveCfg = Debug|Any CPU
		{67FBB7AB-EBE8-4A68-82D7-95E3B9862669}.Debug|Any CPU.Build.0 = Debug|Any CPU
		{67FBB7AB-EBE8-4A68-82D7-95E3B9862669}.Release|Any CPU.ActiveCfg = Release|Any CPU
		{67FBB7AB-EBE8-4A68-82D7-95E3B9862669}.Release|Any CPU.Build.0 = Release|Any CPU
		{93B76F98-65B8-48D2-90C5-9F7C2AFDE87A}.Debug|Any CPU.ActiveCfg = Debug|Any CPU
		{93B76F98-65B8-48D2-90C5-9F7C2AFDE87A}.Debug|Any CPU.Build.0 = Debug|Any CPU
		{93B76F98-65B8-48D2-90C5-9F7C2AFDE87A}.Release|Any CPU.ActiveCfg = Release|Any CPU
		{93B76F98-65B8-48D2-90C5-9F7C2AFDE87A}.Release|Any CPU.Build.0 = Release|Any CPU
		{F640DC3F-8BB6-44B0-B37D-980A33295C41}.Debug|Any CPU.ActiveCfg = Debug|Any CPU
		{F640DC3F-8BB6-44B0-B37D-980A33295C41}.Debug|Any CPU.Build.0 = Debug|Any CPU
		{F640DC3F-8BB6-44B0-B37D-980A33295C41}.Release|Any CPU.ActiveCfg = Release|Any CPU
		{F640DC3F-8BB6-44B0-B37D-980A33295C41}.Release|Any CPU.Build.0 = Release|Any CPU
		{662E0D58-3A73-44BB-A2F3-6ECF0696CCF8}.Debug|Any CPU.ActiveCfg = Debug|Any CPU
		{662E0D58-3A73-44BB-A2F3-6ECF0696CCF8}.Debug|Any CPU.Build.0 = Debug|Any CPU
		{662E0D58-3A73-44BB-A2F3-6ECF0696CCF8}.Release|Any CPU.ActiveCfg = Release|Any CPU
		{662E0D58-3A73-44BB-A2F3-6ECF0696CCF8}.Release|Any CPU.Build.0 = Release|Any CPU
		{7D42CCC0-A66F-43D0-B346-1D281B1C454F}.Debug|Any CPU.ActiveCfg = Debug|Any CPU
		{7D42CCC0-A66F-43D0-B346-1D281B1C454F}.Debug|Any CPU.Build.0 = Debug|Any CPU
		{7D42CCC0-A66F-43D0-B346-1D281B1C454F}.Release|Any CPU.ActiveCfg = Release|Any CPU
		{7D42CCC0-A66F-43D0-B346-1D281B1C454F}.Release|Any CPU.Build.0 = Release|Any CPU
		{47995A75-333B-43B9-BCD6-68DD86AA42B4}.Debug|Any CPU.ActiveCfg = Debug|Any CPU
		{47995A75-333B-43B9-BCD6-68DD86AA42B4}.Debug|Any CPU.Build.0 = Debug|Any CPU
		{47995A75-333B-43B9-BCD6-68DD86AA42B4}.Release|Any CPU.ActiveCfg = Release|Any CPU
		{47995A75-333B-43B9-BCD6-68DD86AA42B4}.Release|Any CPU.Build.0 = Release|Any CPU
		{9FAD3E55-3140-4BA8-BCC5-526606F8E202}.Debug|Any CPU.ActiveCfg = Debug|Any CPU
		{9FAD3E55-3140-4BA8-BCC5-526606F8E202}.Debug|Any CPU.Build.0 = Debug|Any CPU
		{9FAD3E55-3140-4BA8-BCC5-526606F8E202}.Release|Any CPU.ActiveCfg = Release|Any CPU
		{9FAD3E55-3140-4BA8-BCC5-526606F8E202}.Release|Any CPU.Build.0 = Release|Any CPU
		{77D46696-EDF3-4B49-A2C2-55587772ACF3}.Debug|Any CPU.ActiveCfg = Debug|Any CPU
		{77D46696-EDF3-4B49-A2C2-55587772ACF3}.Debug|Any CPU.Build.0 = Debug|Any CPU
		{77D46696-EDF3-4B49-A2C2-55587772ACF3}.Release|Any CPU.ActiveCfg = Release|Any CPU
		{77D46696-EDF3-4B49-A2C2-55587772ACF3}.Release|Any CPU.Build.0 = Release|Any CPU
		{7B4B6CA6-03F1-4C7E-B70A-410C00E433E1}.Debug|Any CPU.ActiveCfg = Debug|Any CPU
		{7B4B6CA6-03F1-4C7E-B70A-410C00E433E1}.Debug|Any CPU.Build.0 = Debug|Any CPU
		{7B4B6CA6-03F1-4C7E-B70A-410C00E433E1}.Release|Any CPU.ActiveCfg = Release|Any CPU
		{7B4B6CA6-03F1-4C7E-B70A-410C00E433E1}.Release|Any CPU.Build.0 = Release|Any CPU
		{07AC8012-CC56-43BD-AABE-901D166F8C15}.Debug|Any CPU.ActiveCfg = Debug|Any CPU
		{07AC8012-CC56-43BD-AABE-901D166F8C15}.Debug|Any CPU.Build.0 = Debug|Any CPU
		{07AC8012-CC56-43BD-AABE-901D166F8C15}.Release|Any CPU.ActiveCfg = Release|Any CPU
		{07AC8012-CC56-43BD-AABE-901D166F8C15}.Release|Any CPU.Build.0 = Release|Any CPU
		{EA08D98E-9530-41DD-BF8E-44F85E3202B6}.Debug|Any CPU.ActiveCfg = Debug|Any CPU
		{EA08D98E-9530-41DD-BF8E-44F85E3202B6}.Debug|Any CPU.Build.0 = Debug|Any CPU
		{EA08D98E-9530-41DD-BF8E-44F85E3202B6}.Release|Any CPU.ActiveCfg = Release|Any CPU
		{EA08D98E-9530-41DD-BF8E-44F85E3202B6}.Release|Any CPU.Build.0 = Release|Any CPU
		{176427FD-B6A5-4DB2-AD66-9E4C79920E39}.Debug|Any CPU.ActiveCfg = Debug|Any CPU
		{176427FD-B6A5-4DB2-AD66-9E4C79920E39}.Debug|Any CPU.Build.0 = Debug|Any CPU
		{176427FD-B6A5-4DB2-AD66-9E4C79920E39}.Release|Any CPU.ActiveCfg = Release|Any CPU
		{176427FD-B6A5-4DB2-AD66-9E4C79920E39}.Release|Any CPU.Build.0 = Release|Any CPU
		{8CF98D7E-7E88-45BA-A68D-3BC0DA63140E}.Debug|Any CPU.ActiveCfg = Debug|Any CPU
		{8CF98D7E-7E88-45BA-A68D-3BC0DA63140E}.Debug|Any CPU.Build.0 = Debug|Any CPU
		{8CF98D7E-7E88-45BA-A68D-3BC0DA63140E}.Release|Any CPU.ActiveCfg = Release|Any CPU
		{8CF98D7E-7E88-45BA-A68D-3BC0DA63140E}.Release|Any CPU.Build.0 = Release|Any CPU
		{77615DF3-4A63-4451-BBC1-00947F4855DC}.Debug|Any CPU.ActiveCfg = Debug|Any CPU
		{77615DF3-4A63-4451-BBC1-00947F4855DC}.Debug|Any CPU.Build.0 = Debug|Any CPU
		{77615DF3-4A63-4451-BBC1-00947F4855DC}.Release|Any CPU.ActiveCfg = Release|Any CPU
		{77615DF3-4A63-4451-BBC1-00947F4855DC}.Release|Any CPU.Build.0 = Release|Any CPU
		{1D6B9905-7AD5-49AB-A52B-2681ADBE8034}.Debug|Any CPU.ActiveCfg = Debug|Any CPU
		{1D6B9905-7AD5-49AB-A52B-2681ADBE8034}.Debug|Any CPU.Build.0 = Debug|Any CPU
		{1D6B9905-7AD5-49AB-A52B-2681ADBE8034}.Release|Any CPU.ActiveCfg = Release|Any CPU
		{1D6B9905-7AD5-49AB-A52B-2681ADBE8034}.Release|Any CPU.Build.0 = Release|Any CPU
		{5D3BFDCF-2255-47C2-B6C0-CA2F6CC87613}.Debug|Any CPU.ActiveCfg = Debug|Any CPU
		{5D3BFDCF-2255-47C2-B6C0-CA2F6CC87613}.Debug|Any CPU.Build.0 = Debug|Any CPU
		{5D3BFDCF-2255-47C2-B6C0-CA2F6CC87613}.Release|Any CPU.ActiveCfg = Release|Any CPU
		{5D3BFDCF-2255-47C2-B6C0-CA2F6CC87613}.Release|Any CPU.Build.0 = Release|Any CPU
		{5462A12A-1BB7-4D1C-A89A-E67A32EF30CA}.Debug|Any CPU.ActiveCfg = Debug|Any CPU
		{5462A12A-1BB7-4D1C-A89A-E67A32EF30CA}.Debug|Any CPU.Build.0 = Debug|Any CPU
		{5462A12A-1BB7-4D1C-A89A-E67A32EF30CA}.Release|Any CPU.ActiveCfg = Release|Any CPU
		{5462A12A-1BB7-4D1C-A89A-E67A32EF30CA}.Release|Any CPU.Build.0 = Release|Any CPU
		{CAAFC8A0-BE6B-4A35-B963-127731BAC42A}.Debug|Any CPU.ActiveCfg = Debug|Any CPU
		{CAAFC8A0-BE6B-4A35-B963-127731BAC42A}.Debug|Any CPU.Build.0 = Debug|Any CPU
		{CAAFC8A0-BE6B-4A35-B963-127731BAC42A}.Release|Any CPU.ActiveCfg = Release|Any CPU
		{CAAFC8A0-BE6B-4A35-B963-127731BAC42A}.Release|Any CPU.Build.0 = Release|Any CPU
		{DE79CE19-280E-4A48-B3C0-997D07ACE7DB}.Debug|Any CPU.ActiveCfg = Debug|Any CPU
		{DE79CE19-280E-4A48-B3C0-997D07ACE7DB}.Debug|Any CPU.Build.0 = Debug|Any CPU
		{DE79CE19-280E-4A48-B3C0-997D07ACE7DB}.Release|Any CPU.ActiveCfg = Release|Any CPU
		{DE79CE19-280E-4A48-B3C0-997D07ACE7DB}.Release|Any CPU.Build.0 = Release|Any CPU
		{8978D130-C79C-476C-A14F-6EADF0BD9EF0}.Debug|Any CPU.ActiveCfg = Debug|Any CPU
		{8978D130-C79C-476C-A14F-6EADF0BD9EF0}.Debug|Any CPU.Build.0 = Debug|Any CPU
		{8978D130-C79C-476C-A14F-6EADF0BD9EF0}.Release|Any CPU.ActiveCfg = Release|Any CPU
		{8978D130-C79C-476C-A14F-6EADF0BD9EF0}.Release|Any CPU.Build.0 = Release|Any CPU
	EndGlobalSection
	GlobalSection(SolutionProperties) = preSolution
		HideSolutionNode = FALSE
	EndGlobalSection
	GlobalSection(NestedProjects) = preSolution
		{88C3626B-F381-4037-8635-8D44686809CD} = {53ED6536-F8D8-4A3F-86C3-539E100E492B}
		{34DA76F1-E21C-4B18-BC36-1B3A5D701E6A} = {53ED6536-F8D8-4A3F-86C3-539E100E492B}
		{F293F1C7-572F-4FEA-81E0-6E5D5E674D45} = {53ED6536-F8D8-4A3F-86C3-539E100E492B}
		{66FD2137-14B8-4691-BDA8-599FF2BA662A} = {53ED6536-F8D8-4A3F-86C3-539E100E492B}
		{333F7C58-AC0A-4C8D-916C-30674C9BC13D} = {53ED6536-F8D8-4A3F-86C3-539E100E492B}
		{676D9FF3-F2CE-4A66-967E-22A7570D8118} = {53ED6536-F8D8-4A3F-86C3-539E100E492B}
		{E949BE79-D4EC-4DB4-BAA8-6FA13D634846} = {53ED6536-F8D8-4A3F-86C3-539E100E492B}
		{899B982B-E62B-4E7D-9B5B-EAD627F7B823} = {3BC0966B-083B-4263-9E04-C0845A4F02AF}
		{34AE5544-5C28-4771-AF04-09CD055F7CE9} = {3BC0966B-083B-4263-9E04-C0845A4F02AF}
		{089A918F-3C40-4770-B8AA-21A5D369B26E} = {3BC0966B-083B-4263-9E04-C0845A4F02AF}
		{6632968C-ADBC-4910-89DE-633BB9DBB7A7} = {3BC0966B-083B-4263-9E04-C0845A4F02AF}
		{8C84CFC4-70F7-4A74-A178-6DE2FF45CACD} = {3BC0966B-083B-4263-9E04-C0845A4F02AF}
		{67FBB7AB-EBE8-4A68-82D7-95E3B9862669} = {3BC0966B-083B-4263-9E04-C0845A4F02AF}
		{93B76F98-65B8-48D2-90C5-9F7C2AFDE87A} = {3BC0966B-083B-4263-9E04-C0845A4F02AF}
		{F640DC3F-8BB6-44B0-B37D-980A33295C41} = {3BC0966B-083B-4263-9E04-C0845A4F02AF}
		{662E0D58-3A73-44BB-A2F3-6ECF0696CCF8} = {3BC0966B-083B-4263-9E04-C0845A4F02AF}
		{7D42CCC0-A66F-43D0-B346-1D281B1C454F} = {3BC0966B-083B-4263-9E04-C0845A4F02AF}
		{47995A75-333B-43B9-BCD6-68DD86AA42B4} = {3BC0966B-083B-4263-9E04-C0845A4F02AF}
		{9FAD3E55-3140-4BA8-BCC5-526606F8E202} = {3BC0966B-083B-4263-9E04-C0845A4F02AF}
		{77D46696-EDF3-4B49-A2C2-55587772ACF3} = {3BC0966B-083B-4263-9E04-C0845A4F02AF}
		{7B4B6CA6-03F1-4C7E-B70A-410C00E433E1} = {6E9E670A-8D41-4E88-BD4B-299443FD7E70}
		{07AC8012-CC56-43BD-AABE-901D166F8C15} = {9B522BF7-D9C3-47DB-8D09-E6BC29782736}
		{EA08D98E-9530-41DD-BF8E-44F85E3202B6} = {9B522BF7-D9C3-47DB-8D09-E6BC29782736}
		{176427FD-B6A5-4DB2-AD66-9E4C79920E39} = {9F75D988-9E6F-489E-9858-CA2BCAE319E0}
		{8CF98D7E-7E88-45BA-A68D-3BC0DA63140E} = {9F75D988-9E6F-489E-9858-CA2BCAE319E0}
		{77615DF3-4A63-4451-BBC1-00947F4855DC} = {9F75D988-9E6F-489E-9858-CA2BCAE319E0}
		{1D6B9905-7AD5-49AB-A52B-2681ADBE8034} = {9F75D988-9E6F-489E-9858-CA2BCAE319E0}
		{5D3BFDCF-2255-47C2-B6C0-CA2F6CC87613} = {9F75D988-9E6F-489E-9858-CA2BCAE319E0}
		{5462A12A-1BB7-4D1C-A89A-E67A32EF30CA} = {9F75D988-9E6F-489E-9858-CA2BCAE319E0}
		{CAAFC8A0-BE6B-4A35-B963-127731BAC42A} = {9B522BF7-D9C3-47DB-8D09-E6BC29782736}
		{DE79CE19-280E-4A48-B3C0-997D07ACE7DB} = {9B522BF7-D9C3-47DB-8D09-E6BC29782736}
		{8978D130-C79C-476C-A14F-6EADF0BD9EF0} = {9F75D988-9E6F-489E-9858-CA2BCAE319E0}
	EndGlobalSection
	GlobalSection(ExtensibilityGlobals) = postSolution
		SolutionGuid = {853BFA3C-3352-4931-8B10-69F18A1BBA2D}
	EndGlobalSection
EndGlobal
