
Microsoft Visual Studio Solution File, Format Version 12.00
# Visual Studio Version 17
VisualStudioVersion = 17.5.33627.172
MinimumVisualStudioVersion = 10.0.40219.1
Project("{FAE04EC0-301F-11D3-BF4B-00C04F79EFBC}") = "P_00_Collection", "Professional\P_00_Collection.csproj", "{88C3626B-F381-4037-8635-8D44686809CD}"
EndProject
Project("{2150E333-8FDC-42A3-9474-1A3956D46DE8}") = "P_00_Collection", "P_00_Collection", "{53ED6536-F8D8-4A3F-86C3-539E100E492B}"
EndProject
Project("{FAE04EC0-301F-11D3-BF4B-00C04F79EFBC}") = "CollectionGener", "CollectionGener\CollectionGener.csproj", "{34DA76F1-E21C-4B18-BC36-1B3A5D701E6A}"
EndProject
Project("{FAE04EC0-301F-11D3-BF4B-00C04F79EFBC}") = "CollectionGener2", "CollectionGener2\CollectionGener2.csproj", "{F293F1C7-572F-4FEA-81E0-6E5D5E674D45}"
EndProject
Project("{FAE04EC0-301F-11D3-BF4B-00C04F79EFBC}") = "CollectionGener3", "CollectionGener3\CollectionGener3.csproj", "{66FD2137-14B8-4691-BDA8-599FF2BA662A}"
EndProject
Project("{FAE04EC0-301F-11D3-BF4B-00C04F79EFBC}") = "CollectionUser", "CollectionUser\CollectionUser.csproj", "{333F7C58-AC0A-4C8D-916C-30674C9BC13D}"
EndProject
Project("{FAE04EC0-301F-11D3-BF4B-00C04F79EFBC}") = "CollecttionUserGener", "CollecttionUserGener\CollecttionUserGener.csproj", "{676D9FF3-F2CE-4A66-967E-22A7570D8118}"
EndProject
Project("{FAE04EC0-301F-11D3-BF4B-00C04F79EFBC}") = "ListCollection", "List\ListCollection.csproj", "{E949BE79-D4EC-4DB4-BAA8-6FA13D634846}"
EndProject
Project("{2150E333-8FDC-42A3-9474-1A3956D46DE8}") = "P_01_Sys_Collect", "P_01_Sys_Collect", "{3BC0966B-083B-4263-9E04-C0845A4F02AF}"
EndProject
Project("{FAE04EC0-301F-11D3-BF4B-00C04F79EFBC}") = "SystemCollection_0", "SystemCollection_0\SystemCollection_0.csproj", "{899B982B-E62B-4E7D-9B5B-EAD627F7B823}"
EndProject
Project("{FAE04EC0-301F-11D3-BF4B-00C04F79EFBC}") = "SystemCollection_1", "SystemCollection_1\SystemCollection_1.csproj", "{34AE5544-5C28-4771-AF04-09CD055F7CE9}"
EndProject
Project("{FAE04EC0-301F-11D3-BF4B-00C04F79EFBC}") = "QueueDemo", "QueueDemo\QueueDemo.csproj", "{089A918F-3C40-4770-B8AA-21A5D369B26E}"
EndProject
Project("{FAE04EC0-301F-11D3-BF4B-00C04F79EFBC}") = "StackDemo", "StackDemo\StackDemo.csproj", "{6632968C-ADBC-4910-89DE-633BB9DBB7A7}"
EndProject
Project("{FAE04EC0-301F-11D3-BF4B-00C04F79EFBC}") = "HashtableDemo_01", "HashtableDemo_01\HashtableDemo_01.csproj", "{8C84CFC4-70F7-4A74-A178-6DE2FF45CACD}"
EndProject
Project("{FAE04EC0-301F-11D3-BF4B-00C04F79EFBC}") = "HashtableDemo_02", "HashtableDemo_02\HashtableDemo_02.csproj", "{67FBB7AB-EBE8-4A68-82D7-95E3B9862669}"
EndProject
Project("{FAE04EC0-301F-11D3-BF4B-00C04F79EFBC}") = "IEqualityComparerDemo_0", "IEqualityComparerDemo_0\IEqualityComparerDemo_0.csproj", "{93B76F98-65B8-48D2-90C5-9F7C2AFDE87A}"
EndProject
Project("{FAE04EC0-301F-11D3-BF4B-00C04F79EFBC}") = "SortedListDemo", "SortedListDemo\SortedListDemo.csproj", "{F640DC3F-8BB6-44B0-B37D-980A33295C41}"
EndProject
Project("{FAE04EC0-301F-11D3-BF4B-00C04F79EFBC}") = "ListDictionaryDemo", "ListDictionaryDemo\ListDictionaryDemo.csproj", "{662E0D58-3A73-44BB-A2F3-6ECF0696CCF8}"
EndProject
Project("{FAE04EC0-301F-11D3-BF4B-00C04F79EFBC}") = "BitArrayDemo", "BitArrayDemo\BitArrayDemo.csproj", "{7D42CCC0-A66F-43D0-B346-1D281B1C454F}"
EndProject
Project("{FAE04EC0-301F-11D3-BF4B-00C04F79EFBC}") = "BitVector32Dimo3", "ИшеМусещк32Вшьщ2\BitVector32Dimo3.csproj", "{47995A75-333B-43B9-BCD6-68DD86AA42B4}"
EndProject
Project("{FAE04EC0-301F-11D3-BF4B-00C04F79EFBC}") = "BitVector32Demo4", "BitVector32Demo4\BitVector32Demo4.csproj", "{9FAD3E55-3140-4BA8-BCC5-526606F8E202}"
EndProject
Project("{FAE04EC0-301F-11D3-BF4B-00C04F79EFBC}") = "ListGen", "ListGen\ListGen.csproj", "{77D46696-EDF3-4B49-A2C2-55587772ACF3}"
EndProject
Project("{2150E333-8FDC-42A3-9474-1A3956D46DE8}") = "P_02_Input_Outpu", "P_02_Input_Outpu", "{6E9E670A-8D41-4E88-BD4B-299443FD7E70}"
EndProject
Project("{FAE04EC0-301F-11D3-BF4B-00C04F79EFBC}") = "InputOutput", "InputOutput\InputOutput.csproj", "{7B4B6CA6-03F1-4C7E-B70A-410C00E433E1}"
EndProject
Project("{2150E333-8FDC-42A3-9474-1A3956D46DE8}") = "P_03_Text", "P_03_Text", "{9B522BF7-D9C3-47DB-8D09-E6BC29782736}"
EndProject
Project("{FAE04EC0-301F-11D3-BF4B-00C04F79EFBC}") = "TextWork", "TextWork\TextWork.csproj", "{07AC8012-CC56-43BD-AABE-901D166F8C15}"
EndProject
Project("{FAE04EC0-301F-11D3-BF4B-00C04F79EFBC}") = "Format", "Format\Format.csproj", "{EA08D98E-9530-41DD-BF8E-44F85E3202B6}"
EndProject
Project("{2150E333-8FDC-42A3-9474-1A3956D46DE8}") = "P_Pattern", "P_Pattern", "{9F75D988-9E6F-489E-9858-CA2BCAE319E0}"
EndProject
Project("{FAE04EC0-301F-11D3-BF4B-00C04F79EFBC}") = "Pattern_Factory", "Factory\Pattern_Factory.csproj", "{176427FD-B6A5-4DB2-AD66-9E4C79920E39}"
EndProject
Project("{FAE04EC0-301F-11D3-BF4B-00C04F79EFBC}") = "Pattern_Facade", "Pattern_Facade\Pattern_Facade.csproj", "{8CF98D7E-7E88-45BA-A68D-3BC0DA63140E}"
EndProject
Project("{FAE04EC0-301F-11D3-BF4B-00C04F79EFBC}") = "Pattern_Chain", "Pattern_Link\Pattern_Chain.csproj", "{77615DF3-4A63-4451-BBC1-00947F4855DC}"
EndProject
Project("{FAE04EC0-301F-11D3-BF4B-00C04F79EFBC}") = "Pattern_Publisher_Subscriber", "Pattern_Publisher_Subscriber\Pattern_Publisher_Subscriber.csproj", "{1D6B9905-7AD5-49AB-A52B-2681ADBE8034}"
EndProject
Project("{FAE04EC0-301F-11D3-BF4B-00C04F79EFBC}") = "Pattern_Abstract_Factory", "Pattern_Abstract_Factory\Pattern_Abstract_Factory.csproj", "{5D3BFDCF-2255-47C2-B6C0-CA2F6CC87613}"
EndProject
Project("{FAE04EC0-301F-11D3-BF4B-00C04F79EFBC}") = "Labirint", "Labirint\Labirint.csproj", "{5462A12A-1BB7-4D1C-A89A-E67A32EF30CA}"
EndProject
Project("{FAE04EC0-301F-11D3-BF4B-00C04F79EFBC}") = "CulturInfoForm", "CulturInfoForm\CulturInfoForm.csproj", "{CAAFC8A0-BE6B-4A35-B963-127731BAC42A}"
EndProject
Project("{FAE04EC0-301F-11D3-BF4B-00C04F79EFBC}") = "StringBasics", "StringBasics\StringBasics.csproj", "{DE79CE19-280E-4A48-B3C0-997D07ACE7DB}"
EndProject
Project("{FAE04EC0-301F-11D3-BF4B-00C04F79EFBC}") = "Pattern_Abstract_Factory_2", "Pattern_Abstract_Factory_2\Pattern_Abstract_Factory_2.csproj", "{8978D130-C79C-476C-A14F-6EADF0BD9EF0}"
EndProject
Project("{FAE04EC0-301F-11D3-BF4B-00C04F79EFBC}") = "Encoding_00", "Encoding_00\Encoding_00.csproj", "{D0083D26-0EB9-490D-9905-995F2F001674}"
EndProject
Project("{FAE04EC0-301F-11D3-BF4B-00C04F79EFBC}") = "Encoding_01", "Encoding_01\Encoding_01.csproj", "{115DE422-92A0-4206-A628-9AED276FC74E}"
EndProject
Project("{FAE04EC0-301F-11D3-BF4B-00C04F79EFBC}") = "RegularExpressions", "RegularExpressions\RegularExpressions.csproj", "{73F0026A-B5A7-4BD0-9DBE-139266CBC9C2}"
EndProject
Project("{FAE04EC0-301F-11D3-BF4B-00C04F79EFBC}") = "RegularExpressions2", "RegularExpressions2\RegularExpressions2.csproj", "{4E24EAE0-A2B5-483E-9962-B88F4B95D716}"
EndProject
Project("{FAE04EC0-301F-11D3-BF4B-00C04F79EFBC}") = "Pattern_Builder", "Pattern_Builder\Pattern_Builder.csproj", "{15A0F7F4-66B8-453A-BDFF-AE6752E4AFD5}"
EndProject
Project("{2150E333-8FDC-42A3-9474-1A3956D46DE8}") = "P_04_XML", "P_04_XML", "{F111BBD9-8029-4D6A-906B-997E0C4ED47A}"
EndProject
Project("{FAE04EC0-301F-11D3-BF4B-00C04F79EFBC}") = "XMLLanguage", "XMLLanguage\XMLLanguage.csproj", "{07CD0E21-B7DC-4C42-B7A1-132DE4EF8DBC}"
EndProject
Project("{9A19103F-16F7-4668-BE54-9A1E7A4F7556}") = "WPFAPlication1", "WPFAPlication1\WPFAPlication1.csproj", "{C0D6DC38-9D50-4E42-B871-1F6A93C9C7BF}"
EndProject
Project("{FAE04EC0-301F-11D3-BF4B-00C04F79EFBC}") = "XPathDocument", "XPathDocument\XPathDocument.csproj", "{C400B07B-34AC-4BE7-BD1C-2062C802BE38}"
EndProject
Project("{FAE04EC0-301F-11D3-BF4B-00C04F79EFBC}") = "Configuration1", "Configuration1\Configuration1.csproj", "{BE05DDA7-CA15-4067-AA16-6D5A5558409B}"
EndProject
Project("{FAE04EC0-301F-11D3-BF4B-00C04F79EFBC}") = "WindowsFormsApp1", "WindowsFormsApp1\WindowsFormsApp1.csproj", "{B3B7BC74-9D47-4C04-BC96-96BDF293880D}"
EndProject
Project("{FAE04EC0-301F-11D3-BF4B-00C04F79EFBC}") = "ReestersMy", "ReestersMy\ReestersMy.csproj", "{7B028123-1974-4891-8471-DA476297E425}"
EndProject
Project("{FAE04EC0-301F-11D3-BF4B-00C04F79EFBC}") = "RegisterBasics", "RegisterBasics\RegisterBasics.csproj", "{C07884F1-2965-47B4-8A9E-BCA5F99D5A22}"
EndProject
Project("{2150E333-8FDC-42A3-9474-1A3956D46DE8}") = "P_05_Reflection", "P_05_Reflection", "{39AF05EF-F874-43D0-9CDE-3248E23FABA7}"
EndProject
Project("{FAE04EC0-301F-11D3-BF4B-00C04F79EFBC}") = "TypeTest_1", "TypeTest_1\TypeTest_1.csproj", "{CF50ACBF-50B3-4C77-8E7B-F1C52EB7E0AB}"
EndProject
Project("{FAE04EC0-301F-11D3-BF4B-00C04F79EFBC}") = "TypeTest_2", "TypeTest_2\TypeTest_2.csproj", "{EC6875B6-55FE-4964-9B7E-834C458C6C1A}"
EndProject
Project("{FAE04EC0-301F-11D3-BF4B-00C04F79EFBC}") = "ClassLibrary1", "ClassLibrary1\ClassLibrary1.csproj", "{3BA4AF49-4E2B-4441-B6E2-76F47D306F98}"
EndProject
Project("{2150E333-8FDC-42A3-9474-1A3956D46DE8}") = "P_06_Atributs", "P_06_Atributs", "{C558E033-3FD3-40A8-969F-6AB22155F9AE}"
EndProject
Project("{FAE04EC0-301F-11D3-BF4B-00C04F79EFBC}") = "Attributes_001", "Attributes_001\Attributes_001.csproj", "{2224CE2D-1D98-4A21-BFE8-DC4E6911E6F8}"
EndProject
Project("{FAE04EC0-301F-11D3-BF4B-00C04F79EFBC}") = "Attributes_002", "Attributes_002\Attributes_002.csproj", "{062D5134-5A47-4D77-9E51-6E705F586886}"
EndProject
Project("{FAE04EC0-301F-11D3-BF4B-00C04F79EFBC}") = "Attributes_003", "Attributes_003\Attributes_003.csproj", "{65DEE7E1-F190-4F5C-A2B5-15228042C290}"
EndProject
Project("{FAE04EC0-301F-11D3-BF4B-00C04F79EFBC}") = "Attributes_004", "Attributes_004\Attributes_004.csproj", "{64A75E5F-C866-4DE1-B5CE-A3EFBD875CDF}"
EndProject
Project("{2150E333-8FDC-42A3-9474-1A3956D46DE8}") = "P_07_Serialization", "P_07_Serialization", "{8B26EB53-861A-4D3B-AA20-B83930BC7580}"
EndProject
Project("{FAE04EC0-301F-11D3-BF4B-00C04F79EFBC}") = "XML_001", "XML_001\XML_001.csproj", "{B6C99196-15F4-422A-848E-12D18EFE1E84}"
EndProject
Project("{FAE04EC0-301F-11D3-BF4B-00C04F79EFBC}") = "BinarySerializable", "BinarySerializable\BinarySerializable.csproj", "{8C9F7E62-B9F3-453C-8366-7D6A59CF6595}"
EndProject
Project("{FAE04EC0-301F-11D3-BF4B-00C04F79EFBC}") = "SerializableDemo", "SerializableDemo\SerializableDemo.csproj", "{D992C703-F04A-4DA0-9A8A-2081731D2694}"
EndProject
Project("{FAE04EC0-301F-11D3-BF4B-00C04F79EFBC}") = "ClassSerializationXML", "ClassSerializationXML\ClassSerializationXML.csproj", "{52B1A438-D044-4FE9-9675-E17824DCA84C}"
EndProject
Global
	GlobalSection(SolutionConfigurationPlatforms) = preSolution
		Debug|Any CPU = Debug|Any CPU
		Release|Any CPU = Release|Any CPU
	EndGlobalSection
	GlobalSection(ProjectConfigurationPlatforms) = postSolution
		{88C3626B-F381-4037-8635-8D44686809CD}.Debug|Any CPU.ActiveCfg = Debug|Any CPU
		{88C3626B-F381-4037-8635-8D44686809CD}.Debug|Any CPU.Build.0 = Debug|Any CPU
		{88C3626B-F381-4037-8635-8D44686809CD}.Release|Any CPU.ActiveCfg = Release|Any CPU
		{88C3626B-F381-4037-8635-8D44686809CD}.Release|Any CPU.Build.0 = Release|Any CPU
		{34DA76F1-E21C-4B18-BC36-1B3A5D701E6A}.Debug|Any CPU.ActiveCfg = Debug|Any CPU
		{34DA76F1-E21C-4B18-BC36-1B3A5D701E6A}.Debug|Any CPU.Build.0 = Debug|Any CPU
		{34DA76F1-E21C-4B18-BC36-1B3A5D701E6A}.Release|Any CPU.ActiveCfg = Release|Any CPU
		{34DA76F1-E21C-4B18-BC36-1B3A5D701E6A}.Release|Any CPU.Build.0 = Release|Any CPU
		{F293F1C7-572F-4FEA-81E0-6E5D5E674D45}.Debug|Any CPU.ActiveCfg = Debug|Any CPU
		{F293F1C7-572F-4FEA-81E0-6E5D5E674D45}.Debug|Any CPU.Build.0 = Debug|Any CPU
		{F293F1C7-572F-4FEA-81E0-6E5D5E674D45}.Release|Any CPU.ActiveCfg = Release|Any CPU
		{F293F1C7-572F-4FEA-81E0-6E5D5E674D45}.Release|Any CPU.Build.0 = Release|Any CPU
		{66FD2137-14B8-4691-BDA8-599FF2BA662A}.Debug|Any CPU.ActiveCfg = Debug|Any CPU
		{66FD2137-14B8-4691-BDA8-599FF2BA662A}.Debug|Any CPU.Build.0 = Debug|Any CPU
		{66FD2137-14B8-4691-BDA8-599FF2BA662A}.Release|Any CPU.ActiveCfg = Release|Any CPU
		{66FD2137-14B8-4691-BDA8-599FF2BA662A}.Release|Any CPU.Build.0 = Release|Any CPU
		{333F7C58-AC0A-4C8D-916C-30674C9BC13D}.Debug|Any CPU.ActiveCfg = Debug|Any CPU
		{333F7C58-AC0A-4C8D-916C-30674C9BC13D}.Debug|Any CPU.Build.0 = Debug|Any CPU
		{333F7C58-AC0A-4C8D-916C-30674C9BC13D}.Release|Any CPU.ActiveCfg = Release|Any CPU
		{333F7C58-AC0A-4C8D-916C-30674C9BC13D}.Release|Any CPU.Build.0 = Release|Any CPU
		{676D9FF3-F2CE-4A66-967E-22A7570D8118}.Debug|Any CPU.ActiveCfg = Debug|Any CPU
		{676D9FF3-F2CE-4A66-967E-22A7570D8118}.Debug|Any CPU.Build.0 = Debug|Any CPU
		{676D9FF3-F2CE-4A66-967E-22A7570D8118}.Release|Any CPU.ActiveCfg = Release|Any CPU
		{676D9FF3-F2CE-4A66-967E-22A7570D8118}.Release|Any CPU.Build.0 = Release|Any CPU
		{E949BE79-D4EC-4DB4-BAA8-6FA13D634846}.Debug|Any CPU.ActiveCfg = Debug|Any CPU
		{E949BE79-D4EC-4DB4-BAA8-6FA13D634846}.Debug|Any CPU.Build.0 = Debug|Any CPU
		{E949BE79-D4EC-4DB4-BAA8-6FA13D634846}.Release|Any CPU.ActiveCfg = Release|Any CPU
		{E949BE79-D4EC-4DB4-BAA8-6FA13D634846}.Release|Any CPU.Build.0 = Release|Any CPU
		{899B982B-E62B-4E7D-9B5B-EAD627F7B823}.Debug|Any CPU.ActiveCfg = Debug|Any CPU
		{899B982B-E62B-4E7D-9B5B-EAD627F7B823}.Debug|Any CPU.Build.0 = Debug|Any CPU
		{899B982B-E62B-4E7D-9B5B-EAD627F7B823}.Release|Any CPU.ActiveCfg = Release|Any CPU
		{899B982B-E62B-4E7D-9B5B-EAD627F7B823}.Release|Any CPU.Build.0 = Release|Any CPU
		{34AE5544-5C28-4771-AF04-09CD055F7CE9}.Debug|Any CPU.ActiveCfg = Debug|Any CPU
		{34AE5544-5C28-4771-AF04-09CD055F7CE9}.Debug|Any CPU.Build.0 = Debug|Any CPU
		{34AE5544-5C28-4771-AF04-09CD055F7CE9}.Release|Any CPU.ActiveCfg = Release|Any CPU
		{34AE5544-5C28-4771-AF04-09CD055F7CE9}.Release|Any CPU.Build.0 = Release|Any CPU
		{089A918F-3C40-4770-B8AA-21A5D369B26E}.Debug|Any CPU.ActiveCfg = Debug|Any CPU
		{089A918F-3C40-4770-B8AA-21A5D369B26E}.Debug|Any CPU.Build.0 = Debug|Any CPU
		{089A918F-3C40-4770-B8AA-21A5D369B26E}.Release|Any CPU.ActiveCfg = Release|Any CPU
		{089A918F-3C40-4770-B8AA-21A5D369B26E}.Release|Any CPU.Build.0 = Release|Any CPU
		{6632968C-ADBC-4910-89DE-633BB9DBB7A7}.Debug|Any CPU.ActiveCfg = Debug|Any CPU
		{6632968C-ADBC-4910-89DE-633BB9DBB7A7}.Debug|Any CPU.Build.0 = Debug|Any CPU
		{6632968C-ADBC-4910-89DE-633BB9DBB7A7}.Release|Any CPU.ActiveCfg = Release|Any CPU
		{6632968C-ADBC-4910-89DE-633BB9DBB7A7}.Release|Any CPU.Build.0 = Release|Any CPU
		{8C84CFC4-70F7-4A74-A178-6DE2FF45CACD}.Debug|Any CPU.ActiveCfg = Debug|Any CPU
		{8C84CFC4-70F7-4A74-A178-6DE2FF45CACD}.Debug|Any CPU.Build.0 = Debug|Any CPU
		{8C84CFC4-70F7-4A74-A178-6DE2FF45CACD}.Release|Any CPU.ActiveCfg = Release|Any CPU
		{8C84CFC4-70F7-4A74-A178-6DE2FF45CACD}.Release|Any CPU.Build.0 = Release|Any CPU
		{67FBB7AB-EBE8-4A68-82D7-95E3B9862669}.Debug|Any CPU.ActiveCfg = Debug|Any CPU
		{67FBB7AB-EBE8-4A68-82D7-95E3B9862669}.Debug|Any CPU.Build.0 = Debug|Any CPU
		{67FBB7AB-EBE8-4A68-82D7-95E3B9862669}.Release|Any CPU.ActiveCfg = Release|Any CPU
		{67FBB7AB-EBE8-4A68-82D7-95E3B9862669}.Release|Any CPU.Build.0 = Release|Any CPU
		{93B76F98-65B8-48D2-90C5-9F7C2AFDE87A}.Debug|Any CPU.ActiveCfg = Debug|Any CPU
		{93B76F98-65B8-48D2-90C5-9F7C2AFDE87A}.Debug|Any CPU.Build.0 = Debug|Any CPU
		{93B76F98-65B8-48D2-90C5-9F7C2AFDE87A}.Release|Any CPU.ActiveCfg = Release|Any CPU
		{93B76F98-65B8-48D2-90C5-9F7C2AFDE87A}.Release|Any CPU.Build.0 = Release|Any CPU
		{F640DC3F-8BB6-44B0-B37D-980A33295C41}.Debug|Any CPU.ActiveCfg = Debug|Any CPU
		{F640DC3F-8BB6-44B0-B37D-980A33295C41}.Debug|Any CPU.Build.0 = Debug|Any CPU
		{F640DC3F-8BB6-44B0-B37D-980A33295C41}.Release|Any CPU.ActiveCfg = Release|Any CPU
		{F640DC3F-8BB6-44B0-B37D-980A33295C41}.Release|Any CPU.Build.0 = Release|Any CPU
		{662E0D58-3A73-44BB-A2F3-6ECF0696CCF8}.Debug|Any CPU.ActiveCfg = Debug|Any CPU
		{662E0D58-3A73-44BB-A2F3-6ECF0696CCF8}.Debug|Any CPU.Build.0 = Debug|Any CPU
		{662E0D58-3A73-44BB-A2F3-6ECF0696CCF8}.Release|Any CPU.ActiveCfg = Release|Any CPU
		{662E0D58-3A73-44BB-A2F3-6ECF0696CCF8}.Release|Any CPU.Build.0 = Release|Any CPU
		{7D42CCC0-A66F-43D0-B346-1D281B1C454F}.Debug|Any CPU.ActiveCfg = Debug|Any CPU
		{7D42CCC0-A66F-43D0-B346-1D281B1C454F}.Debug|Any CPU.Build.0 = Debug|Any CPU
		{7D42CCC0-A66F-43D0-B346-1D281B1C454F}.Release|Any CPU.ActiveCfg = Release|Any CPU
		{7D42CCC0-A66F-43D0-B346-1D281B1C454F}.Release|Any CPU.Build.0 = Release|Any CPU
		{47995A75-333B-43B9-BCD6-68DD86AA42B4}.Debug|Any CPU.ActiveCfg = Debug|Any CPU
		{47995A75-333B-43B9-BCD6-68DD86AA42B4}.Debug|Any CPU.Build.0 = Debug|Any CPU
		{47995A75-333B-43B9-BCD6-68DD86AA42B4}.Release|Any CPU.ActiveCfg = Release|Any CPU
		{47995A75-333B-43B9-BCD6-68DD86AA42B4}.Release|Any CPU.Build.0 = Release|Any CPU
		{9FAD3E55-3140-4BA8-BCC5-526606F8E202}.Debug|Any CPU.ActiveCfg = Debug|Any CPU
		{9FAD3E55-3140-4BA8-BCC5-526606F8E202}.Debug|Any CPU.Build.0 = Debug|Any CPU
		{9FAD3E55-3140-4BA8-BCC5-526606F8E202}.Release|Any CPU.ActiveCfg = Release|Any CPU
		{9FAD3E55-3140-4BA8-BCC5-526606F8E202}.Release|Any CPU.Build.0 = Release|Any CPU
		{77D46696-EDF3-4B49-A2C2-55587772ACF3}.Debug|Any CPU.ActiveCfg = Debug|Any CPU
		{77D46696-EDF3-4B49-A2C2-55587772ACF3}.Debug|Any CPU.Build.0 = Debug|Any CPU
		{77D46696-EDF3-4B49-A2C2-55587772ACF3}.Release|Any CPU.ActiveCfg = Release|Any CPU
		{77D46696-EDF3-4B49-A2C2-55587772ACF3}.Release|Any CPU.Build.0 = Release|Any CPU
		{7B4B6CA6-03F1-4C7E-B70A-410C00E433E1}.Debug|Any CPU.ActiveCfg = Debug|Any CPU
		{7B4B6CA6-03F1-4C7E-B70A-410C00E433E1}.Debug|Any CPU.Build.0 = Debug|Any CPU
		{7B4B6CA6-03F1-4C7E-B70A-410C00E433E1}.Release|Any CPU.ActiveCfg = Release|Any CPU
		{7B4B6CA6-03F1-4C7E-B70A-410C00E433E1}.Release|Any CPU.Build.0 = Release|Any CPU
		{07AC8012-CC56-43BD-AABE-901D166F8C15}.Debug|Any CPU.ActiveCfg = Debug|Any CPU
		{07AC8012-CC56-43BD-AABE-901D166F8C15}.Debug|Any CPU.Build.0 = Debug|Any CPU
		{07AC8012-CC56-43BD-AABE-901D166F8C15}.Release|Any CPU.ActiveCfg = Release|Any CPU
		{07AC8012-CC56-43BD-AABE-901D166F8C15}.Release|Any CPU.Build.0 = Release|Any CPU
		{EA08D98E-9530-41DD-BF8E-44F85E3202B6}.Debug|Any CPU.ActiveCfg = Debug|Any CPU
		{EA08D98E-9530-41DD-BF8E-44F85E3202B6}.Debug|Any CPU.Build.0 = Debug|Any CPU
		{EA08D98E-9530-41DD-BF8E-44F85E3202B6}.Release|Any CPU.ActiveCfg = Release|Any CPU
		{EA08D98E-9530-41DD-BF8E-44F85E3202B6}.Release|Any CPU.Build.0 = Release|Any CPU
		{176427FD-B6A5-4DB2-AD66-9E4C79920E39}.Debug|Any CPU.ActiveCfg = Debug|Any CPU
		{176427FD-B6A5-4DB2-AD66-9E4C79920E39}.Debug|Any CPU.Build.0 = Debug|Any CPU
		{176427FD-B6A5-4DB2-AD66-9E4C79920E39}.Release|Any CPU.ActiveCfg = Release|Any CPU
		{176427FD-B6A5-4DB2-AD66-9E4C79920E39}.Release|Any CPU.Build.0 = Release|Any CPU
		{8CF98D7E-7E88-45BA-A68D-3BC0DA63140E}.Debug|Any CPU.ActiveCfg = Debug|Any CPU
		{8CF98D7E-7E88-45BA-A68D-3BC0DA63140E}.Debug|Any CPU.Build.0 = Debug|Any CPU
		{8CF98D7E-7E88-45BA-A68D-3BC0DA63140E}.Release|Any CPU.ActiveCfg = Release|Any CPU
		{8CF98D7E-7E88-45BA-A68D-3BC0DA63140E}.Release|Any CPU.Build.0 = Release|Any CPU
		{77615DF3-4A63-4451-BBC1-00947F4855DC}.Debug|Any CPU.ActiveCfg = Debug|Any CPU
		{77615DF3-4A63-4451-BBC1-00947F4855DC}.Debug|Any CPU.Build.0 = Debug|Any CPU
		{77615DF3-4A63-4451-BBC1-00947F4855DC}.Release|Any CPU.ActiveCfg = Release|Any CPU
		{77615DF3-4A63-4451-BBC1-00947F4855DC}.Release|Any CPU.Build.0 = Release|Any CPU
		{1D6B9905-7AD5-49AB-A52B-2681ADBE8034}.Debug|Any CPU.ActiveCfg = Debug|Any CPU
		{1D6B9905-7AD5-49AB-A52B-2681ADBE8034}.Debug|Any CPU.Build.0 = Debug|Any CPU
		{1D6B9905-7AD5-49AB-A52B-2681ADBE8034}.Release|Any CPU.ActiveCfg = Release|Any CPU
		{1D6B9905-7AD5-49AB-A52B-2681ADBE8034}.Release|Any CPU.Build.0 = Release|Any CPU
		{5D3BFDCF-2255-47C2-B6C0-CA2F6CC87613}.Debug|Any CPU.ActiveCfg = Debug|Any CPU
		{5D3BFDCF-2255-47C2-B6C0-CA2F6CC87613}.Debug|Any CPU.Build.0 = Debug|Any CPU
		{5D3BFDCF-2255-47C2-B6C0-CA2F6CC87613}.Release|Any CPU.ActiveCfg = Release|Any CPU
		{5D3BFDCF-2255-47C2-B6C0-CA2F6CC87613}.Release|Any CPU.Build.0 = Release|Any CPU
		{5462A12A-1BB7-4D1C-A89A-E67A32EF30CA}.Debug|Any CPU.ActiveCfg = Debug|Any CPU
		{5462A12A-1BB7-4D1C-A89A-E67A32EF30CA}.Debug|Any CPU.Build.0 = Debug|Any CPU
		{5462A12A-1BB7-4D1C-A89A-E67A32EF30CA}.Release|Any CPU.ActiveCfg = Release|Any CPU
		{5462A12A-1BB7-4D1C-A89A-E67A32EF30CA}.Release|Any CPU.Build.0 = Release|Any CPU
		{CAAFC8A0-BE6B-4A35-B963-127731BAC42A}.Debug|Any CPU.ActiveCfg = Debug|Any CPU
		{CAAFC8A0-BE6B-4A35-B963-127731BAC42A}.Debug|Any CPU.Build.0 = Debug|Any CPU
		{CAAFC8A0-BE6B-4A35-B963-127731BAC42A}.Release|Any CPU.ActiveCfg = Release|Any CPU
		{CAAFC8A0-BE6B-4A35-B963-127731BAC42A}.Release|Any CPU.Build.0 = Release|Any CPU
		{DE79CE19-280E-4A48-B3C0-997D07ACE7DB}.Debug|Any CPU.ActiveCfg = Debug|Any CPU
		{DE79CE19-280E-4A48-B3C0-997D07ACE7DB}.Debug|Any CPU.Build.0 = Debug|Any CPU
		{DE79CE19-280E-4A48-B3C0-997D07ACE7DB}.Release|Any CPU.ActiveCfg = Release|Any CPU
		{DE79CE19-280E-4A48-B3C0-997D07ACE7DB}.Release|Any CPU.Build.0 = Release|Any CPU
		{8978D130-C79C-476C-A14F-6EADF0BD9EF0}.Debug|Any CPU.ActiveCfg = Debug|Any CPU
		{8978D130-C79C-476C-A14F-6EADF0BD9EF0}.Debug|Any CPU.Build.0 = Debug|Any CPU
		{8978D130-C79C-476C-A14F-6EADF0BD9EF0}.Release|Any CPU.ActiveCfg = Release|Any CPU
		{8978D130-C79C-476C-A14F-6EADF0BD9EF0}.Release|Any CPU.Build.0 = Release|Any CPU
		{D0083D26-0EB9-490D-9905-995F2F001674}.Debug|Any CPU.ActiveCfg = Debug|Any CPU
		{D0083D26-0EB9-490D-9905-995F2F001674}.Debug|Any CPU.Build.0 = Debug|Any CPU
		{D0083D26-0EB9-490D-9905-995F2F001674}.Release|Any CPU.ActiveCfg = Release|Any CPU
		{D0083D26-0EB9-490D-9905-995F2F001674}.Release|Any CPU.Build.0 = Release|Any CPU
		{115DE422-92A0-4206-A628-9AED276FC74E}.Debug|Any CPU.ActiveCfg = Debug|Any CPU
		{115DE422-92A0-4206-A628-9AED276FC74E}.Debug|Any CPU.Build.0 = Debug|Any CPU
		{115DE422-92A0-4206-A628-9AED276FC74E}.Release|Any CPU.ActiveCfg = Release|Any CPU
		{115DE422-92A0-4206-A628-9AED276FC74E}.Release|Any CPU.Build.0 = Release|Any CPU
		{73F0026A-B5A7-4BD0-9DBE-139266CBC9C2}.Debug|Any CPU.ActiveCfg = Debug|Any CPU
		{73F0026A-B5A7-4BD0-9DBE-139266CBC9C2}.Debug|Any CPU.Build.0 = Debug|Any CPU
		{73F0026A-B5A7-4BD0-9DBE-139266CBC9C2}.Release|Any CPU.ActiveCfg = Release|Any CPU
		{73F0026A-B5A7-4BD0-9DBE-139266CBC9C2}.Release|Any CPU.Build.0 = Release|Any CPU
		{4E24EAE0-A2B5-483E-9962-B88F4B95D716}.Debug|Any CPU.ActiveCfg = Debug|Any CPU
		{4E24EAE0-A2B5-483E-9962-B88F4B95D716}.Debug|Any CPU.Build.0 = Debug|Any CPU
		{4E24EAE0-A2B5-483E-9962-B88F4B95D716}.Release|Any CPU.ActiveCfg = Release|Any CPU
		{4E24EAE0-A2B5-483E-9962-B88F4B95D716}.Release|Any CPU.Build.0 = Release|Any CPU
		{15A0F7F4-66B8-453A-BDFF-AE6752E4AFD5}.Debug|Any CPU.ActiveCfg = Debug|Any CPU
		{15A0F7F4-66B8-453A-BDFF-AE6752E4AFD5}.Debug|Any CPU.Build.0 = Debug|Any CPU
		{15A0F7F4-66B8-453A-BDFF-AE6752E4AFD5}.Release|Any CPU.ActiveCfg = Release|Any CPU
		{15A0F7F4-66B8-453A-BDFF-AE6752E4AFD5}.Release|Any CPU.Build.0 = Release|Any CPU
		{07CD0E21-B7DC-4C42-B7A1-132DE4EF8DBC}.Debug|Any CPU.ActiveCfg = Debug|Any CPU
		{07CD0E21-B7DC-4C42-B7A1-132DE4EF8DBC}.Debug|Any CPU.Build.0 = Debug|Any CPU
		{07CD0E21-B7DC-4C42-B7A1-132DE4EF8DBC}.Release|Any CPU.ActiveCfg = Release|Any CPU
		{07CD0E21-B7DC-4C42-B7A1-132DE4EF8DBC}.Release|Any CPU.Build.0 = Release|Any CPU
		{C0D6DC38-9D50-4E42-B871-1F6A93C9C7BF}.Debug|Any CPU.ActiveCfg = Debug|Any CPU
		{C0D6DC38-9D50-4E42-B871-1F6A93C9C7BF}.Debug|Any CPU.Build.0 = Debug|Any CPU
		{C0D6DC38-9D50-4E42-B871-1F6A93C9C7BF}.Release|Any CPU.ActiveCfg = Release|Any CPU
		{C0D6DC38-9D50-4E42-B871-1F6A93C9C7BF}.Release|Any CPU.Build.0 = Release|Any CPU
		{C400B07B-34AC-4BE7-BD1C-2062C802BE38}.Debug|Any CPU.ActiveCfg = Debug|Any CPU
		{C400B07B-34AC-4BE7-BD1C-2062C802BE38}.Debug|Any CPU.Build.0 = Debug|Any CPU
		{C400B07B-34AC-4BE7-BD1C-2062C802BE38}.Release|Any CPU.ActiveCfg = Release|Any CPU
		{C400B07B-34AC-4BE7-BD1C-2062C802BE38}.Release|Any CPU.Build.0 = Release|Any CPU
		{BE05DDA7-CA15-4067-AA16-6D5A5558409B}.Debug|Any CPU.ActiveCfg = Debug|Any CPU
		{BE05DDA7-CA15-4067-AA16-6D5A5558409B}.Debug|Any CPU.Build.0 = Debug|Any CPU
		{BE05DDA7-CA15-4067-AA16-6D5A5558409B}.Release|Any CPU.ActiveCfg = Release|Any CPU
		{BE05DDA7-CA15-4067-AA16-6D5A5558409B}.Release|Any CPU.Build.0 = Release|Any CPU
		{B3B7BC74-9D47-4C04-BC96-96BDF293880D}.Debug|Any CPU.ActiveCfg = Debug|Any CPU
		{B3B7BC74-9D47-4C04-BC96-96BDF293880D}.Debug|Any CPU.Build.0 = Debug|Any CPU
		{B3B7BC74-9D47-4C04-BC96-96BDF293880D}.Release|Any CPU.ActiveCfg = Release|Any CPU
		{B3B7BC74-9D47-4C04-BC96-96BDF293880D}.Release|Any CPU.Build.0 = Release|Any CPU
		{7B028123-1974-4891-8471-DA476297E425}.Debug|Any CPU.ActiveCfg = Debug|Any CPU
		{7B028123-1974-4891-8471-DA476297E425}.Debug|Any CPU.Build.0 = Debug|Any CPU
		{7B028123-1974-4891-8471-DA476297E425}.Release|Any CPU.ActiveCfg = Release|Any CPU
		{7B028123-1974-4891-8471-DA476297E425}.Release|Any CPU.Build.0 = Release|Any CPU
		{C07884F1-2965-47B4-8A9E-BCA5F99D5A22}.Debug|Any CPU.ActiveCfg = Debug|Any CPU
		{C07884F1-2965-47B4-8A9E-BCA5F99D5A22}.Debug|Any CPU.Build.0 = Debug|Any CPU
		{C07884F1-2965-47B4-8A9E-BCA5F99D5A22}.Release|Any CPU.ActiveCfg = Release|Any CPU
		{C07884F1-2965-47B4-8A9E-BCA5F99D5A22}.Release|Any CPU.Build.0 = Release|Any CPU
		{CF50ACBF-50B3-4C77-8E7B-F1C52EB7E0AB}.Debug|Any CPU.ActiveCfg = Debug|Any CPU
		{CF50ACBF-50B3-4C77-8E7B-F1C52EB7E0AB}.Debug|Any CPU.Build.0 = Debug|Any CPU
		{CF50ACBF-50B3-4C77-8E7B-F1C52EB7E0AB}.Release|Any CPU.ActiveCfg = Release|Any CPU
		{CF50ACBF-50B3-4C77-8E7B-F1C52EB7E0AB}.Release|Any CPU.Build.0 = Release|Any CPU
		{EC6875B6-55FE-4964-9B7E-834C458C6C1A}.Debug|Any CPU.ActiveCfg = Debug|Any CPU
		{EC6875B6-55FE-4964-9B7E-834C458C6C1A}.Debug|Any CPU.Build.0 = Debug|Any CPU
		{EC6875B6-55FE-4964-9B7E-834C458C6C1A}.Release|Any CPU.ActiveCfg = Release|Any CPU
		{EC6875B6-55FE-4964-9B7E-834C458C6C1A}.Release|Any CPU.Build.0 = Release|Any CPU
		{3BA4AF49-4E2B-4441-B6E2-76F47D306F98}.Debug|Any CPU.ActiveCfg = Debug|Any CPU
		{3BA4AF49-4E2B-4441-B6E2-76F47D306F98}.Debug|Any CPU.Build.0 = Debug|Any CPU
		{3BA4AF49-4E2B-4441-B6E2-76F47D306F98}.Release|Any CPU.ActiveCfg = Release|Any CPU
		{3BA4AF49-4E2B-4441-B6E2-76F47D306F98}.Release|Any CPU.Build.0 = Release|Any CPU
		{2224CE2D-1D98-4A21-BFE8-DC4E6911E6F8}.Debug|Any CPU.ActiveCfg = Debug|Any CPU
		{2224CE2D-1D98-4A21-BFE8-DC4E6911E6F8}.Debug|Any CPU.Build.0 = Debug|Any CPU
		{2224CE2D-1D98-4A21-BFE8-DC4E6911E6F8}.Release|Any CPU.ActiveCfg = Release|Any CPU
		{2224CE2D-1D98-4A21-BFE8-DC4E6911E6F8}.Release|Any CPU.Build.0 = Release|Any CPU
		{062D5134-5A47-4D77-9E51-6E705F586886}.Debug|Any CPU.ActiveCfg = Debug|Any CPU
		{062D5134-5A47-4D77-9E51-6E705F586886}.Debug|Any CPU.Build.0 = Debug|Any CPU
		{062D5134-5A47-4D77-9E51-6E705F586886}.Release|Any CPU.ActiveCfg = Release|Any CPU
		{062D5134-5A47-4D77-9E51-6E705F586886}.Release|Any CPU.Build.0 = Release|Any CPU
		{65DEE7E1-F190-4F5C-A2B5-15228042C290}.Debug|Any CPU.ActiveCfg = Debug|Any CPU
		{65DEE7E1-F190-4F5C-A2B5-15228042C290}.Debug|Any CPU.Build.0 = Debug|Any CPU
		{65DEE7E1-F190-4F5C-A2B5-15228042C290}.Release|Any CPU.ActiveCfg = Release|Any CPU
		{65DEE7E1-F190-4F5C-A2B5-15228042C290}.Release|Any CPU.Build.0 = Release|Any CPU
		{64A75E5F-C866-4DE1-B5CE-A3EFBD875CDF}.Debug|Any CPU.ActiveCfg = Debug|Any CPU
		{64A75E5F-C866-4DE1-B5CE-A3EFBD875CDF}.Debug|Any CPU.Build.0 = Debug|Any CPU
		{64A75E5F-C866-4DE1-B5CE-A3EFBD875CDF}.Release|Any CPU.ActiveCfg = Release|Any CPU
		{64A75E5F-C866-4DE1-B5CE-A3EFBD875CDF}.Release|Any CPU.Build.0 = Release|Any CPU
		{B6C99196-15F4-422A-848E-12D18EFE1E84}.Debug|Any CPU.ActiveCfg = Debug|Any CPU
		{B6C99196-15F4-422A-848E-12D18EFE1E84}.Debug|Any CPU.Build.0 = Debug|Any CPU
		{B6C99196-15F4-422A-848E-12D18EFE1E84}.Release|Any CPU.ActiveCfg = Release|Any CPU
		{B6C99196-15F4-422A-848E-12D18EFE1E84}.Release|Any CPU.Build.0 = Release|Any CPU
		{8C9F7E62-B9F3-453C-8366-7D6A59CF6595}.Debug|Any CPU.ActiveCfg = Debug|Any CPU
		{8C9F7E62-B9F3-453C-8366-7D6A59CF6595}.Debug|Any CPU.Build.0 = Debug|Any CPU
		{8C9F7E62-B9F3-453C-8366-7D6A59CF6595}.Release|Any CPU.ActiveCfg = Release|Any CPU
		{8C9F7E62-B9F3-453C-8366-7D6A59CF6595}.Release|Any CPU.Build.0 = Release|Any CPU
		{D992C703-F04A-4DA0-9A8A-2081731D2694}.Debug|Any CPU.ActiveCfg = Debug|Any CPU
		{D992C703-F04A-4DA0-9A8A-2081731D2694}.Debug|Any CPU.Build.0 = Debug|Any CPU
		{D992C703-F04A-4DA0-9A8A-2081731D2694}.Release|Any CPU.ActiveCfg = Release|Any CPU
		{D992C703-F04A-4DA0-9A8A-2081731D2694}.Release|Any CPU.Build.0 = Release|Any CPU
		{52B1A438-D044-4FE9-9675-E17824DCA84C}.Debug|Any CPU.ActiveCfg = Debug|Any CPU
		{52B1A438-D044-4FE9-9675-E17824DCA84C}.Debug|Any CPU.Build.0 = Debug|Any CPU
		{52B1A438-D044-4FE9-9675-E17824DCA84C}.Release|Any CPU.ActiveCfg = Release|Any CPU
		{52B1A438-D044-4FE9-9675-E17824DCA84C}.Release|Any CPU.Build.0 = Release|Any CPU
	EndGlobalSection
	GlobalSection(SolutionProperties) = preSolution
		HideSolutionNode = FALSE
	EndGlobalSection
	GlobalSection(NestedProjects) = preSolution
		{88C3626B-F381-4037-8635-8D44686809CD} = {53ED6536-F8D8-4A3F-86C3-539E100E492B}
		{34DA76F1-E21C-4B18-BC36-1B3A5D701E6A} = {53ED6536-F8D8-4A3F-86C3-539E100E492B}
		{F293F1C7-572F-4FEA-81E0-6E5D5E674D45} = {53ED6536-F8D8-4A3F-86C3-539E100E492B}
		{66FD2137-14B8-4691-BDA8-599FF2BA662A} = {53ED6536-F8D8-4A3F-86C3-539E100E492B}
		{333F7C58-AC0A-4C8D-916C-30674C9BC13D} = {53ED6536-F8D8-4A3F-86C3-539E100E492B}
		{676D9FF3-F2CE-4A66-967E-22A7570D8118} = {53ED6536-F8D8-4A3F-86C3-539E100E492B}
		{E949BE79-D4EC-4DB4-BAA8-6FA13D634846} = {53ED6536-F8D8-4A3F-86C3-539E100E492B}
		{899B982B-E62B-4E7D-9B5B-EAD627F7B823} = {3BC0966B-083B-4263-9E04-C0845A4F02AF}
		{34AE5544-5C28-4771-AF04-09CD055F7CE9} = {3BC0966B-083B-4263-9E04-C0845A4F02AF}
		{089A918F-3C40-4770-B8AA-21A5D369B26E} = {3BC0966B-083B-4263-9E04-C0845A4F02AF}
		{6632968C-ADBC-4910-89DE-633BB9DBB7A7} = {3BC0966B-083B-4263-9E04-C0845A4F02AF}
		{8C84CFC4-70F7-4A74-A178-6DE2FF45CACD} = {3BC0966B-083B-4263-9E04-C0845A4F02AF}
		{67FBB7AB-EBE8-4A68-82D7-95E3B9862669} = {3BC0966B-083B-4263-9E04-C0845A4F02AF}
		{93B76F98-65B8-48D2-90C5-9F7C2AFDE87A} = {3BC0966B-083B-4263-9E04-C0845A4F02AF}
		{F640DC3F-8BB6-44B0-B37D-980A33295C41} = {3BC0966B-083B-4263-9E04-C0845A4F02AF}
		{662E0D58-3A73-44BB-A2F3-6ECF0696CCF8} = {3BC0966B-083B-4263-9E04-C0845A4F02AF}
		{7D42CCC0-A66F-43D0-B346-1D281B1C454F} = {3BC0966B-083B-4263-9E04-C0845A4F02AF}
		{47995A75-333B-43B9-BCD6-68DD86AA42B4} = {3BC0966B-083B-4263-9E04-C0845A4F02AF}
		{9FAD3E55-3140-4BA8-BCC5-526606F8E202} = {3BC0966B-083B-4263-9E04-C0845A4F02AF}
		{77D46696-EDF3-4B49-A2C2-55587772ACF3} = {3BC0966B-083B-4263-9E04-C0845A4F02AF}
		{7B4B6CA6-03F1-4C7E-B70A-410C00E433E1} = {6E9E670A-8D41-4E88-BD4B-299443FD7E70}
		{07AC8012-CC56-43BD-AABE-901D166F8C15} = {9B522BF7-D9C3-47DB-8D09-E6BC29782736}
		{EA08D98E-9530-41DD-BF8E-44F85E3202B6} = {9B522BF7-D9C3-47DB-8D09-E6BC29782736}
		{176427FD-B6A5-4DB2-AD66-9E4C79920E39} = {9F75D988-9E6F-489E-9858-CA2BCAE319E0}
		{8CF98D7E-7E88-45BA-A68D-3BC0DA63140E} = {9F75D988-9E6F-489E-9858-CA2BCAE319E0}
		{77615DF3-4A63-4451-BBC1-00947F4855DC} = {9F75D988-9E6F-489E-9858-CA2BCAE319E0}
		{1D6B9905-7AD5-49AB-A52B-2681ADBE8034} = {9F75D988-9E6F-489E-9858-CA2BCAE319E0}
		{5D3BFDCF-2255-47C2-B6C0-CA2F6CC87613} = {9F75D988-9E6F-489E-9858-CA2BCAE319E0}
		{5462A12A-1BB7-4D1C-A89A-E67A32EF30CA} = {9F75D988-9E6F-489E-9858-CA2BCAE319E0}
		{CAAFC8A0-BE6B-4A35-B963-127731BAC42A} = {9B522BF7-D9C3-47DB-8D09-E6BC29782736}
		{DE79CE19-280E-4A48-B3C0-997D07ACE7DB} = {9B522BF7-D9C3-47DB-8D09-E6BC29782736}
		{8978D130-C79C-476C-A14F-6EADF0BD9EF0} = {9F75D988-9E6F-489E-9858-CA2BCAE319E0}
		{D0083D26-0EB9-490D-9905-995F2F001674} = {9B522BF7-D9C3-47DB-8D09-E6BC29782736}
		{115DE422-92A0-4206-A628-9AED276FC74E} = {9B522BF7-D9C3-47DB-8D09-E6BC29782736}
		{73F0026A-B5A7-4BD0-9DBE-139266CBC9C2} = {9B522BF7-D9C3-47DB-8D09-E6BC29782736}
		{4E24EAE0-A2B5-483E-9962-B88F4B95D716} = {9B522BF7-D9C3-47DB-8D09-E6BC29782736}
		{15A0F7F4-66B8-453A-BDFF-AE6752E4AFD5} = {9F75D988-9E6F-489E-9858-CA2BCAE319E0}
		{07CD0E21-B7DC-4C42-B7A1-132DE4EF8DBC} = {F111BBD9-8029-4D6A-906B-997E0C4ED47A}
		{C0D6DC38-9D50-4E42-B871-1F6A93C9C7BF} = {F111BBD9-8029-4D6A-906B-997E0C4ED47A}
		{C400B07B-34AC-4BE7-BD1C-2062C802BE38} = {F111BBD9-8029-4D6A-906B-997E0C4ED47A}
		{BE05DDA7-CA15-4067-AA16-6D5A5558409B} = {F111BBD9-8029-4D6A-906B-997E0C4ED47A}
		{B3B7BC74-9D47-4C04-BC96-96BDF293880D} = {F111BBD9-8029-4D6A-906B-997E0C4ED47A}
		{7B028123-1974-4891-8471-DA476297E425} = {F111BBD9-8029-4D6A-906B-997E0C4ED47A}
		{C07884F1-2965-47B4-8A9E-BCA5F99D5A22} = {F111BBD9-8029-4D6A-906B-997E0C4ED47A}
		{CF50ACBF-50B3-4C77-8E7B-F1C52EB7E0AB} = {39AF05EF-F874-43D0-9CDE-3248E23FABA7}
		{EC6875B6-55FE-4964-9B7E-834C458C6C1A} = {39AF05EF-F874-43D0-9CDE-3248E23FABA7}
		{3BA4AF49-4E2B-4441-B6E2-76F47D306F98} = {39AF05EF-F874-43D0-9CDE-3248E23FABA7}
		{2224CE2D-1D98-4A21-BFE8-DC4E6911E6F8} = {C558E033-3FD3-40A8-969F-6AB22155F9AE}
		{062D5134-5A47-4D77-9E51-6E705F586886} = {C558E033-3FD3-40A8-969F-6AB22155F9AE}
		{65DEE7E1-F190-4F5C-A2B5-15228042C290} = {C558E033-3FD3-40A8-969F-6AB22155F9AE}
		{64A75E5F-C866-4DE1-B5CE-A3EFBD875CDF} = {C558E033-3FD3-40A8-969F-6AB22155F9AE}
		{B6C99196-15F4-422A-848E-12D18EFE1E84} = {8B26EB53-861A-4D3B-AA20-B83930BC7580}
		{8C9F7E62-B9F3-453C-8366-7D6A59CF6595} = {8B26EB53-861A-4D3B-AA20-B83930BC7580}
		{D992C703-F04A-4DA0-9A8A-2081731D2694} = {8B26EB53-861A-4D3B-AA20-B83930BC7580}
		{52B1A438-D044-4FE9-9675-E17824DCA84C} = {8B26EB53-861A-4D3B-AA20-B83930BC7580}
	EndGlobalSection
	GlobalSection(ExtensibilityGlobals) = postSolution
		SolutionGuid = {853BFA3C-3352-4931-8B10-69F18A1BBA2D}
	EndGlobalSection
EndGlobal
