
Microsoft Visual Studio Solution File, Format Version 12.00
# Visual Studio Version 17
VisualStudioVersion = 17.5.33627.172
MinimumVisualStudioVersion = 10.0.40219.1
Project("{FAE04EC0-301F-11D3-BF4B-00C04F79EFBC}") = "P_00_Collection", "Professional\P_00_Collection.csproj", "{88C3626B-F381-4037-8635-8D44686809CD}"
EndProject
Project("{2150E333-8FDC-42A3-9474-1A3956D46DE8}") = "P_00_Collection", "P_00_Collection", "{53ED6536-F8D8-4A3F-86C3-539E100E492B}"
EndProject
Project("{FAE04EC0-301F-11D3-BF4B-00C04F79EFBC}") = "CollectionGener", "CollectionGener\CollectionGener.csproj", "{34DA76F1-E21C-4B18-BC36-1B3A5D701E6A}"
EndProject
Project("{FAE04EC0-301F-11D3-BF4B-00C04F79EFBC}") = "CollectionGener2", "CollectionGener2\CollectionGener2.csproj", "{F293F1C7-572F-4FEA-81E0-6E5D5E674D45}"
EndProject
Project("{FAE04EC0-301F-11D3-BF4B-00C04F79EFBC}") = "CollectionGener3", "CollectionGener3\CollectionGener3.csproj", "{66FD2137-14B8-4691-BDA8-599FF2BA662A}"
EndProject
Project("{FAE04EC0-301F-11D3-BF4B-00C04F79EFBC}") = "CollectionUser", "CollectionUser\CollectionUser.csproj", "{333F7C58-AC0A-4C8D-916C-30674C9BC13D}"
EndProject
Project("{FAE04EC0-301F-11D3-BF4B-00C04F79EFBC}") = "CollecttionUserGener", "CollecttionUserGener\CollecttionUserGener.csproj", "{676D9FF3-F2CE-4A66-967E-22A7570D8118}"
EndProject
Project("{FAE04EC0-301F-11D3-BF4B-00C04F79EFBC}") = "ListCollection", "List\ListCollection.csproj", "{E949BE79-D4EC-4DB4-BAA8-6FA13D634846}"
EndProject
Project("{2150E333-8FDC-42A3-9474-1A3956D46DE8}") = "P_01_Sys_Collect", "P_01_Sys_Collect", "{3BC0966B-083B-4263-9E04-C0845A4F02AF}"
EndProject
Project("{FAE04EC0-301F-11D3-BF4B-00C04F79EFBC}") = "SystemCollection_0", "SystemCollection_0\SystemCollection_0.csproj", "{899B982B-E62B-4E7D-9B5B-EAD627F7B823}"
EndProject
Project("{FAE04EC0-301F-11D3-BF4B-00C04F79EFBC}") = "SystemCollection_1", "SystemCollection_1\SystemCollection_1.csproj", "{34AE5544-5C28-4771-AF04-09CD055F7CE9}"
EndProject
Global
	GlobalSection(SolutionConfigurationPlatforms) = preSolution
		Debug|Any CPU = Debug|Any CPU
		Release|Any CPU = Release|Any CPU
	EndGlobalSection
	GlobalSection(ProjectConfigurationPlatforms) = postSolution
		{88C3626B-F381-4037-8635-8D44686809CD}.Debug|Any CPU.ActiveCfg = Debug|Any CPU
		{88C3626B-F381-4037-8635-8D44686809CD}.Debug|Any CPU.Build.0 = Debug|Any CPU
		{88C3626B-F381-4037-8635-8D44686809CD}.Release|Any CPU.ActiveCfg = Release|Any CPU
		{88C3626B-F381-4037-8635-8D44686809CD}.Release|Any CPU.Build.0 = Release|Any CPU
		{34DA76F1-E21C-4B18-BC36-1B3A5D701E6A}.Debug|Any CPU.ActiveCfg = Debug|Any CPU
		{34DA76F1-E21C-4B18-BC36-1B3A5D701E6A}.Debug|Any CPU.Build.0 = Debug|Any CPU
		{34DA76F1-E21C-4B18-BC36-1B3A5D701E6A}.Release|Any CPU.ActiveCfg = Release|Any CPU
		{34DA76F1-E21C-4B18-BC36-1B3A5D701E6A}.Release|Any CPU.Build.0 = Release|Any CPU
		{F293F1C7-572F-4FEA-81E0-6E5D5E674D45}.Debug|Any CPU.ActiveCfg = Debug|Any CPU
		{F293F1C7-572F-4FEA-81E0-6E5D5E674D45}.Debug|Any CPU.Build.0 = Debug|Any CPU
		{F293F1C7-572F-4FEA-81E0-6E5D5E674D45}.Release|Any CPU.ActiveCfg = Release|Any CPU
		{F293F1C7-572F-4FEA-81E0-6E5D5E674D45}.Release|Any CPU.Build.0 = Release|Any CPU
		{66FD2137-14B8-4691-BDA8-599FF2BA662A}.Debug|Any CPU.ActiveCfg = Debug|Any CPU
		{66FD2137-14B8-4691-BDA8-599FF2BA662A}.Debug|Any CPU.Build.0 = Debug|Any CPU
		{66FD2137-14B8-4691-BDA8-599FF2BA662A}.Release|Any CPU.ActiveCfg = Release|Any CPU
		{66FD2137-14B8-4691-BDA8-599FF2BA662A}.Release|Any CPU.Build.0 = Release|Any CPU
		{333F7C58-AC0A-4C8D-916C-30674C9BC13D}.Debug|Any CPU.ActiveCfg = Debug|Any CPU
		{333F7C58-AC0A-4C8D-916C-30674C9BC13D}.Debug|Any CPU.Build.0 = Debug|Any CPU
		{333F7C58-AC0A-4C8D-916C-30674C9BC13D}.Release|Any CPU.ActiveCfg = Release|Any CPU
		{333F7C58-AC0A-4C8D-916C-30674C9BC13D}.Release|Any CPU.Build.0 = Release|Any CPU
		{676D9FF3-F2CE-4A66-967E-22A7570D8118}.Debug|Any CPU.ActiveCfg = Debug|Any CPU
		{676D9FF3-F2CE-4A66-967E-22A7570D8118}.Debug|Any CPU.Build.0 = Debug|Any CPU
		{676D9FF3-F2CE-4A66-967E-22A7570D8118}.Release|Any CPU.ActiveCfg = Release|Any CPU
		{676D9FF3-F2CE-4A66-967E-22A7570D8118}.Release|Any CPU.Build.0 = Release|Any CPU
		{E949BE79-D4EC-4DB4-BAA8-6FA13D634846}.Debug|Any CPU.ActiveCfg = Debug|Any CPU
		{E949BE79-D4EC-4DB4-BAA8-6FA13D634846}.Debug|Any CPU.Build.0 = Debug|Any CPU
		{E949BE79-D4EC-4DB4-BAA8-6FA13D634846}.Release|Any CPU.ActiveCfg = Release|Any CPU
		{E949BE79-D4EC-4DB4-BAA8-6FA13D634846}.Release|Any CPU.Build.0 = Release|Any CPU
		{899B982B-E62B-4E7D-9B5B-EAD627F7B823}.Debug|Any CPU.ActiveCfg = Debug|Any CPU
		{899B982B-E62B-4E7D-9B5B-EAD627F7B823}.Debug|Any CPU.Build.0 = Debug|Any CPU
		{899B982B-E62B-4E7D-9B5B-EAD627F7B823}.Release|Any CPU.ActiveCfg = Release|Any CPU
		{899B982B-E62B-4E7D-9B5B-EAD627F7B823}.Release|Any CPU.Build.0 = Release|Any CPU
		{34AE5544-5C28-4771-AF04-09CD055F7CE9}.Debug|Any CPU.ActiveCfg = Debug|Any CPU
		{34AE5544-5C28-4771-AF04-09CD055F7CE9}.Debug|Any CPU.Build.0 = Debug|Any CPU
		{34AE5544-5C28-4771-AF04-09CD055F7CE9}.Release|Any CPU.ActiveCfg = Release|Any CPU
		{34AE5544-5C28-4771-AF04-09CD055F7CE9}.Release|Any CPU.Build.0 = Release|Any CPU
	EndGlobalSection
	GlobalSection(SolutionProperties) = preSolution
		HideSolutionNode = FALSE
	EndGlobalSection
	GlobalSection(NestedProjects) = preSolution
		{88C3626B-F381-4037-8635-8D44686809CD} = {53ED6536-F8D8-4A3F-86C3-539E100E492B}
		{34DA76F1-E21C-4B18-BC36-1B3A5D701E6A} = {53ED6536-F8D8-4A3F-86C3-539E100E492B}
		{F293F1C7-572F-4FEA-81E0-6E5D5E674D45} = {53ED6536-F8D8-4A3F-86C3-539E100E492B}
		{66FD2137-14B8-4691-BDA8-599FF2BA662A} = {53ED6536-F8D8-4A3F-86C3-539E100E492B}
		{333F7C58-AC0A-4C8D-916C-30674C9BC13D} = {53ED6536-F8D8-4A3F-86C3-539E100E492B}
		{676D9FF3-F2CE-4A66-967E-22A7570D8118} = {53ED6536-F8D8-4A3F-86C3-539E100E492B}
		{E949BE79-D4EC-4DB4-BAA8-6FA13D634846} = {53ED6536-F8D8-4A3F-86C3-539E100E492B}
		{899B982B-E62B-4E7D-9B5B-EAD627F7B823} = {3BC0966B-083B-4263-9E04-C0845A4F02AF}
		{34AE5544-5C28-4771-AF04-09CD055F7CE9} = {3BC0966B-083B-4263-9E04-C0845A4F02AF}
	EndGlobalSection
	GlobalSection(ExtensibilityGlobals) = postSolution
		SolutionGuid = {853BFA3C-3352-4931-8B10-69F18A1BBA2D}
	EndGlobalSection
EndGlobal
