
Microsoft Visual Studio Solution File, Format Version 12.00
# Visual Studio Version 16
VisualStudioVersion = 16.0.31424.327
MinimumVisualStudioVersion = 10.0.40219.1
Project("{FAE04EC0-301F-11D3-BF4B-00C04F79EFBC}") = "ConsoleApp1", "ConsoleApp1\ConsoleApp1.csproj", "{C81D889E-CB33-455E-A538-E2D2626DEF6D}"
EndProject
Global
	GlobalSection(SolutionConfigurationPlatforms) = preSolution
		Debug|Any CPU = Debug|Any CPU
		Release|Any CPU = Release|Any CPU
	EndGlobalSection
	GlobalSection(ProjectConfigurationPlatforms) = postSolution
		{C81D889E-CB33-455E-A538-E2D2626DEF6D}.Debug|Any CPU.ActiveCfg = Debug|Any CPU
		{C81D889E-CB33-455E-A538-E2D2626DEF6D}.Debug|Any CPU.Build.0 = Debug|Any CPU
		{C81D889E-CB33-455E-A538-E2D2626DEF6D}.Release|Any CPU.ActiveCfg = Release|Any CPU
		{C81D889E-CB33-455E-A538-E2D2626DEF6D}.Release|Any CPU.Build.0 = Release|Any CPU
	EndGlobalSection
	GlobalSection(SolutionProperties) = preSolution
		HideSolutionNode = FALSE
	EndGlobalSection
	GlobalSection(ExtensibilityGlobals) = postSolution
		SolutionGuid = {75A1B1A9-527C-4D1A-817B-4A0C44D62ABA}
	EndGlobalSection
EndGlobal
