
Microsoft Visual Studio Solution File, Format Version 12.00
# Visual Studio Version 16
VisualStudioVersion = 16.0.31424.327
MinimumVisualStudioVersion = 10.0.40219.1
Project("{FAE04EC0-301F-11D3-BF4B-00C04F79EFBC}") = "ITVDN_Lessons_1", "ITVDN_Lessons_1\ITVDN_Lessons_1.csproj", "{B027A806-96CE-45D2-A2CA-5B239C6203C7}"
EndProject
Global
	GlobalSection(SolutionConfigurationPlatforms) = preSolution
		Debug|Any CPU = Debug|Any CPU
		Release|Any CPU = Release|Any CPU
	EndGlobalSection
	GlobalSection(ProjectConfigurationPlatforms) = postSolution
		{B027A806-96CE-45D2-A2CA-5B239C6203C7}.Debug|Any CPU.ActiveCfg = Debug|Any CPU
		{B027A806-96CE-45D2-A2CA-5B239C6203C7}.Debug|Any CPU.Build.0 = Debug|Any CPU
		{B027A806-96CE-45D2-A2CA-5B239C6203C7}.Release|Any CPU.ActiveCfg = Release|Any CPU
		{B027A806-96CE-45D2-A2CA-5B239C6203C7}.Release|Any CPU.Build.0 = Release|Any CPU
	EndGlobalSection
	GlobalSection(SolutionProperties) = preSolution
		HideSolutionNode = FALSE
	EndGlobalSection
	GlobalSection(ExtensibilityGlobals) = postSolution
		SolutionGuid = {6B1FCDD4-AABF-45F1-BC49-BE5512B2E384}
	EndGlobalSection
EndGlobal
