
Microsoft Visual Studio Solution File, Format Version 12.00
# Visual Studio Version 17
VisualStudioVersion = 17.6.33815.320
MinimumVisualStudioVersion = 10.0.40219.1
Project("{FAE04EC0-301F-11D3-BF4B-00C04F79EFBC}") = "WindowsApp", "WindowsApp\WindowsApp.csproj", "{FE61F953-E47D-41AB-BFCF-45F0935D4152}"
EndProject
Project("{FAE04EC0-301F-11D3-BF4B-00C04F79EFBC}") = "WindowsFormsControlLibrary1", "WindowsFormsControlLibrary1\WindowsFormsControlLibrary1.csproj", "{B33BB5DE-A98D-4342-A6A5-89025C84EAFC}"
EndProject
Project("{FAE04EC0-301F-11D3-BF4B-00C04F79EFBC}") = "ClassLibrary1", "ClassLibrary1\ClassLibrary1.csproj", "{24C50DA1-CDB2-4532-9769-5C635DDA7206}"
EndProject
Project("{FAE04EC0-301F-11D3-BF4B-00C04F79EFBC}") = "DataForm", "DataForm\DataForm.csproj", "{7F9E409B-8996-4887-BD63-BCC0081374AE}"
EndProject
Project("{FAE04EC0-301F-11D3-BF4B-00C04F79EFBC}") = "COMObject", "COMObject\COMObject.csproj", "{84529A8F-6CBE-4302-B8AB-062BFC79C374}"
EndProject
Project("{FAE04EC0-301F-11D3-BF4B-00C04F79EFBC}") = "MyCom", "MyCom\MyCom.csproj", "{ABAAFEEB-D885-41A6-833C-EFF9FC0351BF}"
EndProject
Project("{FAE04EC0-301F-11D3-BF4B-00C04F79EFBC}") = "PrintDocumentForm", "PrintDocumentForm\PrintDocumentForm.csproj", "{750B49BC-52C1-4ACA-816A-575CFC771E7D}"
EndProject
Project("{FAE04EC0-301F-11D3-BF4B-00C04F79EFBC}") = "AsynchronForm", "AsynchronForm\AsynchronForm.csproj", "{B4E7257F-323C-41C5-9276-CEEE49DDFFE1}"
EndProject
Global
	GlobalSection(SolutionConfigurationPlatforms) = preSolution
		Debug|Any CPU = Debug|Any CPU
		Release|Any CPU = Release|Any CPU
	EndGlobalSection
	GlobalSection(ProjectConfigurationPlatforms) = postSolution
		{FE61F953-E47D-41AB-BFCF-45F0935D4152}.Debug|Any CPU.ActiveCfg = Debug|Any CPU
		{FE61F953-E47D-41AB-BFCF-45F0935D4152}.Debug|Any CPU.Build.0 = Debug|Any CPU
		{FE61F953-E47D-41AB-BFCF-45F0935D4152}.Release|Any CPU.ActiveCfg = Release|Any CPU
		{FE61F953-E47D-41AB-BFCF-45F0935D4152}.Release|Any CPU.Build.0 = Release|Any CPU
		{B33BB5DE-A98D-4342-A6A5-89025C84EAFC}.Debug|Any CPU.ActiveCfg = Debug|Any CPU
		{B33BB5DE-A98D-4342-A6A5-89025C84EAFC}.Debug|Any CPU.Build.0 = Debug|Any CPU
		{B33BB5DE-A98D-4342-A6A5-89025C84EAFC}.Release|Any CPU.ActiveCfg = Release|Any CPU
		{B33BB5DE-A98D-4342-A6A5-89025C84EAFC}.Release|Any CPU.Build.0 = Release|Any CPU
		{24C50DA1-CDB2-4532-9769-5C635DDA7206}.Debug|Any CPU.ActiveCfg = Debug|Any CPU
		{24C50DA1-CDB2-4532-9769-5C635DDA7206}.Debug|Any CPU.Build.0 = Debug|Any CPU
		{24C50DA1-CDB2-4532-9769-5C635DDA7206}.Release|Any CPU.ActiveCfg = Release|Any CPU
		{24C50DA1-CDB2-4532-9769-5C635DDA7206}.Release|Any CPU.Build.0 = Release|Any CPU
		{7F9E409B-8996-4887-BD63-BCC0081374AE}.Debug|Any CPU.ActiveCfg = Debug|Any CPU
		{7F9E409B-8996-4887-BD63-BCC0081374AE}.Debug|Any CPU.Build.0 = Debug|Any CPU
		{7F9E409B-8996-4887-BD63-BCC0081374AE}.Release|Any CPU.ActiveCfg = Release|Any CPU
		{7F9E409B-8996-4887-BD63-BCC0081374AE}.Release|Any CPU.Build.0 = Release|Any CPU
		{84529A8F-6CBE-4302-B8AB-062BFC79C374}.Debug|Any CPU.ActiveCfg = Debug|Any CPU
		{84529A8F-6CBE-4302-B8AB-062BFC79C374}.Debug|Any CPU.Build.0 = Debug|Any CPU
		{84529A8F-6CBE-4302-B8AB-062BFC79C374}.Release|Any CPU.ActiveCfg = Release|Any CPU
		{84529A8F-6CBE-4302-B8AB-062BFC79C374}.Release|Any CPU.Build.0 = Release|Any CPU
		{ABAAFEEB-D885-41A6-833C-EFF9FC0351BF}.Debug|Any CPU.ActiveCfg = Debug|Any CPU
		{ABAAFEEB-D885-41A6-833C-EFF9FC0351BF}.Debug|Any CPU.Build.0 = Debug|Any CPU
		{ABAAFEEB-D885-41A6-833C-EFF9FC0351BF}.Release|Any CPU.ActiveCfg = Release|Any CPU
		{ABAAFEEB-D885-41A6-833C-EFF9FC0351BF}.Release|Any CPU.Build.0 = Release|Any CPU
		{750B49BC-52C1-4ACA-816A-575CFC771E7D}.Debug|Any CPU.ActiveCfg = Debug|Any CPU
		{750B49BC-52C1-4ACA-816A-575CFC771E7D}.Debug|Any CPU.Build.0 = Debug|Any CPU
		{750B49BC-52C1-4ACA-816A-575CFC771E7D}.Release|Any CPU.ActiveCfg = Release|Any CPU
		{750B49BC-52C1-4ACA-816A-575CFC771E7D}.Release|Any CPU.Build.0 = Release|Any CPU
		{B4E7257F-323C-41C5-9276-CEEE49DDFFE1}.Debug|Any CPU.ActiveCfg = Debug|Any CPU
		{B4E7257F-323C-41C5-9276-CEEE49DDFFE1}.Debug|Any CPU.Build.0 = Debug|Any CPU
		{B4E7257F-323C-41C5-9276-CEEE49DDFFE1}.Release|Any CPU.ActiveCfg = Release|Any CPU
		{B4E7257F-323C-41C5-9276-CEEE49DDFFE1}.Release|Any CPU.Build.0 = Release|Any CPU
	EndGlobalSection
	GlobalSection(SolutionProperties) = preSolution
		HideSolutionNode = FALSE
	EndGlobalSection
	GlobalSection(ExtensibilityGlobals) = postSolution
		SolutionGuid = {708D1D8D-FA23-40C5-B976-54A691E61A11}
	EndGlobalSection
EndGlobal
