
Microsoft Visual Studio Solution File, Format Version 12.00
# Visual Studio Version 16
VisualStudioVersion = 16.0.31424.327
MinimumVisualStudioVersion = 10.0.40219.1
Project("{FAE04EC0-301F-11D3-BF4B-00C04F79EFBC}") = "lesson3", "lesson3\lesson3.csproj", "{603E49C2-8FCA-4950-9400-5956B9184E1E}"
EndProject
Global
	GlobalSection(SolutionConfigurationPlatforms) = preSolution
		Debug|Any CPU = Debug|Any CPU
		Release|Any CPU = Release|Any CPU
	EndGlobalSection
	GlobalSection(ProjectConfigurationPlatforms) = postSolution
		{603E49C2-8FCA-4950-9400-5956B9184E1E}.Debug|Any CPU.ActiveCfg = Debug|Any CPU
		{603E49C2-8FCA-4950-9400-5956B9184E1E}.Debug|Any CPU.Build.0 = Debug|Any CPU
		{603E49C2-8FCA-4950-9400-5956B9184E1E}.Release|Any CPU.ActiveCfg = Release|Any CPU
		{603E49C2-8FCA-4950-9400-5956B9184E1E}.Release|Any CPU.Build.0 = Release|Any CPU
	EndGlobalSection
	GlobalSection(SolutionProperties) = preSolution
		HideSolutionNode = FALSE
	EndGlobalSection
	GlobalSection(ExtensibilityGlobals) = postSolution
		SolutionGuid = {F39C593A-8B01-4E87-A1E1-26471AC932AA}
	EndGlobalSection
EndGlobal
