
Microsoft Visual Studio Solution File, Format Version 12.00
# Visual Studio Version 17
VisualStudioVersion = 17.3.32901.215
MinimumVisualStudioVersion = 10.0.40219.1
Project("{9A19103F-16F7-4668-BE54-9A1E7A4F7556}") = "001_ITVDN_Essential", "ITVDN_Essential\001_ITVDN_Essential.csproj", "{843757DF-335F-4C97-A9B6-A18915CCEE42}"
EndProject
Project("{9A19103F-16F7-4668-BE54-9A1E7A4F7556}") = "002_ITVDN_Essential", "002_ITVDN_Essential\002_ITVDN_Essential.csproj", "{E38B0C95-565D-46BF-A2E9-8B28BEF1CF8A}"
EndProject
Project("{9A19103F-16F7-4668-BE54-9A1E7A4F7556}") = "003_ITVDN_Abstraction", "003_ITVDN_Abstraction\003_ITVDN_Abstraction.csproj", "{64C52C80-C29D-4BC5-B4A2-C41844552AB8}"
EndProject
Project("{9A19103F-16F7-4668-BE54-9A1E7A4F7556}") = "004_ITVDN_Inheritance", "004_ITVDN_Inheritance\004_ITVDN_Inheritance.csproj", "{1A53D8B9-8B1D-4B9E-B2C8-433B7C32A6AE}"
EndProject
Project("{FAE04EC0-301F-11D3-BF4B-00C04F79EFBC}") = "005_ITVDN_Indexers", "005_ITVDN_Indexers\005_ITVDN_Indexers.csproj", "{68ED6ABB-C24D-4A94-97A6-0C758A1CA076}"
EndProject
Global
	GlobalSection(SolutionConfigurationPlatforms) = preSolution
		Debug|Any CPU = Debug|Any CPU
		Release|Any CPU = Release|Any CPU
	EndGlobalSection
	GlobalSection(ProjectConfigurationPlatforms) = postSolution
		{843757DF-335F-4C97-A9B6-A18915CCEE42}.Debug|Any CPU.ActiveCfg = Debug|Any CPU
		{843757DF-335F-4C97-A9B6-A18915CCEE42}.Debug|Any CPU.Build.0 = Debug|Any CPU
		{843757DF-335F-4C97-A9B6-A18915CCEE42}.Release|Any CPU.ActiveCfg = Release|Any CPU
		{843757DF-335F-4C97-A9B6-A18915CCEE42}.Release|Any CPU.Build.0 = Release|Any CPU
		{E38B0C95-565D-46BF-A2E9-8B28BEF1CF8A}.Debug|Any CPU.ActiveCfg = Debug|Any CPU
		{E38B0C95-565D-46BF-A2E9-8B28BEF1CF8A}.Debug|Any CPU.Build.0 = Debug|Any CPU
		{E38B0C95-565D-46BF-A2E9-8B28BEF1CF8A}.Release|Any CPU.ActiveCfg = Release|Any CPU
		{E38B0C95-565D-46BF-A2E9-8B28BEF1CF8A}.Release|Any CPU.Build.0 = Release|Any CPU
		{64C52C80-C29D-4BC5-B4A2-C41844552AB8}.Debug|Any CPU.ActiveCfg = Debug|Any CPU
		{64C52C80-C29D-4BC5-B4A2-C41844552AB8}.Debug|Any CPU.Build.0 = Debug|Any CPU
		{64C52C80-C29D-4BC5-B4A2-C41844552AB8}.Release|Any CPU.ActiveCfg = Release|Any CPU
		{64C52C80-C29D-4BC5-B4A2-C41844552AB8}.Release|Any CPU.Build.0 = Release|Any CPU
		{1A53D8B9-8B1D-4B9E-B2C8-433B7C32A6AE}.Debug|Any CPU.ActiveCfg = Debug|Any CPU
		{1A53D8B9-8B1D-4B9E-B2C8-433B7C32A6AE}.Debug|Any CPU.Build.0 = Debug|Any CPU
		{1A53D8B9-8B1D-4B9E-B2C8-433B7C32A6AE}.Release|Any CPU.ActiveCfg = Release|Any CPU
		{1A53D8B9-8B1D-4B9E-B2C8-433B7C32A6AE}.Release|Any CPU.Build.0 = Release|Any CPU
		{68ED6ABB-C24D-4A94-97A6-0C758A1CA076}.Debug|Any CPU.ActiveCfg = Debug|Any CPU
		{68ED6ABB-C24D-4A94-97A6-0C758A1CA076}.Debug|Any CPU.Build.0 = Debug|Any CPU
		{68ED6ABB-C24D-4A94-97A6-0C758A1CA076}.Release|Any CPU.ActiveCfg = Release|Any CPU
		{68ED6ABB-C24D-4A94-97A6-0C758A1CA076}.Release|Any CPU.Build.0 = Release|Any CPU
	EndGlobalSection
	GlobalSection(SolutionProperties) = preSolution
		HideSolutionNode = FALSE
	EndGlobalSection
	GlobalSection(ExtensibilityGlobals) = postSolution
		SolutionGuid = {15473F90-3DC7-4BEA-945B-F11778407C6D}
	EndGlobalSection
EndGlobal
