
Microsoft Visual Studio Solution File, Format Version 12.00
# Visual Studio Version 16
VisualStudioVersion = 16.0.31424.327
MinimumVisualStudioVersion = 10.0.40219.1
Project("{FAE04EC0-301F-11D3-BF4B-00C04F79EFBC}") = "Animal", "Animal\Animal.csproj", "{30CB74A4-736A-4145-B4C4-1EFE15C04180}"
EndProject
Global
	GlobalSection(SolutionConfigurationPlatforms) = preSolution
		Debug|Any CPU = Debug|Any CPU
		Release|Any CPU = Release|Any CPU
	EndGlobalSection
	GlobalSection(ProjectConfigurationPlatforms) = postSolution
		{30CB74A4-736A-4145-B4C4-1EFE15C04180}.Debug|Any CPU.ActiveCfg = Debug|Any CPU
		{30CB74A4-736A-4145-B4C4-1EFE15C04180}.Debug|Any CPU.Build.0 = Debug|Any CPU
		{30CB74A4-736A-4145-B4C4-1EFE15C04180}.Release|Any CPU.ActiveCfg = Release|Any CPU
		{30CB74A4-736A-4145-B4C4-1EFE15C04180}.Release|Any CPU.Build.0 = Release|Any CPU
	EndGlobalSection
	GlobalSection(SolutionProperties) = preSolution
		HideSolutionNode = FALSE
	EndGlobalSection
	GlobalSection(ExtensibilityGlobals) = postSolution
		SolutionGuid = {03CD9A86-7B08-44B7-9C67-20B75942DC3B}
	EndGlobalSection
EndGlobal
