
Microsoft Visual Studio Solution File, Format Version 12.00
# Visual Studio Version 17
VisualStudioVersion = 17.3.32901.215
MinimumVisualStudioVersion = 10.0.40219.1
Project("{FAE04EC0-301F-11D3-BF4B-00C04F79EFBC}") = "ITVDN_2022_OOP", "ITVDN_2022_OOP\ITVDN_2022_OOP.csproj", "{83074170-0157-4A2C-9693-CE14A0487A40}"
EndProject
Project("{FAE04EC0-301F-11D3-BF4B-00C04F79EFBC}") = "OOP_000", "OOP_000\OOP_000.csproj", "{33CE4830-E3B0-44EF-AD1B-382FC02D3ED7}"
EndProject
Project("{FAE04EC0-301F-11D3-BF4B-00C04F79EFBC}") = "OOP_001", "OOP_001\OOP_001.csproj", "{4373C3D6-05A0-4D2B-A15F-0EDF387F72D2}"
EndProject
Global
	GlobalSection(SolutionConfigurationPlatforms) = preSolution
		Debug|Any CPU = Debug|Any CPU
		Release|Any CPU = Release|Any CPU
	EndGlobalSection
	GlobalSection(ProjectConfigurationPlatforms) = postSolution
		{83074170-0157-4A2C-9693-CE14A0487A40}.Debug|Any CPU.ActiveCfg = Debug|Any CPU
		{83074170-0157-4A2C-9693-CE14A0487A40}.Debug|Any CPU.Build.0 = Debug|Any CPU
		{83074170-0157-4A2C-9693-CE14A0487A40}.Release|Any CPU.ActiveCfg = Release|Any CPU
		{83074170-0157-4A2C-9693-CE14A0487A40}.Release|Any CPU.Build.0 = Release|Any CPU
		{33CE4830-E3B0-44EF-AD1B-382FC02D3ED7}.Debug|Any CPU.ActiveCfg = Debug|Any CPU
		{33CE4830-E3B0-44EF-AD1B-382FC02D3ED7}.Debug|Any CPU.Build.0 = Debug|Any CPU
		{33CE4830-E3B0-44EF-AD1B-382FC02D3ED7}.Release|Any CPU.ActiveCfg = Release|Any CPU
		{33CE4830-E3B0-44EF-AD1B-382FC02D3ED7}.Release|Any CPU.Build.0 = Release|Any CPU
		{4373C3D6-05A0-4D2B-A15F-0EDF387F72D2}.Debug|Any CPU.ActiveCfg = Debug|Any CPU
		{4373C3D6-05A0-4D2B-A15F-0EDF387F72D2}.Debug|Any CPU.Build.0 = Debug|Any CPU
		{4373C3D6-05A0-4D2B-A15F-0EDF387F72D2}.Release|Any CPU.ActiveCfg = Release|Any CPU
		{4373C3D6-05A0-4D2B-A15F-0EDF387F72D2}.Release|Any CPU.Build.0 = Release|Any CPU
	EndGlobalSection
	GlobalSection(SolutionProperties) = preSolution
		HideSolutionNode = FALSE
	EndGlobalSection
	GlobalSection(ExtensibilityGlobals) = postSolution
		SolutionGuid = {4AC090AE-3A42-4B33-9A94-52FADCE7DF66}
	EndGlobalSection
EndGlobal
