
Microsoft Visual Studio Solution File, Format Version 12.00
# Visual Studio Version 17
VisualStudioVersion = 17.3.32901.215
MinimumVisualStudioVersion = 10.0.40219.1
Project("{FAE04EC0-301F-11D3-BF4B-00C04F79EFBC}") = "01_Class", "Essential\01_Class.csproj", "{E352E410-2113-4CC8-BB07-D0A9B8E3538F}"
EndProject
Project("{FAE04EC0-301F-11D3-BF4B-00C04F79EFBC}") = "02_Partial", "02_Partial\02_Partial.csproj", "{A9B085C8-5C05-46E6-BCAB-F2852B293A0D}"
EndProject
Project("{FAE04EC0-301F-11D3-BF4B-00C04F79EFBC}") = "03_Inheritance", "03_Inheritance\03_Inheritance.csproj", "{30249F2E-ECE2-4F65-A01B-2396DA23F54D}"
EndProject
Project("{FAE04EC0-301F-11D3-BF4B-00C04F79EFBC}") = "04_Abstraction_Interface", "04_Abstraction_Interface\04_Abstraction_Interface.csproj", "{941F9949-9BBF-4D9D-99B0-CDA29CB51697}"
EndProject
Project("{FAE04EC0-301F-11D3-BF4B-00C04F79EFBC}") = "05_Massive_Indecsator", "05_Massive_Indecsator\05_Massive_Indecsator.csproj", "{0202C30A-6081-4D8C-A8AC-D98447E791AD}"
EndProject
Project("{FAE04EC0-301F-11D3-BF4B-00C04F79EFBC}") = "06_Static", "06_Static\06_Static.csproj", "{65647B48-ED3B-477D-9D40-B1511DB17A04}"
EndProject
Project("{FAE04EC0-301F-11D3-BF4B-00C04F79EFBC}") = "07_Struct", "07_Struct\07_Struct.csproj", "{4280F528-4551-421F-A1CD-F21E44506F8A}"
EndProject
Project("{FAE04EC0-301F-11D3-BF4B-00C04F79EFBC}") = "08_Boxing", "08_Boxing\08_Boxing.csproj", "{FA1B864D-855A-4B15-84F3-E88493660D1B}"
EndProject
Project("{FAE04EC0-301F-11D3-BF4B-00C04F79EFBC}") = "09_Delegat", "09_Delegat\09_Delegat.csproj", "{30A20E6C-DE0B-4604-8EBA-C178B397BE3A}"
EndProject
Project("{FAE04EC0-301F-11D3-BF4B-00C04F79EFBC}") = "10_Universal_Type", "10_Universal_Type\10_Universal_Type.csproj", "{5D2C2520-F5C6-440E-9A98-4330E6B90CE8}"
EndProject
Project("{FAE04EC0-301F-11D3-BF4B-00C04F79EFBC}") = "11_Constrain", "11_Constrain\11_Constrain.csproj", "{A6F9F429-EF8F-4E3B-BCC4-11B5B2348EF0}"
EndProject
Project("{FAE04EC0-301F-11D3-BF4B-00C04F79EFBC}") = "12_Events", "12_Events\12_Events.csproj", "{413903AB-D860-4D58-9D1C-29F87C217471}"
EndProject
Project("{9A19103F-16F7-4668-BE54-9A1E7A4F7556}") = "WpfApp1", "WpfApp1\WpfApp1.csproj", "{C7E8A106-7B7D-4401-A769-BDADBCF054D7}"
EndProject
Project("{9A19103F-16F7-4668-BE54-9A1E7A4F7556}") = "WpfApp2", "WpfApp2\WpfApp2.csproj", "{BE923538-A36E-47F0-8A1B-4C5523C2124C}"
EndProject
Project("{FAE04EC0-301F-11D3-BF4B-00C04F79EFBC}") = "13_Stream", "13_Stream\13_Stream.csproj", "{FAFE8FCE-C071-4F6B-8419-1D1A377BBBB6}"
EndProject
Project("{2150E333-8FDC-42A3-9474-1A3956D46DE8}") = "13_Thread", "13_Thread", "{920C1365-B8CB-41EC-A486-0394675E6D4F}"
EndProject
Project("{FAE04EC0-301F-11D3-BF4B-00C04F79EFBC}") = "Threads", "Thread\Threads.csproj", "{37F9953D-883E-4645-95B4-E71694A68D83}"
EndProject
Project("{FAE04EC0-301F-11D3-BF4B-00C04F79EFBC}") = "Threads2", "Threads2\Threads2.csproj", "{CE60BC38-1F60-45C7-BA27-537C7A22D1B6}"
EndProject
Project("{FAE04EC0-301F-11D3-BF4B-00C04F79EFBC}") = "Threads3", "Threads3\Threads3.csproj", "{9A1DE9E8-9759-4600-BAEE-177228844B2F}"
EndProject
Project("{FAE04EC0-301F-11D3-BF4B-00C04F79EFBC}") = "Thread3", "Thread3\Thread3.csproj", "{4FEF220C-57A1-406F-95A5-6A3F011A4AF0}"
EndProject
Project("{FAE04EC0-301F-11D3-BF4B-00C04F79EFBC}") = "Thread4", "Thread4\Thread4.csproj", "{D6766379-5C02-4543-8219-692D45F918C4}"
EndProject
Project("{FAE04EC0-301F-11D3-BF4B-00C04F79EFBC}") = "Thread5", "Thread5\Thread5.csproj", "{F6DFCA06-5C9C-4C65-A8B7-B6CB4A167D19}"
EndProject
Project("{FAE04EC0-301F-11D3-BF4B-00C04F79EFBC}") = "14_Collesction", "14_Collesction\14_Collesction.csproj", "{8CB6CF0E-4FED-48C6-A803-2D65406D5340}"
EndProject
Project("{2150E333-8FDC-42A3-9474-1A3956D46DE8}") = "14_Collection", "14_Collection", "{73B83AEA-00CB-4B77-9A26-74BD9750F0B6}"
EndProject
Project("{FAE04EC0-301F-11D3-BF4B-00C04F79EFBC}") = "UserCollectionProject", "UserCollectionProject\UserCollectionProject.csproj", "{31EE557F-DD27-4E24-8D74-2A048227E4C3}"
EndProject
Project("{FAE04EC0-301F-11D3-BF4B-00C04F79EFBC}") = "15_Exception", "15_Exception\15_Exception.csproj", "{27A0431B-ECF2-45FA-88F6-95DDC5206A84}"
EndProject
Project("{FAE04EC0-301F-11D3-BF4B-00C04F79EFBC}") = "16_Reload", "16_Reload\16_Reload.csproj", "{E818B8FB-DB45-4D89-93FC-E1E30E26AC9F}"
EndProject
Project("{2150E333-8FDC-42A3-9474-1A3956D46DE8}") = "16_Clone", "16_Clone", "{738F8FA8-6FC6-4A80-9C55-0AEDBA62B4C9}"
EndProject
Project("{FAE04EC0-301F-11D3-BF4B-00C04F79EFBC}") = "ClassClone", "ClassClone\ClassClone.csproj", "{2284B400-251B-4838-8A57-1951B369D28C}"
EndProject
Project("{9A19103F-16F7-4668-BE54-9A1E7A4F7556}") = "ClassObject", "ClassObject\ClassObject.csproj", "{42DD6EED-C850-4DF4-9A5F-CA576EA001B7}"
EndProject
Project("{9A19103F-16F7-4668-BE54-9A1E7A4F7556}") = "ConsoleApp1", "ConsoleApp1\ConsoleApp1.csproj", "{FFF7E8F6-5D0C-40DC-954F-9BA45339D94B}"
EndProject
Project("{FAE04EC0-301F-11D3-BF4B-00C04F79EFBC}") = "Prototype", "Prototype\Prototype.csproj", "{3E7573BA-FB9E-40A4-A472-0C9A85C65592}"
EndProject
Project("{2150E333-8FDC-42A3-9474-1A3956D46DE8}") = "ICloneableWork", "ICloneableWork", "{5B4A6AA2-C801-4E73-A309-9CF0CF318608}"
EndProject
Project("{FAE04EC0-301F-11D3-BF4B-00C04F79EFBC}") = "ICloneableWork", "ICloneableWork\ICloneableWork.csproj", "{1BED65A1-E789-4B22-986A-C4E55C03C04A}"
EndProject
Project("{2150E333-8FDC-42A3-9474-1A3956D46DE8}") = "16_Operators", "16_Operators", "{96C055FE-F796-4DD7-979B-73063AB9F6DC}"
EndProject
Project("{FAE04EC0-301F-11D3-BF4B-00C04F79EFBC}") = "Operators", "Operators\Operators.csproj", "{98C7D8DB-3EB1-43C3-B920-27F8AD12E2D5}"
EndProject
Project("{FAE04EC0-301F-11D3-BF4B-00C04F79EFBC}") = "Explicit", "Explicit\Explicit.csproj", "{433B33A7-4C69-4F27-B03F-C64C23CA0135}"
EndProject
Global
	GlobalSection(SolutionConfigurationPlatforms) = preSolution
		Debug|Any CPU = Debug|Any CPU
		Release|Any CPU = Release|Any CPU
	EndGlobalSection
	GlobalSection(ProjectConfigurationPlatforms) = postSolution
		{E352E410-2113-4CC8-BB07-D0A9B8E3538F}.Debug|Any CPU.ActiveCfg = Debug|Any CPU
		{E352E410-2113-4CC8-BB07-D0A9B8E3538F}.Debug|Any CPU.Build.0 = Debug|Any CPU
		{E352E410-2113-4CC8-BB07-D0A9B8E3538F}.Release|Any CPU.ActiveCfg = Release|Any CPU
		{E352E410-2113-4CC8-BB07-D0A9B8E3538F}.Release|Any CPU.Build.0 = Release|Any CPU
		{A9B085C8-5C05-46E6-BCAB-F2852B293A0D}.Debug|Any CPU.ActiveCfg = Debug|Any CPU
		{A9B085C8-5C05-46E6-BCAB-F2852B293A0D}.Debug|Any CPU.Build.0 = Debug|Any CPU
		{A9B085C8-5C05-46E6-BCAB-F2852B293A0D}.Release|Any CPU.ActiveCfg = Release|Any CPU
		{A9B085C8-5C05-46E6-BCAB-F2852B293A0D}.Release|Any CPU.Build.0 = Release|Any CPU
		{30249F2E-ECE2-4F65-A01B-2396DA23F54D}.Debug|Any CPU.ActiveCfg = Debug|Any CPU
		{30249F2E-ECE2-4F65-A01B-2396DA23F54D}.Debug|Any CPU.Build.0 = Debug|Any CPU
		{30249F2E-ECE2-4F65-A01B-2396DA23F54D}.Release|Any CPU.ActiveCfg = Release|Any CPU
		{30249F2E-ECE2-4F65-A01B-2396DA23F54D}.Release|Any CPU.Build.0 = Release|Any CPU
		{941F9949-9BBF-4D9D-99B0-CDA29CB51697}.Debug|Any CPU.ActiveCfg = Debug|Any CPU
		{941F9949-9BBF-4D9D-99B0-CDA29CB51697}.Debug|Any CPU.Build.0 = Debug|Any CPU
		{941F9949-9BBF-4D9D-99B0-CDA29CB51697}.Release|Any CPU.ActiveCfg = Release|Any CPU
		{941F9949-9BBF-4D9D-99B0-CDA29CB51697}.Release|Any CPU.Build.0 = Release|Any CPU
		{0202C30A-6081-4D8C-A8AC-D98447E791AD}.Debug|Any CPU.ActiveCfg = Debug|Any CPU
		{0202C30A-6081-4D8C-A8AC-D98447E791AD}.Debug|Any CPU.Build.0 = Debug|Any CPU
		{0202C30A-6081-4D8C-A8AC-D98447E791AD}.Release|Any CPU.ActiveCfg = Release|Any CPU
		{0202C30A-6081-4D8C-A8AC-D98447E791AD}.Release|Any CPU.Build.0 = Release|Any CPU
		{65647B48-ED3B-477D-9D40-B1511DB17A04}.Debug|Any CPU.ActiveCfg = Debug|Any CPU
		{65647B48-ED3B-477D-9D40-B1511DB17A04}.Debug|Any CPU.Build.0 = Debug|Any CPU
		{65647B48-ED3B-477D-9D40-B1511DB17A04}.Release|Any CPU.ActiveCfg = Release|Any CPU
		{65647B48-ED3B-477D-9D40-B1511DB17A04}.Release|Any CPU.Build.0 = Release|Any CPU
		{4280F528-4551-421F-A1CD-F21E44506F8A}.Debug|Any CPU.ActiveCfg = Debug|Any CPU
		{4280F528-4551-421F-A1CD-F21E44506F8A}.Debug|Any CPU.Build.0 = Debug|Any CPU
		{4280F528-4551-421F-A1CD-F21E44506F8A}.Release|Any CPU.ActiveCfg = Release|Any CPU
		{4280F528-4551-421F-A1CD-F21E44506F8A}.Release|Any CPU.Build.0 = Release|Any CPU
		{FA1B864D-855A-4B15-84F3-E88493660D1B}.Debug|Any CPU.ActiveCfg = Debug|Any CPU
		{FA1B864D-855A-4B15-84F3-E88493660D1B}.Debug|Any CPU.Build.0 = Debug|Any CPU
		{FA1B864D-855A-4B15-84F3-E88493660D1B}.Release|Any CPU.ActiveCfg = Release|Any CPU
		{FA1B864D-855A-4B15-84F3-E88493660D1B}.Release|Any CPU.Build.0 = Release|Any CPU
		{30A20E6C-DE0B-4604-8EBA-C178B397BE3A}.Debug|Any CPU.ActiveCfg = Debug|Any CPU
		{30A20E6C-DE0B-4604-8EBA-C178B397BE3A}.Debug|Any CPU.Build.0 = Debug|Any CPU
		{30A20E6C-DE0B-4604-8EBA-C178B397BE3A}.Release|Any CPU.ActiveCfg = Release|Any CPU
		{30A20E6C-DE0B-4604-8EBA-C178B397BE3A}.Release|Any CPU.Build.0 = Release|Any CPU
		{5D2C2520-F5C6-440E-9A98-4330E6B90CE8}.Debug|Any CPU.ActiveCfg = Debug|Any CPU
		{5D2C2520-F5C6-440E-9A98-4330E6B90CE8}.Debug|Any CPU.Build.0 = Debug|Any CPU
		{5D2C2520-F5C6-440E-9A98-4330E6B90CE8}.Release|Any CPU.ActiveCfg = Release|Any CPU
		{5D2C2520-F5C6-440E-9A98-4330E6B90CE8}.Release|Any CPU.Build.0 = Release|Any CPU
		{A6F9F429-EF8F-4E3B-BCC4-11B5B2348EF0}.Debug|Any CPU.ActiveCfg = Debug|Any CPU
		{A6F9F429-EF8F-4E3B-BCC4-11B5B2348EF0}.Debug|Any CPU.Build.0 = Debug|Any CPU
		{A6F9F429-EF8F-4E3B-BCC4-11B5B2348EF0}.Release|Any CPU.ActiveCfg = Release|Any CPU
		{A6F9F429-EF8F-4E3B-BCC4-11B5B2348EF0}.Release|Any CPU.Build.0 = Release|Any CPU
		{413903AB-D860-4D58-9D1C-29F87C217471}.Debug|Any CPU.ActiveCfg = Debug|Any CPU
		{413903AB-D860-4D58-9D1C-29F87C217471}.Debug|Any CPU.Build.0 = Debug|Any CPU
		{413903AB-D860-4D58-9D1C-29F87C217471}.Release|Any CPU.ActiveCfg = Release|Any CPU
		{413903AB-D860-4D58-9D1C-29F87C217471}.Release|Any CPU.Build.0 = Release|Any CPU
		{C7E8A106-7B7D-4401-A769-BDADBCF054D7}.Debug|Any CPU.ActiveCfg = Debug|Any CPU
		{C7E8A106-7B7D-4401-A769-BDADBCF054D7}.Debug|Any CPU.Build.0 = Debug|Any CPU
		{C7E8A106-7B7D-4401-A769-BDADBCF054D7}.Release|Any CPU.ActiveCfg = Release|Any CPU
		{C7E8A106-7B7D-4401-A769-BDADBCF054D7}.Release|Any CPU.Build.0 = Release|Any CPU
		{BE923538-A36E-47F0-8A1B-4C5523C2124C}.Debug|Any CPU.ActiveCfg = Debug|Any CPU
		{BE923538-A36E-47F0-8A1B-4C5523C2124C}.Debug|Any CPU.Build.0 = Debug|Any CPU
		{BE923538-A36E-47F0-8A1B-4C5523C2124C}.Release|Any CPU.ActiveCfg = Release|Any CPU
		{BE923538-A36E-47F0-8A1B-4C5523C2124C}.Release|Any CPU.Build.0 = Release|Any CPU
		{FAFE8FCE-C071-4F6B-8419-1D1A377BBBB6}.Debug|Any CPU.ActiveCfg = Debug|Any CPU
		{FAFE8FCE-C071-4F6B-8419-1D1A377BBBB6}.Debug|Any CPU.Build.0 = Debug|Any CPU
		{FAFE8FCE-C071-4F6B-8419-1D1A377BBBB6}.Release|Any CPU.ActiveCfg = Release|Any CPU
		{FAFE8FCE-C071-4F6B-8419-1D1A377BBBB6}.Release|Any CPU.Build.0 = Release|Any CPU
		{37F9953D-883E-4645-95B4-E71694A68D83}.Debug|Any CPU.ActiveCfg = Debug|Any CPU
		{37F9953D-883E-4645-95B4-E71694A68D83}.Debug|Any CPU.Build.0 = Debug|Any CPU
		{37F9953D-883E-4645-95B4-E71694A68D83}.Release|Any CPU.ActiveCfg = Release|Any CPU
		{37F9953D-883E-4645-95B4-E71694A68D83}.Release|Any CPU.Build.0 = Release|Any CPU
		{CE60BC38-1F60-45C7-BA27-537C7A22D1B6}.Debug|Any CPU.ActiveCfg = Debug|Any CPU
		{CE60BC38-1F60-45C7-BA27-537C7A22D1B6}.Debug|Any CPU.Build.0 = Debug|Any CPU
		{CE60BC38-1F60-45C7-BA27-537C7A22D1B6}.Release|Any CPU.ActiveCfg = Release|Any CPU
		{CE60BC38-1F60-45C7-BA27-537C7A22D1B6}.Release|Any CPU.Build.0 = Release|Any CPU
		{9A1DE9E8-9759-4600-BAEE-177228844B2F}.Debug|Any CPU.ActiveCfg = Debug|Any CPU
		{9A1DE9E8-9759-4600-BAEE-177228844B2F}.Debug|Any CPU.Build.0 = Debug|Any CPU
		{9A1DE9E8-9759-4600-BAEE-177228844B2F}.Release|Any CPU.ActiveCfg = Release|Any CPU
		{9A1DE9E8-9759-4600-BAEE-177228844B2F}.Release|Any CPU.Build.0 = Release|Any CPU
		{4FEF220C-57A1-406F-95A5-6A3F011A4AF0}.Debug|Any CPU.ActiveCfg = Debug|Any CPU
		{4FEF220C-57A1-406F-95A5-6A3F011A4AF0}.Debug|Any CPU.Build.0 = Debug|Any CPU
		{4FEF220C-57A1-406F-95A5-6A3F011A4AF0}.Release|Any CPU.ActiveCfg = Release|Any CPU
		{4FEF220C-57A1-406F-95A5-6A3F011A4AF0}.Release|Any CPU.Build.0 = Release|Any CPU
		{D6766379-5C02-4543-8219-692D45F918C4}.Debug|Any CPU.ActiveCfg = Debug|Any CPU
		{D6766379-5C02-4543-8219-692D45F918C4}.Debug|Any CPU.Build.0 = Debug|Any CPU
		{D6766379-5C02-4543-8219-692D45F918C4}.Release|Any CPU.ActiveCfg = Release|Any CPU
		{D6766379-5C02-4543-8219-692D45F918C4}.Release|Any CPU.Build.0 = Release|Any CPU
		{F6DFCA06-5C9C-4C65-A8B7-B6CB4A167D19}.Debug|Any CPU.ActiveCfg = Debug|Any CPU
		{F6DFCA06-5C9C-4C65-A8B7-B6CB4A167D19}.Debug|Any CPU.Build.0 = Debug|Any CPU
		{F6DFCA06-5C9C-4C65-A8B7-B6CB4A167D19}.Release|Any CPU.ActiveCfg = Release|Any CPU
		{F6DFCA06-5C9C-4C65-A8B7-B6CB4A167D19}.Release|Any CPU.Build.0 = Release|Any CPU
		{8CB6CF0E-4FED-48C6-A803-2D65406D5340}.Debug|Any CPU.ActiveCfg = Debug|Any CPU
		{8CB6CF0E-4FED-48C6-A803-2D65406D5340}.Debug|Any CPU.Build.0 = Debug|Any CPU
		{8CB6CF0E-4FED-48C6-A803-2D65406D5340}.Release|Any CPU.ActiveCfg = Release|Any CPU
		{8CB6CF0E-4FED-48C6-A803-2D65406D5340}.Release|Any CPU.Build.0 = Release|Any CPU
		{31EE557F-DD27-4E24-8D74-2A048227E4C3}.Debug|Any CPU.ActiveCfg = Debug|Any CPU
		{31EE557F-DD27-4E24-8D74-2A048227E4C3}.Debug|Any CPU.Build.0 = Debug|Any CPU
		{31EE557F-DD27-4E24-8D74-2A048227E4C3}.Release|Any CPU.ActiveCfg = Release|Any CPU
		{31EE557F-DD27-4E24-8D74-2A048227E4C3}.Release|Any CPU.Build.0 = Release|Any CPU
		{27A0431B-ECF2-45FA-88F6-95DDC5206A84}.Debug|Any CPU.ActiveCfg = Debug|Any CPU
		{27A0431B-ECF2-45FA-88F6-95DDC5206A84}.Debug|Any CPU.Build.0 = Debug|Any CPU
		{27A0431B-ECF2-45FA-88F6-95DDC5206A84}.Release|Any CPU.ActiveCfg = Release|Any CPU
		{27A0431B-ECF2-45FA-88F6-95DDC5206A84}.Release|Any CPU.Build.0 = Release|Any CPU
		{E818B8FB-DB45-4D89-93FC-E1E30E26AC9F}.Debug|Any CPU.ActiveCfg = Debug|Any CPU
		{E818B8FB-DB45-4D89-93FC-E1E30E26AC9F}.Debug|Any CPU.Build.0 = Debug|Any CPU
		{E818B8FB-DB45-4D89-93FC-E1E30E26AC9F}.Release|Any CPU.ActiveCfg = Release|Any CPU
		{E818B8FB-DB45-4D89-93FC-E1E30E26AC9F}.Release|Any CPU.Build.0 = Release|Any CPU
		{2284B400-251B-4838-8A57-1951B369D28C}.Debug|Any CPU.ActiveCfg = Debug|Any CPU
		{2284B400-251B-4838-8A57-1951B369D28C}.Debug|Any CPU.Build.0 = Debug|Any CPU
		{2284B400-251B-4838-8A57-1951B369D28C}.Release|Any CPU.ActiveCfg = Release|Any CPU
		{2284B400-251B-4838-8A57-1951B369D28C}.Release|Any CPU.Build.0 = Release|Any CPU
		{42DD6EED-C850-4DF4-9A5F-CA576EA001B7}.Debug|Any CPU.ActiveCfg = Debug|Any CPU
		{42DD6EED-C850-4DF4-9A5F-CA576EA001B7}.Debug|Any CPU.Build.0 = Debug|Any CPU
		{42DD6EED-C850-4DF4-9A5F-CA576EA001B7}.Release|Any CPU.ActiveCfg = Release|Any CPU
		{42DD6EED-C850-4DF4-9A5F-CA576EA001B7}.Release|Any CPU.Build.0 = Release|Any CPU
		{FFF7E8F6-5D0C-40DC-954F-9BA45339D94B}.Debug|Any CPU.ActiveCfg = Debug|Any CPU
		{FFF7E8F6-5D0C-40DC-954F-9BA45339D94B}.Debug|Any CPU.Build.0 = Debug|Any CPU
		{FFF7E8F6-5D0C-40DC-954F-9BA45339D94B}.Release|Any CPU.ActiveCfg = Release|Any CPU
		{FFF7E8F6-5D0C-40DC-954F-9BA45339D94B}.Release|Any CPU.Build.0 = Release|Any CPU
		{3E7573BA-FB9E-40A4-A472-0C9A85C65592}.Debug|Any CPU.ActiveCfg = Debug|Any CPU
		{3E7573BA-FB9E-40A4-A472-0C9A85C65592}.Debug|Any CPU.Build.0 = Debug|Any CPU
		{3E7573BA-FB9E-40A4-A472-0C9A85C65592}.Release|Any CPU.ActiveCfg = Release|Any CPU
		{3E7573BA-FB9E-40A4-A472-0C9A85C65592}.Release|Any CPU.Build.0 = Release|Any CPU
		{1BED65A1-E789-4B22-986A-C4E55C03C04A}.Debug|Any CPU.ActiveCfg = Debug|Any CPU
		{1BED65A1-E789-4B22-986A-C4E55C03C04A}.Debug|Any CPU.Build.0 = Debug|Any CPU
		{1BED65A1-E789-4B22-986A-C4E55C03C04A}.Release|Any CPU.ActiveCfg = Release|Any CPU
		{1BED65A1-E789-4B22-986A-C4E55C03C04A}.Release|Any CPU.Build.0 = Release|Any CPU
		{98C7D8DB-3EB1-43C3-B920-27F8AD12E2D5}.Debug|Any CPU.ActiveCfg = Debug|Any CPU
		{98C7D8DB-3EB1-43C3-B920-27F8AD12E2D5}.Debug|Any CPU.Build.0 = Debug|Any CPU
		{98C7D8DB-3EB1-43C3-B920-27F8AD12E2D5}.Release|Any CPU.ActiveCfg = Release|Any CPU
		{98C7D8DB-3EB1-43C3-B920-27F8AD12E2D5}.Release|Any CPU.Build.0 = Release|Any CPU
		{433B33A7-4C69-4F27-B03F-C64C23CA0135}.Debug|Any CPU.ActiveCfg = Debug|Any CPU
		{433B33A7-4C69-4F27-B03F-C64C23CA0135}.Debug|Any CPU.Build.0 = Debug|Any CPU
		{433B33A7-4C69-4F27-B03F-C64C23CA0135}.Release|Any CPU.ActiveCfg = Release|Any CPU
		{433B33A7-4C69-4F27-B03F-C64C23CA0135}.Release|Any CPU.Build.0 = Release|Any CPU
	EndGlobalSection
	GlobalSection(SolutionProperties) = preSolution
		HideSolutionNode = FALSE
	EndGlobalSection
	GlobalSection(NestedProjects) = preSolution
		{37F9953D-883E-4645-95B4-E71694A68D83} = {920C1365-B8CB-41EC-A486-0394675E6D4F}
		{CE60BC38-1F60-45C7-BA27-537C7A22D1B6} = {920C1365-B8CB-41EC-A486-0394675E6D4F}
		{9A1DE9E8-9759-4600-BAEE-177228844B2F} = {920C1365-B8CB-41EC-A486-0394675E6D4F}
		{4FEF220C-57A1-406F-95A5-6A3F011A4AF0} = {920C1365-B8CB-41EC-A486-0394675E6D4F}
		{D6766379-5C02-4543-8219-692D45F918C4} = {920C1365-B8CB-41EC-A486-0394675E6D4F}
		{F6DFCA06-5C9C-4C65-A8B7-B6CB4A167D19} = {920C1365-B8CB-41EC-A486-0394675E6D4F}
		{31EE557F-DD27-4E24-8D74-2A048227E4C3} = {73B83AEA-00CB-4B77-9A26-74BD9750F0B6}
		{2284B400-251B-4838-8A57-1951B369D28C} = {738F8FA8-6FC6-4A80-9C55-0AEDBA62B4C9}
		{42DD6EED-C850-4DF4-9A5F-CA576EA001B7} = {738F8FA8-6FC6-4A80-9C55-0AEDBA62B4C9}
		{FFF7E8F6-5D0C-40DC-954F-9BA45339D94B} = {738F8FA8-6FC6-4A80-9C55-0AEDBA62B4C9}
		{3E7573BA-FB9E-40A4-A472-0C9A85C65592} = {738F8FA8-6FC6-4A80-9C55-0AEDBA62B4C9}
		{5B4A6AA2-C801-4E73-A309-9CF0CF318608} = {738F8FA8-6FC6-4A80-9C55-0AEDBA62B4C9}
		{1BED65A1-E789-4B22-986A-C4E55C03C04A} = {5B4A6AA2-C801-4E73-A309-9CF0CF318608}
		{98C7D8DB-3EB1-43C3-B920-27F8AD12E2D5} = {96C055FE-F796-4DD7-979B-73063AB9F6DC}
		{433B33A7-4C69-4F27-B03F-C64C23CA0135} = {96C055FE-F796-4DD7-979B-73063AB9F6DC}
	EndGlobalSection
	GlobalSection(ExtensibilityGlobals) = postSolution
		SolutionGuid = {F73D402B-1E83-4170-B8DE-480CE76E66E7}
	EndGlobalSection
EndGlobal
