
Microsoft Visual Studio Solution File, Format Version 12.00
# Visual Studio Version 17
VisualStudioVersion = 17.3.32901.215
MinimumVisualStudioVersion = 10.0.40219.1
Project("{FAE04EC0-301F-11D3-BF4B-00C04F79EFBC}") = "01_Class", "Essential\01_Class.csproj", "{E352E410-2113-4CC8-BB07-D0A9B8E3538F}"
EndProject
Project("{FAE04EC0-301F-11D3-BF4B-00C04F79EFBC}") = "02_Partial", "02_Partial\02_Partial.csproj", "{A9B085C8-5C05-46E6-BCAB-F2852B293A0D}"
EndProject
Project("{FAE04EC0-301F-11D3-BF4B-00C04F79EFBC}") = "03_Inheritance", "03_Inheritance\03_Inheritance.csproj", "{30249F2E-ECE2-4F65-A01B-2396DA23F54D}"
EndProject
Project("{FAE04EC0-301F-11D3-BF4B-00C04F79EFBC}") = "04_Abstraction_Interface", "04_Abstraction_Interface\04_Abstraction_Interface.csproj", "{941F9949-9BBF-4D9D-99B0-CDA29CB51697}"
EndProject
Project("{FAE04EC0-301F-11D3-BF4B-00C04F79EFBC}") = "05_Massive_Indecsator", "05_Massive_Indecsator\05_Massive_Indecsator.csproj", "{0202C30A-6081-4D8C-A8AC-D98447E791AD}"
EndProject
Project("{FAE04EC0-301F-11D3-BF4B-00C04F79EFBC}") = "06_Static", "06_Static\06_Static.csproj", "{65647B48-ED3B-477D-9D40-B1511DB17A04}"
EndProject
Project("{FAE04EC0-301F-11D3-BF4B-00C04F79EFBC}") = "07_Struct", "07_Struct\07_Struct.csproj", "{4280F528-4551-421F-A1CD-F21E44506F8A}"
EndProject
Project("{FAE04EC0-301F-11D3-BF4B-00C04F79EFBC}") = "08_Boxing", "08_Boxing\08_Boxing.csproj", "{FA1B864D-855A-4B15-84F3-E88493660D1B}"
EndProject
Global
	GlobalSection(SolutionConfigurationPlatforms) = preSolution
		Debug|Any CPU = Debug|Any CPU
		Release|Any CPU = Release|Any CPU
	EndGlobalSection
	GlobalSection(ProjectConfigurationPlatforms) = postSolution
		{E352E410-2113-4CC8-BB07-D0A9B8E3538F}.Debug|Any CPU.ActiveCfg = Debug|Any CPU
		{E352E410-2113-4CC8-BB07-D0A9B8E3538F}.Debug|Any CPU.Build.0 = Debug|Any CPU
		{E352E410-2113-4CC8-BB07-D0A9B8E3538F}.Release|Any CPU.ActiveCfg = Release|Any CPU
		{E352E410-2113-4CC8-BB07-D0A9B8E3538F}.Release|Any CPU.Build.0 = Release|Any CPU
		{A9B085C8-5C05-46E6-BCAB-F2852B293A0D}.Debug|Any CPU.ActiveCfg = Debug|Any CPU
		{A9B085C8-5C05-46E6-BCAB-F2852B293A0D}.Debug|Any CPU.Build.0 = Debug|Any CPU
		{A9B085C8-5C05-46E6-BCAB-F2852B293A0D}.Release|Any CPU.ActiveCfg = Release|Any CPU
		{A9B085C8-5C05-46E6-BCAB-F2852B293A0D}.Release|Any CPU.Build.0 = Release|Any CPU
		{30249F2E-ECE2-4F65-A01B-2396DA23F54D}.Debug|Any CPU.ActiveCfg = Debug|Any CPU
		{30249F2E-ECE2-4F65-A01B-2396DA23F54D}.Debug|Any CPU.Build.0 = Debug|Any CPU
		{30249F2E-ECE2-4F65-A01B-2396DA23F54D}.Release|Any CPU.ActiveCfg = Release|Any CPU
		{30249F2E-ECE2-4F65-A01B-2396DA23F54D}.Release|Any CPU.Build.0 = Release|Any CPU
		{941F9949-9BBF-4D9D-99B0-CDA29CB51697}.Debug|Any CPU.ActiveCfg = Debug|Any CPU
		{941F9949-9BBF-4D9D-99B0-CDA29CB51697}.Debug|Any CPU.Build.0 = Debug|Any CPU
		{941F9949-9BBF-4D9D-99B0-CDA29CB51697}.Release|Any CPU.ActiveCfg = Release|Any CPU
		{941F9949-9BBF-4D9D-99B0-CDA29CB51697}.Release|Any CPU.Build.0 = Release|Any CPU
		{0202C30A-6081-4D8C-A8AC-D98447E791AD}.Debug|Any CPU.ActiveCfg = Debug|Any CPU
		{0202C30A-6081-4D8C-A8AC-D98447E791AD}.Debug|Any CPU.Build.0 = Debug|Any CPU
		{0202C30A-6081-4D8C-A8AC-D98447E791AD}.Release|Any CPU.ActiveCfg = Release|Any CPU
		{0202C30A-6081-4D8C-A8AC-D98447E791AD}.Release|Any CPU.Build.0 = Release|Any CPU
		{65647B48-ED3B-477D-9D40-B1511DB17A04}.Debug|Any CPU.ActiveCfg = Debug|Any CPU
		{65647B48-ED3B-477D-9D40-B1511DB17A04}.Debug|Any CPU.Build.0 = Debug|Any CPU
		{65647B48-ED3B-477D-9D40-B1511DB17A04}.Release|Any CPU.ActiveCfg = Release|Any CPU
		{65647B48-ED3B-477D-9D40-B1511DB17A04}.Release|Any CPU.Build.0 = Release|Any CPU
		{4280F528-4551-421F-A1CD-F21E44506F8A}.Debug|Any CPU.ActiveCfg = Debug|Any CPU
		{4280F528-4551-421F-A1CD-F21E44506F8A}.Debug|Any CPU.Build.0 = Debug|Any CPU
		{4280F528-4551-421F-A1CD-F21E44506F8A}.Release|Any CPU.ActiveCfg = Release|Any CPU
		{4280F528-4551-421F-A1CD-F21E44506F8A}.Release|Any CPU.Build.0 = Release|Any CPU
		{FA1B864D-855A-4B15-84F3-E88493660D1B}.Debug|Any CPU.ActiveCfg = Debug|Any CPU
		{FA1B864D-855A-4B15-84F3-E88493660D1B}.Debug|Any CPU.Build.0 = Debug|Any CPU
		{FA1B864D-855A-4B15-84F3-E88493660D1B}.Release|Any CPU.ActiveCfg = Release|Any CPU
		{FA1B864D-855A-4B15-84F3-E88493660D1B}.Release|Any CPU.Build.0 = Release|Any CPU
	EndGlobalSection
	GlobalSection(SolutionProperties) = preSolution
		HideSolutionNode = FALSE
	EndGlobalSection
	GlobalSection(ExtensibilityGlobals) = postSolution
		SolutionGuid = {F73D402B-1E83-4170-B8DE-480CE76E66E7}
	EndGlobalSection
EndGlobal
