
Microsoft Visual Studio Solution File, Format Version 12.00
# Visual Studio Version 17
VisualStudioVersion = 17.7.34018.315
MinimumVisualStudioVersion = 10.0.40219.1
Project("{FAE04EC0-301F-11D3-BF4B-00C04F79EFBC}") = "Patterns", "Patterns\Patterns.csproj", "{73DF7D7F-F0A3-4B25-8E07-A467E2BAE4A0}"
EndProject
Project("{2150E333-8FDC-42A3-9474-1A3956D46DE8}") = "Lesson_1_Introduce", "Lesson_1_Introduce", "{F2BB007A-9D05-4D9A-98CD-A0F6C05D5956}"
EndProject
Project("{FAE04EC0-301F-11D3-BF4B-00C04F79EFBC}") = "ConsoleApp1", "ConsoleApp1\ConsoleApp1.csproj", "{39961C47-00A4-4DAC-9059-5082330E8F94}"
EndProject
Project("{2150E333-8FDC-42A3-9474-1A3956D46DE8}") = "Lesson_2 Design_Patterns", "Lesson_2 Design_Patterns", "{6F58C169-C70B-48DB-805B-E46630E8DE33}"
EndProject
Global
	GlobalSection(SolutionConfigurationPlatforms) = preSolution
		Debug|Any CPU = Debug|Any CPU
		Release|Any CPU = Release|Any CPU
	EndGlobalSection
	GlobalSection(ProjectConfigurationPlatforms) = postSolution
		{73DF7D7F-F0A3-4B25-8E07-A467E2BAE4A0}.Debug|Any CPU.ActiveCfg = Debug|Any CPU
		{73DF7D7F-F0A3-4B25-8E07-A467E2BAE4A0}.Debug|Any CPU.Build.0 = Debug|Any CPU
		{73DF7D7F-F0A3-4B25-8E07-A467E2BAE4A0}.Release|Any CPU.ActiveCfg = Release|Any CPU
		{73DF7D7F-F0A3-4B25-8E07-A467E2BAE4A0}.Release|Any CPU.Build.0 = Release|Any CPU
		{39961C47-00A4-4DAC-9059-5082330E8F94}.Debug|Any CPU.ActiveCfg = Debug|Any CPU
		{39961C47-00A4-4DAC-9059-5082330E8F94}.Debug|Any CPU.Build.0 = Debug|Any CPU
		{39961C47-00A4-4DAC-9059-5082330E8F94}.Release|Any CPU.ActiveCfg = Release|Any CPU
		{39961C47-00A4-4DAC-9059-5082330E8F94}.Release|Any CPU.Build.0 = Release|Any CPU
	EndGlobalSection
	GlobalSection(SolutionProperties) = preSolution
		HideSolutionNode = FALSE
	EndGlobalSection
	GlobalSection(NestedProjects) = preSolution
		{39961C47-00A4-4DAC-9059-5082330E8F94} = {F2BB007A-9D05-4D9A-98CD-A0F6C05D5956}
	EndGlobalSection
	GlobalSection(ExtensibilityGlobals) = postSolution
		SolutionGuid = {EDF974B7-EFFE-469B-BB7A-D710A079900C}
	EndGlobalSection
EndGlobal
