
Microsoft Visual Studio Solution File, Format Version 12.00
# Visual Studio Version 17
VisualStudioVersion = 17.7.34018.315
MinimumVisualStudioVersion = 10.0.40219.1
Project("{FAE04EC0-301F-11D3-BF4B-00C04F79EFBC}") = "Patterns", "Patterns\Patterns.csproj", "{73DF7D7F-F0A3-4B25-8E07-A467E2BAE4A0}"
EndProject
Project("{2150E333-8FDC-42A3-9474-1A3956D46DE8}") = "Lesson_1_Introduce", "Lesson_1_Introduce", "{F2BB007A-9D05-4D9A-98CD-A0F6C05D5956}"
EndProject
Project("{FAE04EC0-301F-11D3-BF4B-00C04F79EFBC}") = "ConsoleApp1", "ConsoleApp1\ConsoleApp1.csproj", "{39961C47-00A4-4DAC-9059-5082330E8F94}"
EndProject
Project("{2150E333-8FDC-42A3-9474-1A3956D46DE8}") = "Lesson_2 Design_Patterns", "Lesson_2 Design_Patterns", "{6F58C169-C70B-48DB-805B-E46630E8DE33}"
EndProject
Project("{2150E333-8FDC-42A3-9474-1A3956D46DE8}") = "Lesson_3_UML", "Lesson_3_UML", "{D10A43AA-5728-4DA6-9930-3DE8BCFAF158}"
EndProject
Project("{FAE04EC0-301F-11D3-BF4B-00C04F79EFBC}") = "UML", "UML\UML.csproj", "{9E4DB718-5E35-400B-B93A-00A8446DB027}"
EndProject
Project("{2150E333-8FDC-42A3-9474-1A3956D46DE8}") = "Lesson_4_Paradigma_OOP", "Lesson_4_Paradigma_OOP", "{89F0F125-0C23-47D1-BA6C-2EF66F22C23C}"
EndProject
Project("{2150E333-8FDC-42A3-9474-1A3956D46DE8}") = "Lesson_5_State_Machine", "Lesson_5_State_Machine", "{5A266D3A-2867-416F-A3C5-AA9A1CF5EBA9}"
EndProject
Project("{2150E333-8FDC-42A3-9474-1A3956D46DE8}") = "Lesson_6_Grammar", "Lesson_6_Grammar", "{E1880849-633D-4F92-B529-42DACC87D370}"
EndProject
Project("{2150E333-8FDC-42A3-9474-1A3956D46DE8}") = "Lesson_7_Abstract_Factory", "Lesson_7_Abstract_Factory", "{03EF295C-0539-461C-8027-AA479607FB69}"
EndProject
Project("{FAE04EC0-301F-11D3-BF4B-00C04F79EFBC}") = "AbstractFactory", "AbstractFactory\AbstractFactory.csproj", "{AC3CCC06-0328-422C-BE56-B768186F1715}"
EndProject
Project("{2150E333-8FDC-42A3-9474-1A3956D46DE8}") = "Новая папка1", "Новая папка1", "{2B0964BE-8057-44E5-AA82-D755E1536EF6}"
EndProject
Project("{2150E333-8FDC-42A3-9474-1A3956D46DE8}") = "Lesson_8_Builder", "Lesson_8_Builder", "{C0B1236D-1FAF-4CEF-8C78-C189D7B8C512}"
EndProject
Project("{FAE04EC0-301F-11D3-BF4B-00C04F79EFBC}") = "Builder", "Builder\Builder.csproj", "{74EEBF49-603B-45EF-BAB4-DFDB2BD9A60B}"
EndProject
Project("{2150E333-8FDC-42A3-9474-1A3956D46DE8}") = "Lesson_9_Factory_Method", "Lesson_9_Factory_Method", "{10F5C993-BE77-4402-9271-556262FD9AA4}"
EndProject
Project("{FAE04EC0-301F-11D3-BF4B-00C04F79EFBC}") = "Factory_Method", "Factory_Method\Factory_Method.csproj", "{813CAC85-4FAB-4463-97C8-A433FB51C28F}"
EndProject
Project("{2150E333-8FDC-42A3-9474-1A3956D46DE8}") = "Lesson_10_Prototype", "Lesson_10_Prototype", "{8952908D-E384-4D30-BCEA-FE41C16056D5}"
EndProject
Project("{FAE04EC0-301F-11D3-BF4B-00C04F79EFBC}") = "Prototypes", "Prototype\Prototypes.csproj", "{3E444D84-832B-4FF1-A096-29D523FB8CAF}"
EndProject
Project("{2150E333-8FDC-42A3-9474-1A3956D46DE8}") = "Lesson_11_Singleton", "Lesson_11_Singleton", "{72B469C3-5799-4D5C-A20E-9E0DFBD17DC3}"
EndProject
Project("{FAE04EC0-301F-11D3-BF4B-00C04F79EFBC}") = "PatternSingleton", "PatternSingleton\PatternSingleton.csproj", "{C4D4C455-4FFE-4E4C-AF9C-94B439E58590}"
EndProject
Project("{2150E333-8FDC-42A3-9474-1A3956D46DE8}") = "Lesson_12_Adapter", "Lesson_12_Adapter", "{0CA99015-734B-47C3-B56C-77870A71F44D}"
EndProject
Project("{FAE04EC0-301F-11D3-BF4B-00C04F79EFBC}") = "PatternAdapter", "PatternAdapter\PatternAdapter.csproj", "{3383665A-B1DB-42FF-BEF3-6808D92377DF}"
EndProject
Project("{2150E333-8FDC-42A3-9474-1A3956D46DE8}") = "Lesson_13_Bridge", "Lesson_13_Bridge", "{82B786B3-2C6D-4104-BC8F-DD358694A479}"
EndProject
Project("{FAE04EC0-301F-11D3-BF4B-00C04F79EFBC}") = "PatternBridge", "PatternBridge\PatternBridge.csproj", "{5315314C-FF42-4D92-BC04-59D9D2FFD8BC}"
EndProject
Project("{2150E333-8FDC-42A3-9474-1A3956D46DE8}") = "Lesson_14_Composite", "Lesson_14_Composite", "{74007EB0-B71A-44DB-9641-8DCE7859BE93}"
EndProject
Project("{FAE04EC0-301F-11D3-BF4B-00C04F79EFBC}") = "PatternComposite", "PatternComposite\PatternComposite.csproj", "{48AC27FD-E56E-4CE3-9294-930BE0CAFBA6}"
EndProject
Project("{2150E333-8FDC-42A3-9474-1A3956D46DE8}") = "Lesson_15_Decorator", "Lesson_15_Decorator", "{E9946C45-6B81-4C3A-906C-3BCDC0A4CD3A}"
EndProject
Project("{FAE04EC0-301F-11D3-BF4B-00C04F79EFBC}") = "PatternDecorator", "PatternDecorator\PatternDecorator.csproj", "{E4B6D3D6-CC0F-4CFB-908D-2FF770CF92B8}"
EndProject
Project("{2150E333-8FDC-42A3-9474-1A3956D46DE8}") = "Lesson_16_Facade", "Lesson_16_Facade", "{3173D2D4-2B86-4D12-9579-898B88435E9C}"
EndProject
Project("{FAE04EC0-301F-11D3-BF4B-00C04F79EFBC}") = "PatternFacade", "PatternFacade\PatternFacade.csproj", "{AFC2A8C7-1872-4014-B4EC-15AF87405E39}"
EndProject
Project("{2150E333-8FDC-42A3-9474-1A3956D46DE8}") = "Lesson_17_Flyweight", "Lesson_17_Flyweight", "{9363CCF5-D93F-48EE-B572-007209CB2ABB}"
EndProject
Project("{FAE04EC0-301F-11D3-BF4B-00C04F79EFBC}") = "PatternFlyweight", "PatternFlyweight\PatternFlyweight.csproj", "{4FBB30E9-8B02-44E0-86F2-1D829D099F07}"
EndProject
Project("{2150E333-8FDC-42A3-9474-1A3956D46DE8}") = "Lesson_18_Proxy", "Lesson_18_Proxy", "{F6E6DD2C-96B4-4516-92C8-E6C9F94FA224}"
EndProject
Project("{FAE04EC0-301F-11D3-BF4B-00C04F79EFBC}") = "PatternProxy", "PatternProxy\PatternProxy.csproj", "{090EEB5C-2713-405A-8AD2-01D594F998BB}"
EndProject
Project("{2150E333-8FDC-42A3-9474-1A3956D46DE8}") = "Lesson_19_Chain_Of_Responsibility", "Lesson_19_Chain_Of_Responsibility", "{85C07F3A-4B3A-4360-BA93-18A3DF34C464}"
EndProject
Project("{FAE04EC0-301F-11D3-BF4B-00C04F79EFBC}") = "ChainOfResponsibility", "ChainOfResponsibility\ChainOfResponsibility.csproj", "{E3B28DB8-FDF8-42FD-B6B2-757F72E4048A}"
EndProject
Project("{2150E333-8FDC-42A3-9474-1A3956D46DE8}") = "Lesson_20_Command", "Lesson_20_Command", "{1D689C46-14C5-43D0-BF01-B7F006A40CA3}"
EndProject
Project("{FAE04EC0-301F-11D3-BF4B-00C04F79EFBC}") = "PatternCommand", "PatternCommand\PatternCommand.csproj", "{FE23C9C2-4AB0-4C3E-81A6-8052D8A18379}"
EndProject
Project("{FAE04EC0-301F-11D3-BF4B-00C04F79EFBC}") = "PourPatternCommand", "PourPatternCommand\PourPatternCommand.csproj", "{114254A2-B16E-4F8A-BD61-CBE90C9DE2AD}"
EndProject
Project("{2150E333-8FDC-42A3-9474-1A3956D46DE8}") = "Lesson_21_Interpreter", "Lesson_21_Interpreter", "{202F5DE3-369C-4835-AB54-8EAD38322EAF}"
EndProject
Project("{FAE04EC0-301F-11D3-BF4B-00C04F79EFBC}") = "PatternInterpreter", "PatternInterpreter\PatternInterpreter.csproj", "{E24A8EAE-E480-4133-9768-728BB2BB55FF}"
EndProject
Global
	GlobalSection(SolutionConfigurationPlatforms) = preSolution
		Debug|Any CPU = Debug|Any CPU
		Release|Any CPU = Release|Any CPU
	EndGlobalSection
	GlobalSection(ProjectConfigurationPlatforms) = postSolution
		{73DF7D7F-F0A3-4B25-8E07-A467E2BAE4A0}.Debug|Any CPU.ActiveCfg = Debug|Any CPU
		{73DF7D7F-F0A3-4B25-8E07-A467E2BAE4A0}.Debug|Any CPU.Build.0 = Debug|Any CPU
		{73DF7D7F-F0A3-4B25-8E07-A467E2BAE4A0}.Release|Any CPU.ActiveCfg = Release|Any CPU
		{73DF7D7F-F0A3-4B25-8E07-A467E2BAE4A0}.Release|Any CPU.Build.0 = Release|Any CPU
		{39961C47-00A4-4DAC-9059-5082330E8F94}.Debug|Any CPU.ActiveCfg = Debug|Any CPU
		{39961C47-00A4-4DAC-9059-5082330E8F94}.Debug|Any CPU.Build.0 = Debug|Any CPU
		{39961C47-00A4-4DAC-9059-5082330E8F94}.Release|Any CPU.ActiveCfg = Release|Any CPU
		{39961C47-00A4-4DAC-9059-5082330E8F94}.Release|Any CPU.Build.0 = Release|Any CPU
		{9E4DB718-5E35-400B-B93A-00A8446DB027}.Debug|Any CPU.ActiveCfg = Debug|Any CPU
		{9E4DB718-5E35-400B-B93A-00A8446DB027}.Debug|Any CPU.Build.0 = Debug|Any CPU
		{9E4DB718-5E35-400B-B93A-00A8446DB027}.Release|Any CPU.ActiveCfg = Release|Any CPU
		{9E4DB718-5E35-400B-B93A-00A8446DB027}.Release|Any CPU.Build.0 = Release|Any CPU
		{AC3CCC06-0328-422C-BE56-B768186F1715}.Debug|Any CPU.ActiveCfg = Debug|Any CPU
		{AC3CCC06-0328-422C-BE56-B768186F1715}.Debug|Any CPU.Build.0 = Debug|Any CPU
		{AC3CCC06-0328-422C-BE56-B768186F1715}.Release|Any CPU.ActiveCfg = Release|Any CPU
		{AC3CCC06-0328-422C-BE56-B768186F1715}.Release|Any CPU.Build.0 = Release|Any CPU
		{74EEBF49-603B-45EF-BAB4-DFDB2BD9A60B}.Debug|Any CPU.ActiveCfg = Debug|Any CPU
		{74EEBF49-603B-45EF-BAB4-DFDB2BD9A60B}.Debug|Any CPU.Build.0 = Debug|Any CPU
		{74EEBF49-603B-45EF-BAB4-DFDB2BD9A60B}.Release|Any CPU.ActiveCfg = Release|Any CPU
		{74EEBF49-603B-45EF-BAB4-DFDB2BD9A60B}.Release|Any CPU.Build.0 = Release|Any CPU
		{813CAC85-4FAB-4463-97C8-A433FB51C28F}.Debug|Any CPU.ActiveCfg = Debug|Any CPU
		{813CAC85-4FAB-4463-97C8-A433FB51C28F}.Debug|Any CPU.Build.0 = Debug|Any CPU
		{813CAC85-4FAB-4463-97C8-A433FB51C28F}.Release|Any CPU.ActiveCfg = Release|Any CPU
		{813CAC85-4FAB-4463-97C8-A433FB51C28F}.Release|Any CPU.Build.0 = Release|Any CPU
		{3E444D84-832B-4FF1-A096-29D523FB8CAF}.Debug|Any CPU.ActiveCfg = Debug|Any CPU
		{3E444D84-832B-4FF1-A096-29D523FB8CAF}.Debug|Any CPU.Build.0 = Debug|Any CPU
		{3E444D84-832B-4FF1-A096-29D523FB8CAF}.Release|Any CPU.ActiveCfg = Release|Any CPU
		{3E444D84-832B-4FF1-A096-29D523FB8CAF}.Release|Any CPU.Build.0 = Release|Any CPU
		{C4D4C455-4FFE-4E4C-AF9C-94B439E58590}.Debug|Any CPU.ActiveCfg = Debug|Any CPU
		{C4D4C455-4FFE-4E4C-AF9C-94B439E58590}.Debug|Any CPU.Build.0 = Debug|Any CPU
		{C4D4C455-4FFE-4E4C-AF9C-94B439E58590}.Release|Any CPU.ActiveCfg = Release|Any CPU
		{C4D4C455-4FFE-4E4C-AF9C-94B439E58590}.Release|Any CPU.Build.0 = Release|Any CPU
		{3383665A-B1DB-42FF-BEF3-6808D92377DF}.Debug|Any CPU.ActiveCfg = Debug|Any CPU
		{3383665A-B1DB-42FF-BEF3-6808D92377DF}.Debug|Any CPU.Build.0 = Debug|Any CPU
		{3383665A-B1DB-42FF-BEF3-6808D92377DF}.Release|Any CPU.ActiveCfg = Release|Any CPU
		{3383665A-B1DB-42FF-BEF3-6808D92377DF}.Release|Any CPU.Build.0 = Release|Any CPU
		{5315314C-FF42-4D92-BC04-59D9D2FFD8BC}.Debug|Any CPU.ActiveCfg = Debug|Any CPU
		{5315314C-FF42-4D92-BC04-59D9D2FFD8BC}.Debug|Any CPU.Build.0 = Debug|Any CPU
		{5315314C-FF42-4D92-BC04-59D9D2FFD8BC}.Release|Any CPU.ActiveCfg = Release|Any CPU
		{5315314C-FF42-4D92-BC04-59D9D2FFD8BC}.Release|Any CPU.Build.0 = Release|Any CPU
		{48AC27FD-E56E-4CE3-9294-930BE0CAFBA6}.Debug|Any CPU.ActiveCfg = Debug|Any CPU
		{48AC27FD-E56E-4CE3-9294-930BE0CAFBA6}.Debug|Any CPU.Build.0 = Debug|Any CPU
		{48AC27FD-E56E-4CE3-9294-930BE0CAFBA6}.Release|Any CPU.ActiveCfg = Release|Any CPU
		{48AC27FD-E56E-4CE3-9294-930BE0CAFBA6}.Release|Any CPU.Build.0 = Release|Any CPU
		{E4B6D3D6-CC0F-4CFB-908D-2FF770CF92B8}.Debug|Any CPU.ActiveCfg = Debug|Any CPU
		{E4B6D3D6-CC0F-4CFB-908D-2FF770CF92B8}.Debug|Any CPU.Build.0 = Debug|Any CPU
		{E4B6D3D6-CC0F-4CFB-908D-2FF770CF92B8}.Release|Any CPU.ActiveCfg = Release|Any CPU
		{E4B6D3D6-CC0F-4CFB-908D-2FF770CF92B8}.Release|Any CPU.Build.0 = Release|Any CPU
		{AFC2A8C7-1872-4014-B4EC-15AF87405E39}.Debug|Any CPU.ActiveCfg = Debug|Any CPU
		{AFC2A8C7-1872-4014-B4EC-15AF87405E39}.Debug|Any CPU.Build.0 = Debug|Any CPU
		{AFC2A8C7-1872-4014-B4EC-15AF87405E39}.Release|Any CPU.ActiveCfg = Release|Any CPU
		{AFC2A8C7-1872-4014-B4EC-15AF87405E39}.Release|Any CPU.Build.0 = Release|Any CPU
		{4FBB30E9-8B02-44E0-86F2-1D829D099F07}.Debug|Any CPU.ActiveCfg = Debug|Any CPU
		{4FBB30E9-8B02-44E0-86F2-1D829D099F07}.Debug|Any CPU.Build.0 = Debug|Any CPU
		{4FBB30E9-8B02-44E0-86F2-1D829D099F07}.Release|Any CPU.ActiveCfg = Release|Any CPU
		{4FBB30E9-8B02-44E0-86F2-1D829D099F07}.Release|Any CPU.Build.0 = Release|Any CPU
		{090EEB5C-2713-405A-8AD2-01D594F998BB}.Debug|Any CPU.ActiveCfg = Debug|Any CPU
		{090EEB5C-2713-405A-8AD2-01D594F998BB}.Debug|Any CPU.Build.0 = Debug|Any CPU
		{090EEB5C-2713-405A-8AD2-01D594F998BB}.Release|Any CPU.ActiveCfg = Release|Any CPU
		{090EEB5C-2713-405A-8AD2-01D594F998BB}.Release|Any CPU.Build.0 = Release|Any CPU
		{E3B28DB8-FDF8-42FD-B6B2-757F72E4048A}.Debug|Any CPU.ActiveCfg = Debug|Any CPU
		{E3B28DB8-FDF8-42FD-B6B2-757F72E4048A}.Debug|Any CPU.Build.0 = Debug|Any CPU
		{E3B28DB8-FDF8-42FD-B6B2-757F72E4048A}.Release|Any CPU.ActiveCfg = Release|Any CPU
		{E3B28DB8-FDF8-42FD-B6B2-757F72E4048A}.Release|Any CPU.Build.0 = Release|Any CPU
		{FE23C9C2-4AB0-4C3E-81A6-8052D8A18379}.Debug|Any CPU.ActiveCfg = Debug|Any CPU
		{FE23C9C2-4AB0-4C3E-81A6-8052D8A18379}.Debug|Any CPU.Build.0 = Debug|Any CPU
		{FE23C9C2-4AB0-4C3E-81A6-8052D8A18379}.Release|Any CPU.ActiveCfg = Release|Any CPU
		{FE23C9C2-4AB0-4C3E-81A6-8052D8A18379}.Release|Any CPU.Build.0 = Release|Any CPU
		{114254A2-B16E-4F8A-BD61-CBE90C9DE2AD}.Debug|Any CPU.ActiveCfg = Debug|Any CPU
		{114254A2-B16E-4F8A-BD61-CBE90C9DE2AD}.Debug|Any CPU.Build.0 = Debug|Any CPU
		{114254A2-B16E-4F8A-BD61-CBE90C9DE2AD}.Release|Any CPU.ActiveCfg = Release|Any CPU
		{114254A2-B16E-4F8A-BD61-CBE90C9DE2AD}.Release|Any CPU.Build.0 = Release|Any CPU
		{E24A8EAE-E480-4133-9768-728BB2BB55FF}.Debug|Any CPU.ActiveCfg = Debug|Any CPU
		{E24A8EAE-E480-4133-9768-728BB2BB55FF}.Debug|Any CPU.Build.0 = Debug|Any CPU
		{E24A8EAE-E480-4133-9768-728BB2BB55FF}.Release|Any CPU.ActiveCfg = Release|Any CPU
		{E24A8EAE-E480-4133-9768-728BB2BB55FF}.Release|Any CPU.Build.0 = Release|Any CPU
	EndGlobalSection
	GlobalSection(SolutionProperties) = preSolution
		HideSolutionNode = FALSE
	EndGlobalSection
	GlobalSection(NestedProjects) = preSolution
		{39961C47-00A4-4DAC-9059-5082330E8F94} = {F2BB007A-9D05-4D9A-98CD-A0F6C05D5956}
		{9E4DB718-5E35-400B-B93A-00A8446DB027} = {D10A43AA-5728-4DA6-9930-3DE8BCFAF158}
		{AC3CCC06-0328-422C-BE56-B768186F1715} = {03EF295C-0539-461C-8027-AA479607FB69}
		{2B0964BE-8057-44E5-AA82-D755E1536EF6} = {03EF295C-0539-461C-8027-AA479607FB69}
		{74EEBF49-603B-45EF-BAB4-DFDB2BD9A60B} = {C0B1236D-1FAF-4CEF-8C78-C189D7B8C512}
		{813CAC85-4FAB-4463-97C8-A433FB51C28F} = {10F5C993-BE77-4402-9271-556262FD9AA4}
		{3E444D84-832B-4FF1-A096-29D523FB8CAF} = {8952908D-E384-4D30-BCEA-FE41C16056D5}
		{C4D4C455-4FFE-4E4C-AF9C-94B439E58590} = {72B469C3-5799-4D5C-A20E-9E0DFBD17DC3}
		{3383665A-B1DB-42FF-BEF3-6808D92377DF} = {0CA99015-734B-47C3-B56C-77870A71F44D}
		{5315314C-FF42-4D92-BC04-59D9D2FFD8BC} = {82B786B3-2C6D-4104-BC8F-DD358694A479}
		{48AC27FD-E56E-4CE3-9294-930BE0CAFBA6} = {74007EB0-B71A-44DB-9641-8DCE7859BE93}
		{E4B6D3D6-CC0F-4CFB-908D-2FF770CF92B8} = {E9946C45-6B81-4C3A-906C-3BCDC0A4CD3A}
		{AFC2A8C7-1872-4014-B4EC-15AF87405E39} = {3173D2D4-2B86-4D12-9579-898B88435E9C}
		{4FBB30E9-8B02-44E0-86F2-1D829D099F07} = {9363CCF5-D93F-48EE-B572-007209CB2ABB}
		{090EEB5C-2713-405A-8AD2-01D594F998BB} = {F6E6DD2C-96B4-4516-92C8-E6C9F94FA224}
		{E3B28DB8-FDF8-42FD-B6B2-757F72E4048A} = {85C07F3A-4B3A-4360-BA93-18A3DF34C464}
		{FE23C9C2-4AB0-4C3E-81A6-8052D8A18379} = {1D689C46-14C5-43D0-BF01-B7F006A40CA3}
		{114254A2-B16E-4F8A-BD61-CBE90C9DE2AD} = {1D689C46-14C5-43D0-BF01-B7F006A40CA3}
		{E24A8EAE-E480-4133-9768-728BB2BB55FF} = {202F5DE3-369C-4835-AB54-8EAD38322EAF}
	EndGlobalSection
	GlobalSection(ExtensibilityGlobals) = postSolution
		SolutionGuid = {EDF974B7-EFFE-469B-BB7A-D710A079900C}
	EndGlobalSection
EndGlobal
